// !$*UTF8*$!
{
	archiveVersion = 1;
	classes = {
	};
	objectVersion = 46;
	objects = {

/* Begin PBXBuildFile section */
		4D116C5C1C066AB50094F584 /* NavigationController.m in Sources */ = {isa = PBXBuildFile; fileRef = 4D116C5B1C066AB50094F584 /* NavigationController.m */; };
		4D1B5B651C26CDA100A5CDF6 /* MyAdditions.m in Sources */ = {isa = PBXBuildFile; fileRef = 4D1B5B641C26CDA100A5CDF6 /* MyAdditions.m */; };
		4D1E3DF71BD2BAE200717185 /* MyMusicDetailViewController.m in Sources */ = {isa = PBXBuildFile; fileRef = 4D1E3DF61BD2BAE200717185 /* MyMusicDetailViewController.m */; };
		4D1EBACD1BC8290000B15A89 /* SettingsDetailViewController.m in Sources */ = {isa = PBXBuildFile; fileRef = 4D1EBACC1BC8290000B15A89 /* SettingsDetailViewController.m */; };
		4D1EBAD01BC9358A00B15A89 /* Settings.m in Sources */ = {isa = PBXBuildFile; fileRef = 4D1EBACF1BC9358A00B15A89 /* Settings.m */; };
		4D2112BA1BD0EEF1001D415D /* DiscoverViewController.m in Sources */ = {isa = PBXBuildFile; fileRef = 4D2112B91BD0EEF1001D415D /* DiscoverViewController.m */; };
		4D32B8DF1BCA7A1D00C42A85 /* HMSegmentedControl.m in Sources */ = {isa = PBXBuildFile; fileRef = 4D32B8DE1BCA7A1D00C42A85 /* HMSegmentedControl.m */; };
		4D32B8E61BCA7CE700C42A85 /* RadioViewController.m in Sources */ = {isa = PBXBuildFile; fileRef = 4D32B8E51BCA7CE700C42A85 /* RadioViewController.m */; };
		4D32E1531BD1AFCE008F9373 /* MyMusicViewController.m in Sources */ = {isa = PBXBuildFile; fileRef = 4D32E1521BD1AFCE008F9373 /* MyMusicViewController.m */; };
		4D33B7BF1BDEEF950085D408 /* NowPlayingViewController.m in Sources */ = {isa = PBXBuildFile; fileRef = 4D33B7BE1BDEEF950085D408 /* NowPlayingViewController.m */; };
		4D5707BD1BFA24810009C14F /* 13.png in Resources */ = {isa = PBXBuildFile; fileRef = 4D5707BC1BFA24810009C14F /* 13.png */; };
		4D5973061C2D931F002EEE3A /* ForYouViewController.m in Sources */ = {isa = PBXBuildFile; fileRef = 4D5973051C2D931F002EEE3A /* ForYouViewController.m */; };
		4D5973091C2D933B002EEE3A /* GenresCollectionViewController.m in Sources */ = {isa = PBXBuildFile; fileRef = 4D5973081C2D933B002EEE3A /* GenresCollectionViewController.m */; };
		4D59730C1C2D934B002EEE3A /* StationsViewController.m in Sources */ = {isa = PBXBuildFile; fileRef = 4D59730B1C2D934B002EEE3A /* StationsViewController.m */; };
		4D59730F1C2D935E002EEE3A /* MoodsViewController.m in Sources */ = {isa = PBXBuildFile; fileRef = 4D59730E1C2D935E002EEE3A /* MoodsViewController.m */; };
		4D5973121C2DA601002EEE3A /* CAPSPageMenu.m in Sources */ = {isa = PBXBuildFile; fileRef = 4D5973111C2DA601002EEE3A /* CAPSPageMenu.m */; };
		4D5973161C2DB321002EEE3A /* ForYouViewController.xib in Resources */ = {isa = PBXBuildFile; fileRef = 4D5973151C2DB321002EEE3A /* ForYouViewController.xib */; };
		4D5973181C2DBAAB002EEE3A /* CollectionView.xib in Resources */ = {isa = PBXBuildFile; fileRef = 4D5973171C2DBAAB002EEE3A /* CollectionView.xib */; };
		4D6023E81BC6E8810053F998 /* SettingsViewController.m in Sources */ = {isa = PBXBuildFile; fileRef = 4D6023E71BC6E8810053F998 /* SettingsViewController.m */; };
		4D7B0CEE1BD49853008D2515 /* blurExample.png in Resources */ = {isa = PBXBuildFile; fileRef = 4D7B0CED1BD49853008D2515 /* blurExample.png */; };
		4D8133FA1BF50C7200FF1E95 /* 12.png in Resources */ = {isa = PBXBuildFile; fileRef = 4D8133F91BF50C7200FF1E95 /* 12.png */; };
		4D8FF9DF1BE7FD1C001490B6 /* CollectionViewCell.m in Sources */ = {isa = PBXBuildFile; fileRef = 4D8FF9DE1BE7FD1C001490B6 /* CollectionViewCell.m */; };
		4D8FF9E11BE80487001490B6 /* headphone4.png in Resources */ = {isa = PBXBuildFile; fileRef = 4D8FF9E01BE80487001490B6 /* headphone4.png */; };
		4DAE47B61BE2533D00D6816F /* MBProgressHUD.m in Sources */ = {isa = PBXBuildFile; fileRef = 4DAE47B41BE2533D00D6816F /* MBProgressHUD.m */; };
		4DAE47BB1BE2B93F00D6816F /* CCColorCube.m in Sources */ = {isa = PBXBuildFile; fileRef = 4DAE47B81BE2B93F00D6816F /* CCColorCube.m */; };
		4DAE47BC1BE2B93F00D6816F /* CCLocalMaximum.m in Sources */ = {isa = PBXBuildFile; fileRef = 4DAE47BA1BE2B93F00D6816F /* CCLocalMaximum.m */; };
		4DAE47BE1BE2D06300D6816F /* blurImage.jpg in Resources */ = {isa = PBXBuildFile; fileRef = 4DAE47BD1BE2D06300D6816F /* blurImage.jpg */; };
		4DAE47C01BE2D1F800D6816F /* blurExample2.png in Resources */ = {isa = PBXBuildFile; fileRef = 4DAE47BF1BE2D1F800D6816F /* blurExample2.png */; };
		4DAE47C21BE2D56D00D6816F /* blurExample4.png in Resources */ = {isa = PBXBuildFile; fileRef = 4DAE47C11BE2D56D00D6816F /* blurExample4.png */; };
		4DAE47C41BE2D57B00D6816F /* blurExample3.png in Resources */ = {isa = PBXBuildFile; fileRef = 4DAE47C31BE2D57B00D6816F /* blurExample3.png */; };
		4DAE47C61BE38A6600D6816F /* blurExample5.png in Resources */ = {isa = PBXBuildFile; fileRef = 4DAE47C51BE38A6600D6816F /* blurExample5.png */; };
		4DAE47C81BE3920400D6816F /* blurExample6.png in Resources */ = {isa = PBXBuildFile; fileRef = 4DAE47C71BE3920400D6816F /* blurExample6.png */; };
		4DAE47CA1BE3920A00D6816F /* blurExample7.png in Resources */ = {isa = PBXBuildFile; fileRef = 4DAE47C91BE3920A00D6816F /* blurExample7.png */; };
		4DB094911BE4F39300ACEC72 /* blurExample8.png in Resources */ = {isa = PBXBuildFile; fileRef = 4DB094901BE4F39300ACEC72 /* blurExample8.png */; };
		4DBDE01C1BADC2BA00CD02CC /* main.m in Sources */ = {isa = PBXBuildFile; fileRef = 4DBDE01B1BADC2BA00CD02CC /* main.m */; };
		4DBDE01F1BADC2BA00CD02CC /* AppDelegate.m in Sources */ = {isa = PBXBuildFile; fileRef = 4DBDE01E1BADC2BA00CD02CC /* AppDelegate.m */; };
		4DBDE0221BADC2BA00CD02CC /* FeedViewController.m in Sources */ = {isa = PBXBuildFile; fileRef = 4DBDE0211BADC2BA00CD02CC /* FeedViewController.m */; };
		4DBDE0281BADC2BA00CD02CC /* Main.storyboard in Resources */ = {isa = PBXBuildFile; fileRef = 4DBDE0261BADC2BA00CD02CC /* Main.storyboard */; };
		4DBDE02A1BADC2BA00CD02CC /* Assets.xcassets in Resources */ = {isa = PBXBuildFile; fileRef = 4DBDE0291BADC2BA00CD02CC /* Assets.xcassets */; };
		4DBDE02D1BADC2BA00CD02CC /* LaunchScreen.storyboard in Resources */ = {isa = PBXBuildFile; fileRef = 4DBDE02B1BADC2BA00CD02CC /* LaunchScreen.storyboard */; };
		4DC5A5A91C0393C900ED018F /* SettingsDetailDetailViewController.m in Sources */ = {isa = PBXBuildFile; fileRef = 4DC5A5A81C0393C900ED018F /* SettingsDetailDetailViewController.m */; };
		4DC5A5AC1C03A43A00ED018F /* ConnectCell.m in Sources */ = {isa = PBXBuildFile; fileRef = 4DC5A5AB1C03A43A00ED018F /* ConnectCell.m */; };
		4DD932FB1C11DD4100F2778A /* DGActivityIndicatorView.m in Sources */ = {isa = PBXBuildFile; fileRef = 4DD932FA1C11DD4100F2778A /* DGActivityIndicatorView.m */; };
		4DD9333E1C11DD6500F2778A /* DGActivityIndicatorBallBeatAnimation.m in Sources */ = {isa = PBXBuildFile; fileRef = 4DD932FF1C11DD6500F2778A /* DGActivityIndicatorBallBeatAnimation.m */; };
		4DD9333F1C11DD6500F2778A /* DGActivityIndicatorBallClipRotateAnimation.m in Sources */ = {isa = PBXBuildFile; fileRef = 4DD933011C11DD6500F2778A /* DGActivityIndicatorBallClipRotateAnimation.m */; };
		4DD933401C11DD6500F2778A /* DGActivityIndicatorBallClipRotateMultipleAnimation.m in Sources */ = {isa = PBXBuildFile; fileRef = 4DD933031C11DD6500F2778A /* DGActivityIndicatorBallClipRotateMultipleAnimation.m */; };
		4DD933411C11DD6500F2778A /* DGActivityIndicatorBallClipRotatePulseAnimation.m in Sources */ = {isa = PBXBuildFile; fileRef = 4DD933051C11DD6500F2778A /* DGActivityIndicatorBallClipRotatePulseAnimation.m */; };
		4DD933421C11DD6500F2778A /* DGActivityIndicatorBallGridBeatAnimation.m in Sources */ = {isa = PBXBuildFile; fileRef = 4DD933071C11DD6500F2778A /* DGActivityIndicatorBallGridBeatAnimation.m */; };
		4DD933431C11DD6500F2778A /* DGActivityIndicatorBallGridPulseAnimation.m in Sources */ = {isa = PBXBuildFile; fileRef = 4DD933091C11DD6500F2778A /* DGActivityIndicatorBallGridPulseAnimation.m */; };
		4DD933441C11DD6500F2778A /* DGActivityIndicatorBallPulseAnimation.m in Sources */ = {isa = PBXBuildFile; fileRef = 4DD9330B1C11DD6500F2778A /* DGActivityIndicatorBallPulseAnimation.m */; };
		4DD933451C11DD6500F2778A /* DGActivityIndicatorBallPulseSyncAnimation.m in Sources */ = {isa = PBXBuildFile; fileRef = 4DD9330D1C11DD6500F2778A /* DGActivityIndicatorBallPulseSyncAnimation.m */; };
		4DD933461C11DD6500F2778A /* DGActivityIndicatorBallRotateAnimation.m in Sources */ = {isa = PBXBuildFile; fileRef = 4DD9330F1C11DD6500F2778A /* DGActivityIndicatorBallRotateAnimation.m */; };
		4DD933471C11DD6500F2778A /* DGActivityIndicatorBallScaleAnimation.m in Sources */ = {isa = PBXBuildFile; fileRef = 4DD933111C11DD6500F2778A /* DGActivityIndicatorBallScaleAnimation.m */; };
		4DD933481C11DD6500F2778A /* DGActivityIndicatorBallScaleMultipleAnimation.m in Sources */ = {isa = PBXBuildFile; fileRef = 4DD933131C11DD6500F2778A /* DGActivityIndicatorBallScaleMultipleAnimation.m */; };
		4DD933491C11DD6500F2778A /* DGActivityIndicatorBallScaleRippleAnimation.m in Sources */ = {isa = PBXBuildFile; fileRef = 4DD933151C11DD6500F2778A /* DGActivityIndicatorBallScaleRippleAnimation.m */; };
		4DD9334A1C11DD6500F2778A /* DGActivityIndicatorBallScaleRippleMultipleAnimation.m in Sources */ = {isa = PBXBuildFile; fileRef = 4DD933171C11DD6500F2778A /* DGActivityIndicatorBallScaleRippleMultipleAnimation.m */; };
		4DD9334B1C11DD6500F2778A /* DGActivityIndicatorBallTrianglePathAnimation.m in Sources */ = {isa = PBXBuildFile; fileRef = 4DD933191C11DD6500F2778A /* DGActivityIndicatorBallTrianglePathAnimation.m */; };
		4DD9334C1C11DD6500F2778A /* DGActivityIndicatorBallZigZagAnimation.m in Sources */ = {isa = PBXBuildFile; fileRef = 4DD9331B1C11DD6500F2778A /* DGActivityIndicatorBallZigZagAnimation.m */; };
		4DD9334D1C11DD6500F2778A /* DGActivityIndicatorBallZigZagDeflectAnimation.m in Sources */ = {isa = PBXBuildFile; fileRef = 4DD9331D1C11DD6500F2778A /* DGActivityIndicatorBallZigZagDeflectAnimation.m */; };
		4DD9334E1C11DD6500F2778A /* DGActivityIndicatorCookieTerminatorAnimation.m in Sources */ = {isa = PBXBuildFile; fileRef = 4DD9331F1C11DD6500F2778A /* DGActivityIndicatorCookieTerminatorAnimation.m */; };
		4DD9334F1C11DD6500F2778A /* DGActivityIndicatorDoubleBounceAnimation.m in Sources */ = {isa = PBXBuildFile; fileRef = 4DD933211C11DD6500F2778A /* DGActivityIndicatorDoubleBounceAnimation.m */; };
		4DD933501C11DD6500F2778A /* DGActivityIndicatorFiveDotsAnimation.m in Sources */ = {isa = PBXBuildFile; fileRef = 4DD933231C11DD6500F2778A /* DGActivityIndicatorFiveDotsAnimation.m */; };
		4DD933511C11DD6500F2778A /* DGActivityIndicatorLineScaleAnimation.m in Sources */ = {isa = PBXBuildFile; fileRef = 4DD933251C11DD6500F2778A /* DGActivityIndicatorLineScaleAnimation.m */; };
		4DD933521C11DD6500F2778A /* DGActivityIndicatorLineScalePartyAnimation.m in Sources */ = {isa = PBXBuildFile; fileRef = 4DD933271C11DD6500F2778A /* DGActivityIndicatorLineScalePartyAnimation.m */; };
		4DD933531C11DD6500F2778A /* DGActivityIndicatorLineScalePulseOutAnimation.m in Sources */ = {isa = PBXBuildFile; fileRef = 4DD933291C11DD6500F2778A /* DGActivityIndicatorLineScalePulseOutAnimation.m */; };
		4DD933541C11DD6500F2778A /* DGActivityIndicatorLineScalePulseOutRapidAnimation.m in Sources */ = {isa = PBXBuildFile; fileRef = 4DD9332B1C11DD6500F2778A /* DGActivityIndicatorLineScalePulseOutRapidAnimation.m */; };
		4DD933551C11DD6500F2778A /* DGActivityIndicatorNineDotsAnimation.m in Sources */ = {isa = PBXBuildFile; fileRef = 4DD9332D1C11DD6500F2778A /* DGActivityIndicatorNineDotsAnimation.m */; };
		4DD933561C11DD6500F2778A /* DGActivityIndicatorRotatingSandglassAnimation.m in Sources */ = {isa = PBXBuildFile; fileRef = 4DD9332F1C11DD6500F2778A /* DGActivityIndicatorRotatingSandglassAnimation.m */; };
		4DD933571C11DD6500F2778A /* DGActivityIndicatorRotatingSquaresAnimation.m in Sources */ = {isa = PBXBuildFile; fileRef = 4DD933311C11DD6500F2778A /* DGActivityIndicatorRotatingSquaresAnimation.m */; };
		4DD933581C11DD6500F2778A /* DGActivityIndicatorRotatingTrigonAnimation.m in Sources */ = {isa = PBXBuildFile; fileRef = 4DD933331C11DD6500F2778A /* DGActivityIndicatorRotatingTrigonAnimation.m */; };
		4DD933591C11DD6500F2778A /* DGActivityIndicatorThreeDotsAnimation.m in Sources */ = {isa = PBXBuildFile; fileRef = 4DD933351C11DD6500F2778A /* DGActivityIndicatorThreeDotsAnimation.m */; };
		4DD9335A1C11DD6500F2778A /* DGActivityIndicatorTriangleSkewSpinAnimation.m in Sources */ = {isa = PBXBuildFile; fileRef = 4DD933371C11DD6500F2778A /* DGActivityIndicatorTriangleSkewSpinAnimation.m */; };
		4DD9335B1C11DD6500F2778A /* DGActivityIndicatorTriplePulseAnimation.m in Sources */ = {isa = PBXBuildFile; fileRef = 4DD933391C11DD6500F2778A /* DGActivityIndicatorTriplePulseAnimation.m */; };
		4DD9335C1C11DD6500F2778A /* DGActivityIndicatorTripleRingsAnimation.m in Sources */ = {isa = PBXBuildFile; fileRef = 4DD9333B1C11DD6500F2778A /* DGActivityIndicatorTripleRingsAnimation.m */; };
		4DD9335D1C11DD6500F2778A /* DGActivityIndicatorTwoDotsAnimation.m in Sources */ = {isa = PBXBuildFile; fileRef = 4DD9333D1C11DD6500F2778A /* DGActivityIndicatorTwoDotsAnimation.m */; };
		4DDCC3E21C0E4B92003CA4AD /* SearchBar.m in Sources */ = {isa = PBXBuildFile; fileRef = 4DDCC3E11C0E4B92003CA4AD /* SearchBar.m */; };
		4DE1050D1BE0041400C51EDD /* blurExample1.png in Resources */ = {isa = PBXBuildFile; fileRef = 4DE1050C1BE0041400C51EDD /* blurExample1.png */; };
		4DEF818B1BE8D59100911581 /* More Than-15.png in Resources */ = {isa = PBXBuildFile; fileRef = 4DEF818A1BE8D59100911581 /* More Than-15.png */; };
		4DEF818D1BE8D77F00911581 /* More Than-40.png in Resources */ = {isa = PBXBuildFile; fileRef = 4DEF818C1BE8D77F00911581 /* More Than-40.png */; };
		4DEF818F1BE8D7A300911581 /* More Than-25.png in Resources */ = {isa = PBXBuildFile; fileRef = 4DEF818E1BE8D7A300911581 /* More Than-25.png */; };
		4DF2B4141C09E7CC0033FA58 /* BugReportViewController.m in Sources */ = {isa = PBXBuildFile; fileRef = 4DF2B4131C09E7CC0033FA58 /* BugReportViewController.m */; };
		4DF2B41B1C09F8A30033FA58 /* KMPlaceholderTextView.swift in Sources */ = {isa = PBXBuildFile; fileRef = 4DF2B41A1C09F8A30033FA58 /* KMPlaceholderTextView.swift */; };
		4DF2B41E1C0A66980033FA58 /* TEngine.m in Sources */ = {isa = PBXBuildFile; fileRef = 4DF2B41D1C0A66980033FA58 /* TEngine.m */; };
		4DF4A13B1C2F073E0094B917 /* GenresCollectionViewController.xib in Resources */ = {isa = PBXBuildFile; fileRef = 4DF4A13A1C2F073E0094B917 /* GenresCollectionViewController.xib */; };
		4DF4A13D1C2F5BF40094B917 /* StationsViewController.xib in Resources */ = {isa = PBXBuildFile; fileRef = 4DF4A13C1C2F5BF40094B917 /* StationsViewController.xib */; };
		4DFDD04E1C261239000060A5 /* ConnectAlertController.m in Sources */ = {isa = PBXBuildFile; fileRef = 4DFDD04D1C261239000060A5 /* ConnectAlertController.m */; };
/* End PBXBuildFile section */

/* Begin PBXContainerItemProxy section */
		4DBDE0341BADC2BA00CD02CC /* PBXContainerItemProxy */ = {
			isa = PBXContainerItemProxy;
			containerPortal = 4DBDE00F1BADC2B900CD02CC /* Project object */;
			proxyType = 1;
			remoteGlobalIDString = 4DBDE0161BADC2BA00CD02CC;
			remoteInfo = Tomahawk;
		};
		4DBDE03F1BADC2BA00CD02CC /* PBXContainerItemProxy */ = {
			isa = PBXContainerItemProxy;
			containerPortal = 4DBDE00F1BADC2B900CD02CC /* Project object */;
			proxyType = 1;
			remoteGlobalIDString = 4DBDE0161BADC2BA00CD02CC;
			remoteInfo = Tomahawk;
		};
/* End PBXContainerItemProxy section */

/* Begin PBXFileReference section */
		4D116C591C066AB50094F584 /* SettingsDetailViewController.h */ = {isa = PBXFileReference; fileEncoding = 4; lastKnownFileType = sourcecode.c.h; name = SettingsDetailViewController.h; path = Tomahawk/SettingsDetailViewController.h; sourceTree = "<group>"; };
		4D116C5A1C066AB50094F584 /* NavigationController.h */ = {isa = PBXFileReference; fileEncoding = 4; lastKnownFileType = sourcecode.c.h; name = NavigationController.h; path = Tomahawk/NavigationController.h; sourceTree = "<group>"; };
		4D116C5B1C066AB50094F584 /* NavigationController.m */ = {isa = PBXFileReference; fileEncoding = 4; lastKnownFileType = sourcecode.c.objc; name = NavigationController.m; path = Tomahawk/NavigationController.m; sourceTree = "<group>"; };
		4D1B5B631C26CDA100A5CDF6 /* MyAdditions.h */ = {isa = PBXFileReference; fileEncoding = 4; lastKnownFileType = sourcecode.c.h; name = MyAdditions.h; path = Tomahawk/MyAdditions.h; sourceTree = "<group>"; };
		4D1B5B641C26CDA100A5CDF6 /* MyAdditions.m */ = {isa = PBXFileReference; fileEncoding = 4; lastKnownFileType = sourcecode.c.objc; name = MyAdditions.m; path = Tomahawk/MyAdditions.m; sourceTree = "<group>"; };
		4D1E3DF51BD2BAE200717185 /* MyMusicDetailViewController.h */ = {isa = PBXFileReference; fileEncoding = 4; lastKnownFileType = sourcecode.c.h; name = MyMusicDetailViewController.h; path = Tomahawk/MyMusicDetailViewController.h; sourceTree = "<group>"; };
		4D1E3DF61BD2BAE200717185 /* MyMusicDetailViewController.m */ = {isa = PBXFileReference; fileEncoding = 4; lastKnownFileType = sourcecode.c.objc; name = MyMusicDetailViewController.m; path = Tomahawk/MyMusicDetailViewController.m; sourceTree = "<group>"; };
		4D1EBACC1BC8290000B15A89 /* SettingsDetailViewController.m */ = {isa = PBXFileReference; fileEncoding = 4; lastKnownFileType = sourcecode.c.objc; name = SettingsDetailViewController.m; path = Tomahawk/SettingsDetailViewController.m; sourceTree = "<group>"; };
		4D1EBACE1BC9358A00B15A89 /* Settings.h */ = {isa = PBXFileReference; fileEncoding = 4; lastKnownFileType = sourcecode.c.h; name = Settings.h; path = Tomahawk/Settings.h; sourceTree = "<group>"; };
		4D1EBACF1BC9358A00B15A89 /* Settings.m */ = {isa = PBXFileReference; fileEncoding = 4; lastKnownFileType = sourcecode.c.objc; name = Settings.m; path = Tomahawk/Settings.m; sourceTree = "<group>"; };
		4D2112B81BD0EEF1001D415D /* DiscoverViewController.h */ = {isa = PBXFileReference; fileEncoding = 4; lastKnownFileType = sourcecode.c.h; name = DiscoverViewController.h; path = Tomahawk/DiscoverViewController.h; sourceTree = "<group>"; };
		4D2112B91BD0EEF1001D415D /* DiscoverViewController.m */ = {isa = PBXFileReference; fileEncoding = 4; lastKnownFileType = sourcecode.c.objc; name = DiscoverViewController.m; path = Tomahawk/DiscoverViewController.m; sourceTree = "<group>"; };
		4D32B8DD1BCA7A1D00C42A85 /* HMSegmentedControl.h */ = {isa = PBXFileReference; fileEncoding = 4; lastKnownFileType = sourcecode.c.h; name = HMSegmentedControl.h; path = Tomahawk/HMSegmentedControl.h; sourceTree = "<group>"; };
		4D32B8DE1BCA7A1D00C42A85 /* HMSegmentedControl.m */ = {isa = PBXFileReference; fileEncoding = 4; lastKnownFileType = sourcecode.c.objc; name = HMSegmentedControl.m; path = Tomahawk/HMSegmentedControl.m; sourceTree = "<group>"; };
		4D32B8E41BCA7CE700C42A85 /* RadioViewController.h */ = {isa = PBXFileReference; fileEncoding = 4; lastKnownFileType = sourcecode.c.h; name = RadioViewController.h; path = Tomahawk/RadioViewController.h; sourceTree = "<group>"; };
		4D32B8E51BCA7CE700C42A85 /* RadioViewController.m */ = {isa = PBXFileReference; fileEncoding = 4; lastKnownFileType = sourcecode.c.objc; name = RadioViewController.m; path = Tomahawk/RadioViewController.m; sourceTree = "<group>"; };
		4D32E1511BD1AFCE008F9373 /* MyMusicViewController.h */ = {isa = PBXFileReference; fileEncoding = 4; lastKnownFileType = sourcecode.c.h; name = MyMusicViewController.h; path = Tomahawk/MyMusicViewController.h; sourceTree = "<group>"; };
		4D32E1521BD1AFCE008F9373 /* MyMusicViewController.m */ = {isa = PBXFileReference; fileEncoding = 4; lastKnownFileType = sourcecode.c.objc; name = MyMusicViewController.m; path = Tomahawk/MyMusicViewController.m; sourceTree = "<group>"; };
		4D33B7BD1BDEEF950085D408 /* NowPlayingViewController.h */ = {isa = PBXFileReference; fileEncoding = 4; lastKnownFileType = sourcecode.c.h; name = NowPlayingViewController.h; path = Tomahawk/NowPlayingViewController.h; sourceTree = "<group>"; };
		4D33B7BE1BDEEF950085D408 /* NowPlayingViewController.m */ = {isa = PBXFileReference; fileEncoding = 4; lastKnownFileType = sourcecode.c.objc; name = NowPlayingViewController.m; path = Tomahawk/NowPlayingViewController.m; sourceTree = "<group>"; };
		4D5707BC1BFA24810009C14F /* 13.png */ = {isa = PBXFileReference; lastKnownFileType = image.png; path = 13.png; sourceTree = "<group>"; };
		4D5973041C2D931F002EEE3A /* ForYouViewController.h */ = {isa = PBXFileReference; fileEncoding = 4; lastKnownFileType = sourcecode.c.h; name = ForYouViewController.h; path = Tomahawk/ForYouViewController.h; sourceTree = "<group>"; };
		4D5973051C2D931F002EEE3A /* ForYouViewController.m */ = {isa = PBXFileReference; fileEncoding = 4; lastKnownFileType = sourcecode.c.objc; name = ForYouViewController.m; path = Tomahawk/ForYouViewController.m; sourceTree = "<group>"; };
		4D5973071C2D933B002EEE3A /* GenresCollectionViewController.h */ = {isa = PBXFileReference; fileEncoding = 4; lastKnownFileType = sourcecode.c.h; name = GenresCollectionViewController.h; path = Tomahawk/GenresCollectionViewController.h; sourceTree = "<group>"; };
		4D5973081C2D933B002EEE3A /* GenresCollectionViewController.m */ = {isa = PBXFileReference; fileEncoding = 4; lastKnownFileType = sourcecode.c.objc; name = GenresCollectionViewController.m; path = Tomahawk/GenresCollectionViewController.m; sourceTree = "<group>"; };
		4D59730A1C2D934B002EEE3A /* StationsViewController.h */ = {isa = PBXFileReference; fileEncoding = 4; lastKnownFileType = sourcecode.c.h; name = StationsViewController.h; path = Tomahawk/StationsViewController.h; sourceTree = "<group>"; };
		4D59730B1C2D934B002EEE3A /* StationsViewController.m */ = {isa = PBXFileReference; fileEncoding = 4; lastKnownFileType = sourcecode.c.objc; name = StationsViewController.m; path = Tomahawk/StationsViewController.m; sourceTree = "<group>"; };
		4D59730D1C2D935E002EEE3A /* MoodsViewController.h */ = {isa = PBXFileReference; fileEncoding = 4; lastKnownFileType = sourcecode.c.h; name = MoodsViewController.h; path = Tomahawk/MoodsViewController.h; sourceTree = "<group>"; };
		4D59730E1C2D935E002EEE3A /* MoodsViewController.m */ = {isa = PBXFileReference; fileEncoding = 4; lastKnownFileType = sourcecode.c.objc; name = MoodsViewController.m; path = Tomahawk/MoodsViewController.m; sourceTree = "<group>"; };
		4D5973101C2DA601002EEE3A /* CAPSPageMenu.h */ = {isa = PBXFileReference; fileEncoding = 4; lastKnownFileType = sourcecode.c.h; name = CAPSPageMenu.h; path = Tomahawk/CAPSPageMenu.h; sourceTree = "<group>"; };
		4D5973111C2DA601002EEE3A /* CAPSPageMenu.m */ = {isa = PBXFileReference; fileEncoding = 4; lastKnownFileType = sourcecode.c.objc; name = CAPSPageMenu.m; path = Tomahawk/CAPSPageMenu.m; sourceTree = "<group>"; };
		4D5973151C2DB321002EEE3A /* ForYouViewController.xib */ = {isa = PBXFileReference; fileEncoding = 4; lastKnownFileType = file.xib; path = ForYouViewController.xib; sourceTree = "<group>"; };
		4D5973171C2DBAAB002EEE3A /* CollectionView.xib */ = {isa = PBXFileReference; fileEncoding = 4; lastKnownFileType = file.xib; path = CollectionView.xib; sourceTree = "<group>"; };
		4D6023E61BC6E8810053F998 /* SettingsViewController.h */ = {isa = PBXFileReference; fileEncoding = 4; lastKnownFileType = sourcecode.c.h; name = SettingsViewController.h; path = Tomahawk/SettingsViewController.h; sourceTree = "<group>"; };
		4D6023E71BC6E8810053F998 /* SettingsViewController.m */ = {isa = PBXFileReference; fileEncoding = 4; lastKnownFileType = sourcecode.c.objc; name = SettingsViewController.m; path = Tomahawk/SettingsViewController.m; sourceTree = "<group>"; };
		4D7B0CED1BD49853008D2515 /* blurExample.png */ = {isa = PBXFileReference; lastKnownFileType = image.png; path = blurExample.png; sourceTree = "<group>"; };
		4D8133F91BF50C7200FF1E95 /* 12.png */ = {isa = PBXFileReference; lastKnownFileType = image.png; path = 12.png; sourceTree = "<group>"; };
		4D8FF9DD1BE7FD1C001490B6 /* CollectionViewCell.h */ = {isa = PBXFileReference; fileEncoding = 4; lastKnownFileType = sourcecode.c.h; name = CollectionViewCell.h; path = Tomahawk/CollectionViewCell.h; sourceTree = "<group>"; };
		4D8FF9DE1BE7FD1C001490B6 /* CollectionViewCell.m */ = {isa = PBXFileReference; fileEncoding = 4; lastKnownFileType = sourcecode.c.objc; name = CollectionViewCell.m; path = Tomahawk/CollectionViewCell.m; sourceTree = "<group>"; };
		4D8FF9E01BE80487001490B6 /* headphone4.png */ = {isa = PBXFileReference; lastKnownFileType = image.png; path = headphone4.png; sourceTree = "<group>"; };
		4DAE47B41BE2533D00D6816F /* MBProgressHUD.m */ = {isa = PBXFileReference; fileEncoding = 4; lastKnownFileType = sourcecode.c.objc; name = MBProgressHUD.m; path = Tomahawk/MBProgressHUD.m; sourceTree = "<group>"; };
		4DAE47B51BE2533D00D6816F /* MBProgressHUD.h */ = {isa = PBXFileReference; fileEncoding = 4; lastKnownFileType = sourcecode.c.h; name = MBProgressHUD.h; path = Tomahawk/MBProgressHUD.h; sourceTree = "<group>"; };
		4DAE47B71BE2B93F00D6816F /* CCColorCube.h */ = {isa = PBXFileReference; fileEncoding = 4; lastKnownFileType = sourcecode.c.h; name = CCColorCube.h; path = Tomahawk/CCColorCube.h; sourceTree = "<group>"; };
		4DAE47B81BE2B93F00D6816F /* CCColorCube.m */ = {isa = PBXFileReference; fileEncoding = 4; lastKnownFileType = sourcecode.c.objc; name = CCColorCube.m; path = Tomahawk/CCColorCube.m; sourceTree = "<group>"; };
		4DAE47B91BE2B93F00D6816F /* CCLocalMaximum.h */ = {isa = PBXFileReference; fileEncoding = 4; lastKnownFileType = sourcecode.c.h; name = CCLocalMaximum.h; path = Tomahawk/CCLocalMaximum.h; sourceTree = "<group>"; };
		4DAE47BA1BE2B93F00D6816F /* CCLocalMaximum.m */ = {isa = PBXFileReference; fileEncoding = 4; lastKnownFileType = sourcecode.c.objc; name = CCLocalMaximum.m; path = Tomahawk/CCLocalMaximum.m; sourceTree = "<group>"; };
		4DAE47BD1BE2D06300D6816F /* blurImage.jpg */ = {isa = PBXFileReference; lastKnownFileType = image.jpeg; path = blurImage.jpg; sourceTree = "<group>"; };
		4DAE47BF1BE2D1F800D6816F /* blurExample2.png */ = {isa = PBXFileReference; lastKnownFileType = image.png; path = blurExample2.png; sourceTree = "<group>"; };
		4DAE47C11BE2D56D00D6816F /* blurExample4.png */ = {isa = PBXFileReference; lastKnownFileType = image.png; path = blurExample4.png; sourceTree = "<group>"; };
		4DAE47C31BE2D57B00D6816F /* blurExample3.png */ = {isa = PBXFileReference; lastKnownFileType = image.png; path = blurExample3.png; sourceTree = "<group>"; };
		4DAE47C51BE38A6600D6816F /* blurExample5.png */ = {isa = PBXFileReference; lastKnownFileType = image.png; path = blurExample5.png; sourceTree = "<group>"; };
		4DAE47C71BE3920400D6816F /* blurExample6.png */ = {isa = PBXFileReference; lastKnownFileType = image.png; path = blurExample6.png; sourceTree = "<group>"; };
		4DAE47C91BE3920A00D6816F /* blurExample7.png */ = {isa = PBXFileReference; lastKnownFileType = image.png; path = blurExample7.png; sourceTree = "<group>"; };
		4DB094901BE4F39300ACEC72 /* blurExample8.png */ = {isa = PBXFileReference; lastKnownFileType = image.png; path = blurExample8.png; sourceTree = "<group>"; };
		4DBC780A1C105D7900E5F712 /* dispatch_cancelable_block.h */ = {isa = PBXFileReference; lastKnownFileType = sourcecode.c.h; path = dispatch_cancelable_block.h; sourceTree = "<group>"; };
		4DBDE0171BADC2BA00CD02CC /* Tomahawk.app */ = {isa = PBXFileReference; explicitFileType = wrapper.application; includeInIndex = 0; path = Tomahawk.app; sourceTree = BUILT_PRODUCTS_DIR; };
		4DBDE01B1BADC2BA00CD02CC /* main.m */ = {isa = PBXFileReference; lastKnownFileType = sourcecode.c.objc; path = main.m; sourceTree = "<group>"; };
		4DBDE01D1BADC2BA00CD02CC /* AppDelegate.h */ = {isa = PBXFileReference; lastKnownFileType = sourcecode.c.h; name = AppDelegate.h; path = Tomahawk/AppDelegate.h; sourceTree = "<group>"; };
		4DBDE01E1BADC2BA00CD02CC /* AppDelegate.m */ = {isa = PBXFileReference; lastKnownFileType = sourcecode.c.objc; name = AppDelegate.m; path = Tomahawk/AppDelegate.m; sourceTree = "<group>"; };
		4DBDE0201BADC2BA00CD02CC /* FeedViewController.h */ = {isa = PBXFileReference; lastKnownFileType = sourcecode.c.h; name = FeedViewController.h; path = Tomahawk/FeedViewController.h; sourceTree = "<group>"; };
		4DBDE0211BADC2BA00CD02CC /* FeedViewController.m */ = {isa = PBXFileReference; lastKnownFileType = sourcecode.c.objc; name = FeedViewController.m; path = Tomahawk/FeedViewController.m; sourceTree = "<group>"; };
		4DBDE0271BADC2BA00CD02CC /* Base */ = {isa = PBXFileReference; lastKnownFileType = file.storyboard; name = Base; path = Base.lproj/Main.storyboard; sourceTree = "<group>"; };
		4DBDE0291BADC2BA00CD02CC /* Assets.xcassets */ = {isa = PBXFileReference; lastKnownFileType = folder.assetcatalog; path = Assets.xcassets; sourceTree = "<group>"; };
		4DBDE02C1BADC2BA00CD02CC /* Base */ = {isa = PBXFileReference; lastKnownFileType = file.storyboard; name = Base; path = Base.lproj/LaunchScreen.storyboard; sourceTree = "<group>"; };
		4DBDE02E1BADC2BA00CD02CC /* Info.plist */ = {isa = PBXFileReference; lastKnownFileType = text.plist.xml; path = Info.plist; sourceTree = "<group>"; };
		4DBDE0331BADC2BA00CD02CC /* TomahawkTests.xctest */ = {isa = PBXFileReference; explicitFileType = wrapper.cfbundle; includeInIndex = 0; path = TomahawkTests.xctest; sourceTree = BUILT_PRODUCTS_DIR; };
		4DBDE03E1BADC2BA00CD02CC /* TomahawkUITests.xctest */ = {isa = PBXFileReference; explicitFileType = wrapper.cfbundle; includeInIndex = 0; path = TomahawkUITests.xctest; sourceTree = BUILT_PRODUCTS_DIR; };
		4DC5A5A71C0393C900ED018F /* SettingsDetailDetailViewController.h */ = {isa = PBXFileReference; fileEncoding = 4; lastKnownFileType = sourcecode.c.h; name = SettingsDetailDetailViewController.h; path = Tomahawk/SettingsDetailDetailViewController.h; sourceTree = "<group>"; };
		4DC5A5A81C0393C900ED018F /* SettingsDetailDetailViewController.m */ = {isa = PBXFileReference; fileEncoding = 4; lastKnownFileType = sourcecode.c.objc; name = SettingsDetailDetailViewController.m; path = Tomahawk/SettingsDetailDetailViewController.m; sourceTree = "<group>"; };
		4DC5A5AA1C03A43A00ED018F /* ConnectCell.h */ = {isa = PBXFileReference; fileEncoding = 4; lastKnownFileType = sourcecode.c.h; name = ConnectCell.h; path = Tomahawk/ConnectCell.h; sourceTree = "<group>"; };
		4DC5A5AB1C03A43A00ED018F /* ConnectCell.m */ = {isa = PBXFileReference; fileEncoding = 4; lastKnownFileType = sourcecode.c.objc; name = ConnectCell.m; path = Tomahawk/ConnectCell.m; sourceTree = "<group>"; };
		4DD932F81C11DD4100F2778A /* DGActivityIndicatorAnimationProtocol.h */ = {isa = PBXFileReference; fileEncoding = 4; lastKnownFileType = sourcecode.c.h; name = DGActivityIndicatorAnimationProtocol.h; path = Tomahawk/DGActivityIndicatorView/DGActivityIndicatorAnimationProtocol.h; sourceTree = "<group>"; };
		4DD932F91C11DD4100F2778A /* DGActivityIndicatorView.h */ = {isa = PBXFileReference; fileEncoding = 4; lastKnownFileType = sourcecode.c.h; name = DGActivityIndicatorView.h; path = Tomahawk/DGActivityIndicatorView/DGActivityIndicatorView.h; sourceTree = "<group>"; };
		4DD932FA1C11DD4100F2778A /* DGActivityIndicatorView.m */ = {isa = PBXFileReference; fileEncoding = 4; lastKnownFileType = sourcecode.c.objc; name = DGActivityIndicatorView.m; path = Tomahawk/DGActivityIndicatorView/DGActivityIndicatorView.m; sourceTree = "<group>"; };
		4DD932FE1C11DD6500F2778A /* DGActivityIndicatorBallBeatAnimation.h */ = {isa = PBXFileReference; fileEncoding = 4; lastKnownFileType = sourcecode.c.h; name = DGActivityIndicatorBallBeatAnimation.h; path = Tomahawk/DGActivityIndicatorView/Animations/DGActivityIndicatorBallBeatAnimation.h; sourceTree = "<group>"; };
		4DD932FF1C11DD6500F2778A /* DGActivityIndicatorBallBeatAnimation.m */ = {isa = PBXFileReference; fileEncoding = 4; lastKnownFileType = sourcecode.c.objc; name = DGActivityIndicatorBallBeatAnimation.m; path = Tomahawk/DGActivityIndicatorView/Animations/DGActivityIndicatorBallBeatAnimation.m; sourceTree = "<group>"; };
		4DD933001C11DD6500F2778A /* DGActivityIndicatorBallClipRotateAnimation.h */ = {isa = PBXFileReference; fileEncoding = 4; lastKnownFileType = sourcecode.c.h; name = DGActivityIndicatorBallClipRotateAnimation.h; path = Tomahawk/DGActivityIndicatorView/Animations/DGActivityIndicatorBallClipRotateAnimation.h; sourceTree = "<group>"; };
		4DD933011C11DD6500F2778A /* DGActivityIndicatorBallClipRotateAnimation.m */ = {isa = PBXFileReference; fileEncoding = 4; lastKnownFileType = sourcecode.c.objc; name = DGActivityIndicatorBallClipRotateAnimation.m; path = Tomahawk/DGActivityIndicatorView/Animations/DGActivityIndicatorBallClipRotateAnimation.m; sourceTree = "<group>"; };
		4DD933021C11DD6500F2778A /* DGActivityIndicatorBallClipRotateMultipleAnimation.h */ = {isa = PBXFileReference; fileEncoding = 4; lastKnownFileType = sourcecode.c.h; name = DGActivityIndicatorBallClipRotateMultipleAnimation.h; path = Tomahawk/DGActivityIndicatorView/Animations/DGActivityIndicatorBallClipRotateMultipleAnimation.h; sourceTree = "<group>"; };
		4DD933031C11DD6500F2778A /* DGActivityIndicatorBallClipRotateMultipleAnimation.m */ = {isa = PBXFileReference; fileEncoding = 4; lastKnownFileType = sourcecode.c.objc; name = DGActivityIndicatorBallClipRotateMultipleAnimation.m; path = Tomahawk/DGActivityIndicatorView/Animations/DGActivityIndicatorBallClipRotateMultipleAnimation.m; sourceTree = "<group>"; };
		4DD933041C11DD6500F2778A /* DGActivityIndicatorBallClipRotatePulseAnimation.h */ = {isa = PBXFileReference; fileEncoding = 4; lastKnownFileType = sourcecode.c.h; name = DGActivityIndicatorBallClipRotatePulseAnimation.h; path = Tomahawk/DGActivityIndicatorView/Animations/DGActivityIndicatorBallClipRotatePulseAnimation.h; sourceTree = "<group>"; };
		4DD933051C11DD6500F2778A /* DGActivityIndicatorBallClipRotatePulseAnimation.m */ = {isa = PBXFileReference; fileEncoding = 4; lastKnownFileType = sourcecode.c.objc; name = DGActivityIndicatorBallClipRotatePulseAnimation.m; path = Tomahawk/DGActivityIndicatorView/Animations/DGActivityIndicatorBallClipRotatePulseAnimation.m; sourceTree = "<group>"; };
		4DD933061C11DD6500F2778A /* DGActivityIndicatorBallGridBeatAnimation.h */ = {isa = PBXFileReference; fileEncoding = 4; lastKnownFileType = sourcecode.c.h; name = DGActivityIndicatorBallGridBeatAnimation.h; path = Tomahawk/DGActivityIndicatorView/Animations/DGActivityIndicatorBallGridBeatAnimation.h; sourceTree = "<group>"; };
		4DD933071C11DD6500F2778A /* DGActivityIndicatorBallGridBeatAnimation.m */ = {isa = PBXFileReference; fileEncoding = 4; lastKnownFileType = sourcecode.c.objc; name = DGActivityIndicatorBallGridBeatAnimation.m; path = Tomahawk/DGActivityIndicatorView/Animations/DGActivityIndicatorBallGridBeatAnimation.m; sourceTree = "<group>"; };
		4DD933081C11DD6500F2778A /* DGActivityIndicatorBallGridPulseAnimation.h */ = {isa = PBXFileReference; fileEncoding = 4; lastKnownFileType = sourcecode.c.h; name = DGActivityIndicatorBallGridPulseAnimation.h; path = Tomahawk/DGActivityIndicatorView/Animations/DGActivityIndicatorBallGridPulseAnimation.h; sourceTree = "<group>"; };
		4DD933091C11DD6500F2778A /* DGActivityIndicatorBallGridPulseAnimation.m */ = {isa = PBXFileReference; fileEncoding = 4; lastKnownFileType = sourcecode.c.objc; name = DGActivityIndicatorBallGridPulseAnimation.m; path = Tomahawk/DGActivityIndicatorView/Animations/DGActivityIndicatorBallGridPulseAnimation.m; sourceTree = "<group>"; };
		4DD9330A1C11DD6500F2778A /* DGActivityIndicatorBallPulseAnimation.h */ = {isa = PBXFileReference; fileEncoding = 4; lastKnownFileType = sourcecode.c.h; name = DGActivityIndicatorBallPulseAnimation.h; path = Tomahawk/DGActivityIndicatorView/Animations/DGActivityIndicatorBallPulseAnimation.h; sourceTree = "<group>"; };
		4DD9330B1C11DD6500F2778A /* DGActivityIndicatorBallPulseAnimation.m */ = {isa = PBXFileReference; fileEncoding = 4; lastKnownFileType = sourcecode.c.objc; name = DGActivityIndicatorBallPulseAnimation.m; path = Tomahawk/DGActivityIndicatorView/Animations/DGActivityIndicatorBallPulseAnimation.m; sourceTree = "<group>"; };
		4DD9330C1C11DD6500F2778A /* DGActivityIndicatorBallPulseSyncAnimation.h */ = {isa = PBXFileReference; fileEncoding = 4; lastKnownFileType = sourcecode.c.h; name = DGActivityIndicatorBallPulseSyncAnimation.h; path = Tomahawk/DGActivityIndicatorView/Animations/DGActivityIndicatorBallPulseSyncAnimation.h; sourceTree = "<group>"; };
		4DD9330D1C11DD6500F2778A /* DGActivityIndicatorBallPulseSyncAnimation.m */ = {isa = PBXFileReference; fileEncoding = 4; lastKnownFileType = sourcecode.c.objc; name = DGActivityIndicatorBallPulseSyncAnimation.m; path = Tomahawk/DGActivityIndicatorView/Animations/DGActivityIndicatorBallPulseSyncAnimation.m; sourceTree = "<group>"; };
		4DD9330E1C11DD6500F2778A /* DGActivityIndicatorBallRotateAnimation.h */ = {isa = PBXFileReference; fileEncoding = 4; lastKnownFileType = sourcecode.c.h; name = DGActivityIndicatorBallRotateAnimation.h; path = Tomahawk/DGActivityIndicatorView/Animations/DGActivityIndicatorBallRotateAnimation.h; sourceTree = "<group>"; };
		4DD9330F1C11DD6500F2778A /* DGActivityIndicatorBallRotateAnimation.m */ = {isa = PBXFileReference; fileEncoding = 4; lastKnownFileType = sourcecode.c.objc; name = DGActivityIndicatorBallRotateAnimation.m; path = Tomahawk/DGActivityIndicatorView/Animations/DGActivityIndicatorBallRotateAnimation.m; sourceTree = "<group>"; };
		4DD933101C11DD6500F2778A /* DGActivityIndicatorBallScaleAnimation.h */ = {isa = PBXFileReference; fileEncoding = 4; lastKnownFileType = sourcecode.c.h; name = DGActivityIndicatorBallScaleAnimation.h; path = Tomahawk/DGActivityIndicatorView/Animations/DGActivityIndicatorBallScaleAnimation.h; sourceTree = "<group>"; };
		4DD933111C11DD6500F2778A /* DGActivityIndicatorBallScaleAnimation.m */ = {isa = PBXFileReference; fileEncoding = 4; lastKnownFileType = sourcecode.c.objc; name = DGActivityIndicatorBallScaleAnimation.m; path = Tomahawk/DGActivityIndicatorView/Animations/DGActivityIndicatorBallScaleAnimation.m; sourceTree = "<group>"; };
		4DD933121C11DD6500F2778A /* DGActivityIndicatorBallScaleMultipleAnimation.h */ = {isa = PBXFileReference; fileEncoding = 4; lastKnownFileType = sourcecode.c.h; name = DGActivityIndicatorBallScaleMultipleAnimation.h; path = Tomahawk/DGActivityIndicatorView/Animations/DGActivityIndicatorBallScaleMultipleAnimation.h; sourceTree = "<group>"; };
		4DD933131C11DD6500F2778A /* DGActivityIndicatorBallScaleMultipleAnimation.m */ = {isa = PBXFileReference; fileEncoding = 4; lastKnownFileType = sourcecode.c.objc; name = DGActivityIndicatorBallScaleMultipleAnimation.m; path = Tomahawk/DGActivityIndicatorView/Animations/DGActivityIndicatorBallScaleMultipleAnimation.m; sourceTree = "<group>"; };
		4DD933141C11DD6500F2778A /* DGActivityIndicatorBallScaleRippleAnimation.h */ = {isa = PBXFileReference; fileEncoding = 4; lastKnownFileType = sourcecode.c.h; name = DGActivityIndicatorBallScaleRippleAnimation.h; path = Tomahawk/DGActivityIndicatorView/Animations/DGActivityIndicatorBallScaleRippleAnimation.h; sourceTree = "<group>"; };
		4DD933151C11DD6500F2778A /* DGActivityIndicatorBallScaleRippleAnimation.m */ = {isa = PBXFileReference; fileEncoding = 4; lastKnownFileType = sourcecode.c.objc; name = DGActivityIndicatorBallScaleRippleAnimation.m; path = Tomahawk/DGActivityIndicatorView/Animations/DGActivityIndicatorBallScaleRippleAnimation.m; sourceTree = "<group>"; };
		4DD933161C11DD6500F2778A /* DGActivityIndicatorBallScaleRippleMultipleAnimation.h */ = {isa = PBXFileReference; fileEncoding = 4; lastKnownFileType = sourcecode.c.h; name = DGActivityIndicatorBallScaleRippleMultipleAnimation.h; path = Tomahawk/DGActivityIndicatorView/Animations/DGActivityIndicatorBallScaleRippleMultipleAnimation.h; sourceTree = "<group>"; };
		4DD933171C11DD6500F2778A /* DGActivityIndicatorBallScaleRippleMultipleAnimation.m */ = {isa = PBXFileReference; fileEncoding = 4; lastKnownFileType = sourcecode.c.objc; name = DGActivityIndicatorBallScaleRippleMultipleAnimation.m; path = Tomahawk/DGActivityIndicatorView/Animations/DGActivityIndicatorBallScaleRippleMultipleAnimation.m; sourceTree = "<group>"; };
		4DD933181C11DD6500F2778A /* DGActivityIndicatorBallTrianglePathAnimation.h */ = {isa = PBXFileReference; fileEncoding = 4; lastKnownFileType = sourcecode.c.h; name = DGActivityIndicatorBallTrianglePathAnimation.h; path = Tomahawk/DGActivityIndicatorView/Animations/DGActivityIndicatorBallTrianglePathAnimation.h; sourceTree = "<group>"; };
		4DD933191C11DD6500F2778A /* DGActivityIndicatorBallTrianglePathAnimation.m */ = {isa = PBXFileReference; fileEncoding = 4; lastKnownFileType = sourcecode.c.objc; name = DGActivityIndicatorBallTrianglePathAnimation.m; path = Tomahawk/DGActivityIndicatorView/Animations/DGActivityIndicatorBallTrianglePathAnimation.m; sourceTree = "<group>"; };
		4DD9331A1C11DD6500F2778A /* DGActivityIndicatorBallZigZagAnimation.h */ = {isa = PBXFileReference; fileEncoding = 4; lastKnownFileType = sourcecode.c.h; name = DGActivityIndicatorBallZigZagAnimation.h; path = Tomahawk/DGActivityIndicatorView/Animations/DGActivityIndicatorBallZigZagAnimation.h; sourceTree = "<group>"; };
		4DD9331B1C11DD6500F2778A /* DGActivityIndicatorBallZigZagAnimation.m */ = {isa = PBXFileReference; fileEncoding = 4; lastKnownFileType = sourcecode.c.objc; name = DGActivityIndicatorBallZigZagAnimation.m; path = Tomahawk/DGActivityIndicatorView/Animations/DGActivityIndicatorBallZigZagAnimation.m; sourceTree = "<group>"; };
		4DD9331C1C11DD6500F2778A /* DGActivityIndicatorBallZigZagDeflectAnimation.h */ = {isa = PBXFileReference; fileEncoding = 4; lastKnownFileType = sourcecode.c.h; name = DGActivityIndicatorBallZigZagDeflectAnimation.h; path = Tomahawk/DGActivityIndicatorView/Animations/DGActivityIndicatorBallZigZagDeflectAnimation.h; sourceTree = "<group>"; };
		4DD9331D1C11DD6500F2778A /* DGActivityIndicatorBallZigZagDeflectAnimation.m */ = {isa = PBXFileReference; fileEncoding = 4; lastKnownFileType = sourcecode.c.objc; name = DGActivityIndicatorBallZigZagDeflectAnimation.m; path = Tomahawk/DGActivityIndicatorView/Animations/DGActivityIndicatorBallZigZagDeflectAnimation.m; sourceTree = "<group>"; };
		4DD9331E1C11DD6500F2778A /* DGActivityIndicatorCookieTerminatorAnimation.h */ = {isa = PBXFileReference; fileEncoding = 4; lastKnownFileType = sourcecode.c.h; name = DGActivityIndicatorCookieTerminatorAnimation.h; path = Tomahawk/DGActivityIndicatorView/Animations/DGActivityIndicatorCookieTerminatorAnimation.h; sourceTree = "<group>"; };
		4DD9331F1C11DD6500F2778A /* DGActivityIndicatorCookieTerminatorAnimation.m */ = {isa = PBXFileReference; fileEncoding = 4; lastKnownFileType = sourcecode.c.objc; name = DGActivityIndicatorCookieTerminatorAnimation.m; path = Tomahawk/DGActivityIndicatorView/Animations/DGActivityIndicatorCookieTerminatorAnimation.m; sourceTree = "<group>"; };
		4DD933201C11DD6500F2778A /* DGActivityIndicatorDoubleBounceAnimation.h */ = {isa = PBXFileReference; fileEncoding = 4; lastKnownFileType = sourcecode.c.h; name = DGActivityIndicatorDoubleBounceAnimation.h; path = Tomahawk/DGActivityIndicatorView/Animations/DGActivityIndicatorDoubleBounceAnimation.h; sourceTree = "<group>"; };
		4DD933211C11DD6500F2778A /* DGActivityIndicatorDoubleBounceAnimation.m */ = {isa = PBXFileReference; fileEncoding = 4; lastKnownFileType = sourcecode.c.objc; name = DGActivityIndicatorDoubleBounceAnimation.m; path = Tomahawk/DGActivityIndicatorView/Animations/DGActivityIndicatorDoubleBounceAnimation.m; sourceTree = "<group>"; };
		4DD933221C11DD6500F2778A /* DGActivityIndicatorFiveDotsAnimation.h */ = {isa = PBXFileReference; fileEncoding = 4; lastKnownFileType = sourcecode.c.h; name = DGActivityIndicatorFiveDotsAnimation.h; path = Tomahawk/DGActivityIndicatorView/Animations/DGActivityIndicatorFiveDotsAnimation.h; sourceTree = "<group>"; };
		4DD933231C11DD6500F2778A /* DGActivityIndicatorFiveDotsAnimation.m */ = {isa = PBXFileReference; fileEncoding = 4; lastKnownFileType = sourcecode.c.objc; name = DGActivityIndicatorFiveDotsAnimation.m; path = Tomahawk/DGActivityIndicatorView/Animations/DGActivityIndicatorFiveDotsAnimation.m; sourceTree = "<group>"; };
		4DD933241C11DD6500F2778A /* DGActivityIndicatorLineScaleAnimation.h */ = {isa = PBXFileReference; fileEncoding = 4; lastKnownFileType = sourcecode.c.h; name = DGActivityIndicatorLineScaleAnimation.h; path = Tomahawk/DGActivityIndicatorView/Animations/DGActivityIndicatorLineScaleAnimation.h; sourceTree = "<group>"; };
		4DD933251C11DD6500F2778A /* DGActivityIndicatorLineScaleAnimation.m */ = {isa = PBXFileReference; fileEncoding = 4; lastKnownFileType = sourcecode.c.objc; name = DGActivityIndicatorLineScaleAnimation.m; path = Tomahawk/DGActivityIndicatorView/Animations/DGActivityIndicatorLineScaleAnimation.m; sourceTree = "<group>"; };
		4DD933261C11DD6500F2778A /* DGActivityIndicatorLineScalePartyAnimation.h */ = {isa = PBXFileReference; fileEncoding = 4; lastKnownFileType = sourcecode.c.h; name = DGActivityIndicatorLineScalePartyAnimation.h; path = Tomahawk/DGActivityIndicatorView/Animations/DGActivityIndicatorLineScalePartyAnimation.h; sourceTree = "<group>"; };
		4DD933271C11DD6500F2778A /* DGActivityIndicatorLineScalePartyAnimation.m */ = {isa = PBXFileReference; fileEncoding = 4; lastKnownFileType = sourcecode.c.objc; name = DGActivityIndicatorLineScalePartyAnimation.m; path = Tomahawk/DGActivityIndicatorView/Animations/DGActivityIndicatorLineScalePartyAnimation.m; sourceTree = "<group>"; };
		4DD933281C11DD6500F2778A /* DGActivityIndicatorLineScalePulseOutAnimation.h */ = {isa = PBXFileReference; fileEncoding = 4; lastKnownFileType = sourcecode.c.h; name = DGActivityIndicatorLineScalePulseOutAnimation.h; path = Tomahawk/DGActivityIndicatorView/Animations/DGActivityIndicatorLineScalePulseOutAnimation.h; sourceTree = "<group>"; };
		4DD933291C11DD6500F2778A /* DGActivityIndicatorLineScalePulseOutAnimation.m */ = {isa = PBXFileReference; fileEncoding = 4; lastKnownFileType = sourcecode.c.objc; name = DGActivityIndicatorLineScalePulseOutAnimation.m; path = Tomahawk/DGActivityIndicatorView/Animations/DGActivityIndicatorLineScalePulseOutAnimation.m; sourceTree = "<group>"; };
		4DD9332A1C11DD6500F2778A /* DGActivityIndicatorLineScalePulseOutRapidAnimation.h */ = {isa = PBXFileReference; fileEncoding = 4; lastKnownFileType = sourcecode.c.h; name = DGActivityIndicatorLineScalePulseOutRapidAnimation.h; path = Tomahawk/DGActivityIndicatorView/Animations/DGActivityIndicatorLineScalePulseOutRapidAnimation.h; sourceTree = "<group>"; };
		4DD9332B1C11DD6500F2778A /* DGActivityIndicatorLineScalePulseOutRapidAnimation.m */ = {isa = PBXFileReference; fileEncoding = 4; lastKnownFileType = sourcecode.c.objc; name = DGActivityIndicatorLineScalePulseOutRapidAnimation.m; path = Tomahawk/DGActivityIndicatorView/Animations/DGActivityIndicatorLineScalePulseOutRapidAnimation.m; sourceTree = "<group>"; };
		4DD9332C1C11DD6500F2778A /* DGActivityIndicatorNineDotsAnimation.h */ = {isa = PBXFileReference; fileEncoding = 4; lastKnownFileType = sourcecode.c.h; name = DGActivityIndicatorNineDotsAnimation.h; path = Tomahawk/DGActivityIndicatorView/Animations/DGActivityIndicatorNineDotsAnimation.h; sourceTree = "<group>"; };
		4DD9332D1C11DD6500F2778A /* DGActivityIndicatorNineDotsAnimation.m */ = {isa = PBXFileReference; fileEncoding = 4; lastKnownFileType = sourcecode.c.objc; name = DGActivityIndicatorNineDotsAnimation.m; path = Tomahawk/DGActivityIndicatorView/Animations/DGActivityIndicatorNineDotsAnimation.m; sourceTree = "<group>"; };
		4DD9332E1C11DD6500F2778A /* DGActivityIndicatorRotatingSandglassAnimation.h */ = {isa = PBXFileReference; fileEncoding = 4; lastKnownFileType = sourcecode.c.h; name = DGActivityIndicatorRotatingSandglassAnimation.h; path = Tomahawk/DGActivityIndicatorView/Animations/DGActivityIndicatorRotatingSandglassAnimation.h; sourceTree = "<group>"; };
		4DD9332F1C11DD6500F2778A /* DGActivityIndicatorRotatingSandglassAnimation.m */ = {isa = PBXFileReference; fileEncoding = 4; lastKnownFileType = sourcecode.c.objc; name = DGActivityIndicatorRotatingSandglassAnimation.m; path = Tomahawk/DGActivityIndicatorView/Animations/DGActivityIndicatorRotatingSandglassAnimation.m; sourceTree = "<group>"; };
		4DD933301C11DD6500F2778A /* DGActivityIndicatorRotatingSquaresAnimation.h */ = {isa = PBXFileReference; fileEncoding = 4; lastKnownFileType = sourcecode.c.h; name = DGActivityIndicatorRotatingSquaresAnimation.h; path = Tomahawk/DGActivityIndicatorView/Animations/DGActivityIndicatorRotatingSquaresAnimation.h; sourceTree = "<group>"; };
		4DD933311C11DD6500F2778A /* DGActivityIndicatorRotatingSquaresAnimation.m */ = {isa = PBXFileReference; fileEncoding = 4; lastKnownFileType = sourcecode.c.objc; name = DGActivityIndicatorRotatingSquaresAnimation.m; path = Tomahawk/DGActivityIndicatorView/Animations/DGActivityIndicatorRotatingSquaresAnimation.m; sourceTree = "<group>"; };
		4DD933321C11DD6500F2778A /* DGActivityIndicatorRotatingTrigonAnimation.h */ = {isa = PBXFileReference; fileEncoding = 4; lastKnownFileType = sourcecode.c.h; name = DGActivityIndicatorRotatingTrigonAnimation.h; path = Tomahawk/DGActivityIndicatorView/Animations/DGActivityIndicatorRotatingTrigonAnimation.h; sourceTree = "<group>"; };
		4DD933331C11DD6500F2778A /* DGActivityIndicatorRotatingTrigonAnimation.m */ = {isa = PBXFileReference; fileEncoding = 4; lastKnownFileType = sourcecode.c.objc; name = DGActivityIndicatorRotatingTrigonAnimation.m; path = Tomahawk/DGActivityIndicatorView/Animations/DGActivityIndicatorRotatingTrigonAnimation.m; sourceTree = "<group>"; };
		4DD933341C11DD6500F2778A /* DGActivityIndicatorThreeDotsAnimation.h */ = {isa = PBXFileReference; fileEncoding = 4; lastKnownFileType = sourcecode.c.h; name = DGActivityIndicatorThreeDotsAnimation.h; path = Tomahawk/DGActivityIndicatorView/Animations/DGActivityIndicatorThreeDotsAnimation.h; sourceTree = "<group>"; };
		4DD933351C11DD6500F2778A /* DGActivityIndicatorThreeDotsAnimation.m */ = {isa = PBXFileReference; fileEncoding = 4; lastKnownFileType = sourcecode.c.objc; name = DGActivityIndicatorThreeDotsAnimation.m; path = Tomahawk/DGActivityIndicatorView/Animations/DGActivityIndicatorThreeDotsAnimation.m; sourceTree = "<group>"; };
		4DD933361C11DD6500F2778A /* DGActivityIndicatorTriangleSkewSpinAnimation.h */ = {isa = PBXFileReference; fileEncoding = 4; lastKnownFileType = sourcecode.c.h; name = DGActivityIndicatorTriangleSkewSpinAnimation.h; path = Tomahawk/DGActivityIndicatorView/Animations/DGActivityIndicatorTriangleSkewSpinAnimation.h; sourceTree = "<group>"; };
		4DD933371C11DD6500F2778A /* DGActivityIndicatorTriangleSkewSpinAnimation.m */ = {isa = PBXFileReference; fileEncoding = 4; lastKnownFileType = sourcecode.c.objc; name = DGActivityIndicatorTriangleSkewSpinAnimation.m; path = Tomahawk/DGActivityIndicatorView/Animations/DGActivityIndicatorTriangleSkewSpinAnimation.m; sourceTree = "<group>"; };
		4DD933381C11DD6500F2778A /* DGActivityIndicatorTriplePulseAnimation.h */ = {isa = PBXFileReference; fileEncoding = 4; lastKnownFileType = sourcecode.c.h; name = DGActivityIndicatorTriplePulseAnimation.h; path = Tomahawk/DGActivityIndicatorView/Animations/DGActivityIndicatorTriplePulseAnimation.h; sourceTree = "<group>"; };
		4DD933391C11DD6500F2778A /* DGActivityIndicatorTriplePulseAnimation.m */ = {isa = PBXFileReference; fileEncoding = 4; lastKnownFileType = sourcecode.c.objc; name = DGActivityIndicatorTriplePulseAnimation.m; path = Tomahawk/DGActivityIndicatorView/Animations/DGActivityIndicatorTriplePulseAnimation.m; sourceTree = "<group>"; };
		4DD9333A1C11DD6500F2778A /* DGActivityIndicatorTripleRingsAnimation.h */ = {isa = PBXFileReference; fileEncoding = 4; lastKnownFileType = sourcecode.c.h; name = DGActivityIndicatorTripleRingsAnimation.h; path = Tomahawk/DGActivityIndicatorView/Animations/DGActivityIndicatorTripleRingsAnimation.h; sourceTree = "<group>"; };
		4DD9333B1C11DD6500F2778A /* DGActivityIndicatorTripleRingsAnimation.m */ = {isa = PBXFileReference; fileEncoding = 4; lastKnownFileType = sourcecode.c.objc; name = DGActivityIndicatorTripleRingsAnimation.m; path = Tomahawk/DGActivityIndicatorView/Animations/DGActivityIndicatorTripleRingsAnimation.m; sourceTree = "<group>"; };
		4DD9333C1C11DD6500F2778A /* DGActivityIndicatorTwoDotsAnimation.h */ = {isa = PBXFileReference; fileEncoding = 4; lastKnownFileType = sourcecode.c.h; name = DGActivityIndicatorTwoDotsAnimation.h; path = Tomahawk/DGActivityIndicatorView/Animations/DGActivityIndicatorTwoDotsAnimation.h; sourceTree = "<group>"; };
		4DD9333D1C11DD6500F2778A /* DGActivityIndicatorTwoDotsAnimation.m */ = {isa = PBXFileReference; fileEncoding = 4; lastKnownFileType = sourcecode.c.objc; name = DGActivityIndicatorTwoDotsAnimation.m; path = Tomahawk/DGActivityIndicatorView/Animations/DGActivityIndicatorTwoDotsAnimation.m; sourceTree = "<group>"; };
		4DDCC3E01C0E4B92003CA4AD /* SearchBar.h */ = {isa = PBXFileReference; fileEncoding = 4; lastKnownFileType = sourcecode.c.h; name = SearchBar.h; path = Tomahawk/SearchBar.h; sourceTree = "<group>"; };
		4DDCC3E11C0E4B92003CA4AD /* SearchBar.m */ = {isa = PBXFileReference; fileEncoding = 4; lastKnownFileType = sourcecode.c.objc; name = SearchBar.m; path = Tomahawk/SearchBar.m; sourceTree = "<group>"; };
		4DE1050C1BE0041400C51EDD /* blurExample1.png */ = {isa = PBXFileReference; lastKnownFileType = image.png; path = blurExample1.png; sourceTree = "<group>"; };
		4DEF818A1BE8D59100911581 /* More Than-15.png */ = {isa = PBXFileReference; lastKnownFileType = image.png; path = "More Than-15.png"; sourceTree = "<group>"; };
		4DEF818C1BE8D77F00911581 /* More Than-40.png */ = {isa = PBXFileReference; lastKnownFileType = image.png; path = "More Than-40.png"; sourceTree = "<group>"; };
		4DEF818E1BE8D7A300911581 /* More Than-25.png */ = {isa = PBXFileReference; lastKnownFileType = image.png; path = "More Than-25.png"; sourceTree = "<group>"; };
		4DF2B4121C09E7CC0033FA58 /* BugReportViewController.h */ = {isa = PBXFileReference; fileEncoding = 4; lastKnownFileType = sourcecode.c.h; name = BugReportViewController.h; path = Tomahawk/BugReportViewController.h; sourceTree = "<group>"; };
		4DF2B4131C09E7CC0033FA58 /* BugReportViewController.m */ = {isa = PBXFileReference; fileEncoding = 4; lastKnownFileType = sourcecode.c.objc; name = BugReportViewController.m; path = Tomahawk/BugReportViewController.m; sourceTree = "<group>"; };
		4DF2B4181C09F8A20033FA58 /* Tomahawk-Bridging-Header.h */ = {isa = PBXFileReference; lastKnownFileType = sourcecode.c.h; path = "Tomahawk-Bridging-Header.h"; sourceTree = "<group>"; };
		4DF2B4191C09F8A30033FA58 /* KMPlaceholderTextView.h */ = {isa = PBXFileReference; fileEncoding = 4; lastKnownFileType = sourcecode.c.h; name = KMPlaceholderTextView.h; path = Tomahawk/KMPlaceholderTextView.h; sourceTree = "<group>"; };
		4DF2B41A1C09F8A30033FA58 /* KMPlaceholderTextView.swift */ = {isa = PBXFileReference; fileEncoding = 4; lastKnownFileType = sourcecode.swift; name = KMPlaceholderTextView.swift; path = Tomahawk/KMPlaceholderTextView.swift; sourceTree = "<group>"; };
		4DF2B41D1C0A66980033FA58 /* TEngine.m */ = {isa = PBXFileReference; fileEncoding = 4; lastKnownFileType = sourcecode.c.objc; path = TEngine.m; sourceTree = "<group>"; };
		4DF2B45B1C0A69210033FA58 /* TEngine.h */ = {isa = PBXFileReference; fileEncoding = 4; lastKnownFileType = sourcecode.c.h; path = TEngine.h; sourceTree = "<group>"; };
		4DF4A13A1C2F073E0094B917 /* GenresCollectionViewController.xib */ = {isa = PBXFileReference; fileEncoding = 4; lastKnownFileType = file.xib; path = GenresCollectionViewController.xib; sourceTree = "<group>"; };
		4DF4A13C1C2F5BF40094B917 /* StationsViewController.xib */ = {isa = PBXFileReference; fileEncoding = 4; lastKnownFileType = file.xib; path = StationsViewController.xib; sourceTree = "<group>"; };
		4DFDD04C1C261239000060A5 /* ConnectAlertController.h */ = {isa = PBXFileReference; fileEncoding = 4; lastKnownFileType = sourcecode.c.h; name = ConnectAlertController.h; path = Tomahawk/ConnectAlertController.h; sourceTree = "<group>"; };
		4DFDD04D1C261239000060A5 /* ConnectAlertController.m */ = {isa = PBXFileReference; fileEncoding = 4; lastKnownFileType = sourcecode.c.objc; name = ConnectAlertController.m; path = Tomahawk/ConnectAlertController.m; sourceTree = "<group>"; };
/* End PBXFileReference section */

/* Begin PBXFrameworksBuildPhase section */
		4DBDE0141BADC2BA00CD02CC /* Frameworks */ = {
			isa = PBXFrameworksBuildPhase;
			buildActionMask = 2147483647;
			files = (
			);
			runOnlyForDeploymentPostprocessing = 0;
		};
		4DBDE0301BADC2BA00CD02CC /* Frameworks */ = {
			isa = PBXFrameworksBuildPhase;
			buildActionMask = 2147483647;
			files = (
			);
			runOnlyForDeploymentPostprocessing = 0;
		};
		4DBDE03B1BADC2BA00CD02CC /* Frameworks */ = {
			isa = PBXFrameworksBuildPhase;
			buildActionMask = 2147483647;
			files = (
			);
			runOnlyForDeploymentPostprocessing = 0;
		};
/* End PBXFrameworksBuildPhase section */

/* Begin PBXGroup section */
		4D1304E21C00FB68007B7259 /* Custom Navigation Controller */ = {
			isa = PBXGroup;
			children = (
				4D116C5A1C066AB50094F584 /* NavigationController.h */,
				4D116C5B1C066AB50094F584 /* NavigationController.m */,
			);
			name = "Custom Navigation Controller";
			sourceTree = "<group>";
		};
		4D3277851C0B433C00F296B8 /* JSON */ = {
			isa = PBXGroup;
			children = (
			);
			name = JSON;
			sourceTree = "<group>";
		};
		4D32B8E01BCA7A2A00C42A85 /* CustomSegmentedControl */ = {
			isa = PBXGroup;
			children = (
				4D32B8DD1BCA7A1D00C42A85 /* HMSegmentedControl.h */,
				4D32B8DE1BCA7A1D00C42A85 /* HMSegmentedControl.m */,
			);
			name = CustomSegmentedControl;
			sourceTree = "<group>";
		};
		4D33B7C31BDFD8230085D408 /* CustomActivityIndicator */ = {
			isa = PBXGroup;
			children = (
				4DAE47B41BE2533D00D6816F /* MBProgressHUD.m */,
				4DAE47B51BE2533D00D6816F /* MBProgressHUD.h */,
			);
			name = CustomActivityIndicator;
			sourceTree = "<group>";
		};
		4D5972BB1C2C6E90002EEE3A /* CustomAlertController */ = {
			isa = PBXGroup;
			children = (
				4DFDD04C1C261239000060A5 /* ConnectAlertController.h */,
				4DFDD04D1C261239000060A5 /* ConnectAlertController.m */,
			);
			name = CustomAlertController;
			sourceTree = "<group>";
		};
		4DA4B4CC1BFA7EBB0042DEE0 /* ColorExtractor */ = {
			isa = PBXGroup;
			children = (
				4DAE47B71BE2B93F00D6816F /* CCColorCube.h */,
				4DAE47B81BE2B93F00D6816F /* CCColorCube.m */,
				4DAE47B91BE2B93F00D6816F /* CCLocalMaximum.h */,
				4DAE47BA1BE2B93F00D6816F /* CCLocalMaximum.m */,
			);
			name = ColorExtractor;
			sourceTree = "<group>";
		};
		4DA4B4CD1BFA7EDB0042DEE0 /* ViewControllers */ = {
			isa = PBXGroup;
			children = (
				4DBDE0201BADC2BA00CD02CC /* FeedViewController.h */,
				4DBDE0211BADC2BA00CD02CC /* FeedViewController.m */,
				4D32E1511BD1AFCE008F9373 /* MyMusicViewController.h */,
				4D32E1521BD1AFCE008F9373 /* MyMusicViewController.m */,
				4D1E3DF51BD2BAE200717185 /* MyMusicDetailViewController.h */,
				4D1E3DF61BD2BAE200717185 /* MyMusicDetailViewController.m */,
				4DF4A1391C2EE9930094B917 /* Radio View Controllers */,
				4D2112B81BD0EEF1001D415D /* DiscoverViewController.h */,
				4D2112B91BD0EEF1001D415D /* DiscoverViewController.m */,
				4D6023E61BC6E8810053F998 /* SettingsViewController.h */,
				4D6023E71BC6E8810053F998 /* SettingsViewController.m */,
				4D116C591C066AB50094F584 /* SettingsDetailViewController.h */,
				4D1EBACC1BC8290000B15A89 /* SettingsDetailViewController.m */,
				4DC5A5A71C0393C900ED018F /* SettingsDetailDetailViewController.h */,
				4DC5A5A81C0393C900ED018F /* SettingsDetailDetailViewController.m */,
				4DF2B4121C09E7CC0033FA58 /* BugReportViewController.h */,
				4DF2B4131C09E7CC0033FA58 /* BugReportViewController.m */,
				4D33B7BD1BDEEF950085D408 /* NowPlayingViewController.h */,
				4D33B7BE1BDEEF950085D408 /* NowPlayingViewController.m */,
			);
			name = ViewControllers;
			sourceTree = "<group>";
		};
		4DA4B4CE1BFA7EFE0042DEE0 /* UI */ = {
			isa = PBXGroup;
			children = (
				4DBDE0261BADC2BA00CD02CC /* Main.storyboard */,
				4DDCC3E31C0E4FDE003CA4AD /* Custom Search Bar */,
				4D1304E21C00FB68007B7259 /* Custom Navigation Controller */,
				4DC5A5AD1C05102100ED018F /* TableViewCells */,
				4DA4B4D21BFA82680042DEE0 /* CollectionViewCells */,
				4D33B7C31BDFD8230085D408 /* CustomActivityIndicator */,
				4D5972BB1C2C6E90002EEE3A /* CustomAlertController */,
				4D32B8E01BCA7A2A00C42A85 /* CustomSegmentedControl */,
				4DA4B4CD1BFA7EDB0042DEE0 /* ViewControllers */,
			);
			name = UI;
			path = ..;
			sourceTree = "<group>";
		};
		4DA4B4CF1BFA817A0042DEE0 /* Startup */ = {
			isa = PBXGroup;
			children = (
				4DBDE02B1BADC2BA00CD02CC /* LaunchScreen.storyboard */,
				4DBDE01D1BADC2BA00CD02CC /* AppDelegate.h */,
				4DBDE01E1BADC2BA00CD02CC /* AppDelegate.m */,
			);
			name = Startup;
			path = ..;
			sourceTree = "<group>";
		};
		4DA4B4D01BFA82240042DEE0 /* Resources */ = {
			isa = PBXGroup;
			children = (
				4D5973101C2DA601002EEE3A /* CAPSPageMenu.h */,
				4D5973111C2DA601002EEE3A /* CAPSPageMenu.m */,
				4DD932FC1C11DD4900F2778A /* Loading Indicator */,
				4DF2B4181C09F8A20033FA58 /* Tomahawk-Bridging-Header.h */,
				4D1B5B631C26CDA100A5CDF6 /* MyAdditions.h */,
				4D1B5B641C26CDA100A5CDF6 /* MyAdditions.m */,
				4DBC780A1C105D7900E5F712 /* dispatch_cancelable_block.h */,
				4DF2B4191C09F8A30033FA58 /* KMPlaceholderTextView.h */,
				4DF2B41A1C09F8A30033FA58 /* KMPlaceholderTextView.swift */,
				4D1EBACE1BC9358A00B15A89 /* Settings.h */,
				4D1EBACF1BC9358A00B15A89 /* Settings.m */,
				4DA4B4CC1BFA7EBB0042DEE0 /* ColorExtractor */,
			);
			name = Resources;
			path = ..;
			sourceTree = "<group>";
		};
		4DA4B4D21BFA82680042DEE0 /* CollectionViewCells */ = {
			isa = PBXGroup;
			children = (
				4DC5A5AA1C03A43A00ED018F /* ConnectCell.h */,
				4DC5A5AB1C03A43A00ED018F /* ConnectCell.m */,
				4D8FF9DD1BE7FD1C001490B6 /* CollectionViewCell.h */,
				4D8FF9DE1BE7FD1C001490B6 /* CollectionViewCell.m */,
				4D5973171C2DBAAB002EEE3A /* CollectionView.xib */,
			);
			name = CollectionViewCells;
			sourceTree = "<group>";
		};
		4DBDE00E1BADC2B900CD02CC = {
			isa = PBXGroup;
			children = (
				4DBDE0191BADC2BA00CD02CC /* Tomahawk */,
				4DBDE0181BADC2BA00CD02CC /* Products */,
			);
			sourceTree = "<group>";
		};
		4DBDE0181BADC2BA00CD02CC /* Products */ = {
			isa = PBXGroup;
			children = (
				4DBDE0171BADC2BA00CD02CC /* Tomahawk.app */,
				4DBDE0331BADC2BA00CD02CC /* TomahawkTests.xctest */,
				4DBDE03E1BADC2BA00CD02CC /* TomahawkUITests.xctest */,
			);
			name = Products;
			sourceTree = "<group>";
		};
		4DBDE0191BADC2BA00CD02CC /* Tomahawk */ = {
			isa = PBXGroup;
			children = (
				4DF2B41F1C0A677D0033FA58 /* Vendor */,
				4DF2B41C1C0A66750033FA58 /* Tomahawk API */,
				4DA4B4D01BFA82240042DEE0 /* Resources */,
				4DA4B4CF1BFA817A0042DEE0 /* Startup */,
				4DA4B4CE1BFA7EFE0042DEE0 /* UI */,
				4DBDE0291BADC2BA00CD02CC /* Assets.xcassets */,
				4DBDE01A1BADC2BA00CD02CC /* Supporting Files */,
			);
			path = Tomahawk;
			sourceTree = "<group>";
		};
		4DBDE01A1BADC2BA00CD02CC /* Supporting Files */ = {
			isa = PBXGroup;
			children = (
				4DBDE02E1BADC2BA00CD02CC /* Info.plist */,
				4D5707BC1BFA24810009C14F /* 13.png */,
				4D8133F91BF50C7200FF1E95 /* 12.png */,
				4DEF818E1BE8D7A300911581 /* More Than-25.png */,
				4DEF818C1BE8D77F00911581 /* More Than-40.png */,
				4DEF818A1BE8D59100911581 /* More Than-15.png */,
				4D8FF9E01BE80487001490B6 /* headphone4.png */,
				4DB094901BE4F39300ACEC72 /* blurExample8.png */,
				4DAE47C91BE3920A00D6816F /* blurExample7.png */,
				4DAE47C71BE3920400D6816F /* blurExample6.png */,
				4DAE47C51BE38A6600D6816F /* blurExample5.png */,
				4DAE47C31BE2D57B00D6816F /* blurExample3.png */,
				4DAE47C11BE2D56D00D6816F /* blurExample4.png */,
				4DAE47BF1BE2D1F800D6816F /* blurExample2.png */,
				4DE1050C1BE0041400C51EDD /* blurExample1.png */,
				4DAE47BD1BE2D06300D6816F /* blurImage.jpg */,
				4D7B0CED1BD49853008D2515 /* blurExample.png */,
				4DBDE01B1BADC2BA00CD02CC /* main.m */,
			);
			name = "Supporting Files";
			sourceTree = "<group>";
		};
		4DC5A5AD1C05102100ED018F /* TableViewCells */ = {
			isa = PBXGroup;
			children = (
			);
			name = TableViewCells;
			sourceTree = "<group>";
		};
		4DD932FC1C11DD4900F2778A /* Loading Indicator */ = {
			isa = PBXGroup;
			children = (
				4DD932F81C11DD4100F2778A /* DGActivityIndicatorAnimationProtocol.h */,
				4DD932F91C11DD4100F2778A /* DGActivityIndicatorView.h */,
				4DD932FA1C11DD4100F2778A /* DGActivityIndicatorView.m */,
				4DD932FD1C11DD5500F2778A /* Animations */,
			);
			name = "Loading Indicator";
			sourceTree = "<group>";
		};
		4DD932FD1C11DD5500F2778A /* Animations */ = {
			isa = PBXGroup;
			children = (
				4DD932FE1C11DD6500F2778A /* DGActivityIndicatorBallBeatAnimation.h */,
				4DD932FF1C11DD6500F2778A /* DGActivityIndicatorBallBeatAnimation.m */,
				4DD933001C11DD6500F2778A /* DGActivityIndicatorBallClipRotateAnimation.h */,
				4DD933011C11DD6500F2778A /* DGActivityIndicatorBallClipRotateAnimation.m */,
				4DD933021C11DD6500F2778A /* DGActivityIndicatorBallClipRotateMultipleAnimation.h */,
				4DD933031C11DD6500F2778A /* DGActivityIndicatorBallClipRotateMultipleAnimation.m */,
				4DD933041C11DD6500F2778A /* DGActivityIndicatorBallClipRotatePulseAnimation.h */,
				4DD933051C11DD6500F2778A /* DGActivityIndicatorBallClipRotatePulseAnimation.m */,
				4DD933061C11DD6500F2778A /* DGActivityIndicatorBallGridBeatAnimation.h */,
				4DD933071C11DD6500F2778A /* DGActivityIndicatorBallGridBeatAnimation.m */,
				4DD933081C11DD6500F2778A /* DGActivityIndicatorBallGridPulseAnimation.h */,
				4DD933091C11DD6500F2778A /* DGActivityIndicatorBallGridPulseAnimation.m */,
				4DD9330A1C11DD6500F2778A /* DGActivityIndicatorBallPulseAnimation.h */,
				4DD9330B1C11DD6500F2778A /* DGActivityIndicatorBallPulseAnimation.m */,
				4DD9330C1C11DD6500F2778A /* DGActivityIndicatorBallPulseSyncAnimation.h */,
				4DD9330D1C11DD6500F2778A /* DGActivityIndicatorBallPulseSyncAnimation.m */,
				4DD9330E1C11DD6500F2778A /* DGActivityIndicatorBallRotateAnimation.h */,
				4DD9330F1C11DD6500F2778A /* DGActivityIndicatorBallRotateAnimation.m */,
				4DD933101C11DD6500F2778A /* DGActivityIndicatorBallScaleAnimation.h */,
				4DD933111C11DD6500F2778A /* DGActivityIndicatorBallScaleAnimation.m */,
				4DD933121C11DD6500F2778A /* DGActivityIndicatorBallScaleMultipleAnimation.h */,
				4DD933131C11DD6500F2778A /* DGActivityIndicatorBallScaleMultipleAnimation.m */,
				4DD933141C11DD6500F2778A /* DGActivityIndicatorBallScaleRippleAnimation.h */,
				4DD933151C11DD6500F2778A /* DGActivityIndicatorBallScaleRippleAnimation.m */,
				4DD933161C11DD6500F2778A /* DGActivityIndicatorBallScaleRippleMultipleAnimation.h */,
				4DD933171C11DD6500F2778A /* DGActivityIndicatorBallScaleRippleMultipleAnimation.m */,
				4DD933181C11DD6500F2778A /* DGActivityIndicatorBallTrianglePathAnimation.h */,
				4DD933191C11DD6500F2778A /* DGActivityIndicatorBallTrianglePathAnimation.m */,
				4DD9331A1C11DD6500F2778A /* DGActivityIndicatorBallZigZagAnimation.h */,
				4DD9331B1C11DD6500F2778A /* DGActivityIndicatorBallZigZagAnimation.m */,
				4DD9331C1C11DD6500F2778A /* DGActivityIndicatorBallZigZagDeflectAnimation.h */,
				4DD9331D1C11DD6500F2778A /* DGActivityIndicatorBallZigZagDeflectAnimation.m */,
				4DD9331E1C11DD6500F2778A /* DGActivityIndicatorCookieTerminatorAnimation.h */,
				4DD9331F1C11DD6500F2778A /* DGActivityIndicatorCookieTerminatorAnimation.m */,
				4DD933201C11DD6500F2778A /* DGActivityIndicatorDoubleBounceAnimation.h */,
				4DD933211C11DD6500F2778A /* DGActivityIndicatorDoubleBounceAnimation.m */,
				4DD933221C11DD6500F2778A /* DGActivityIndicatorFiveDotsAnimation.h */,
				4DD933231C11DD6500F2778A /* DGActivityIndicatorFiveDotsAnimation.m */,
				4DD933241C11DD6500F2778A /* DGActivityIndicatorLineScaleAnimation.h */,
				4DD933251C11DD6500F2778A /* DGActivityIndicatorLineScaleAnimation.m */,
				4DD933261C11DD6500F2778A /* DGActivityIndicatorLineScalePartyAnimation.h */,
				4DD933271C11DD6500F2778A /* DGActivityIndicatorLineScalePartyAnimation.m */,
				4DD933281C11DD6500F2778A /* DGActivityIndicatorLineScalePulseOutAnimation.h */,
				4DD933291C11DD6500F2778A /* DGActivityIndicatorLineScalePulseOutAnimation.m */,
				4DD9332A1C11DD6500F2778A /* DGActivityIndicatorLineScalePulseOutRapidAnimation.h */,
				4DD9332B1C11DD6500F2778A /* DGActivityIndicatorLineScalePulseOutRapidAnimation.m */,
				4DD9332C1C11DD6500F2778A /* DGActivityIndicatorNineDotsAnimation.h */,
				4DD9332D1C11DD6500F2778A /* DGActivityIndicatorNineDotsAnimation.m */,
				4DD9332E1C11DD6500F2778A /* DGActivityIndicatorRotatingSandglassAnimation.h */,
				4DD9332F1C11DD6500F2778A /* DGActivityIndicatorRotatingSandglassAnimation.m */,
				4DD933301C11DD6500F2778A /* DGActivityIndicatorRotatingSquaresAnimation.h */,
				4DD933311C11DD6500F2778A /* DGActivityIndicatorRotatingSquaresAnimation.m */,
				4DD933321C11DD6500F2778A /* DGActivityIndicatorRotatingTrigonAnimation.h */,
				4DD933331C11DD6500F2778A /* DGActivityIndicatorRotatingTrigonAnimation.m */,
				4DD933341C11DD6500F2778A /* DGActivityIndicatorThreeDotsAnimation.h */,
				4DD933351C11DD6500F2778A /* DGActivityIndicatorThreeDotsAnimation.m */,
				4DD933361C11DD6500F2778A /* DGActivityIndicatorTriangleSkewSpinAnimation.h */,
				4DD933371C11DD6500F2778A /* DGActivityIndicatorTriangleSkewSpinAnimation.m */,
				4DD933381C11DD6500F2778A /* DGActivityIndicatorTriplePulseAnimation.h */,
				4DD933391C11DD6500F2778A /* DGActivityIndicatorTriplePulseAnimation.m */,
				4DD9333A1C11DD6500F2778A /* DGActivityIndicatorTripleRingsAnimation.h */,
				4DD9333B1C11DD6500F2778A /* DGActivityIndicatorTripleRingsAnimation.m */,
				4DD9333C1C11DD6500F2778A /* DGActivityIndicatorTwoDotsAnimation.h */,
				4DD9333D1C11DD6500F2778A /* DGActivityIndicatorTwoDotsAnimation.m */,
			);
			name = Animations;
			sourceTree = "<group>";
		};
		4DDCC3E31C0E4FDE003CA4AD /* Custom Search Bar */ = {
			isa = PBXGroup;
			children = (
				4DDCC3E01C0E4B92003CA4AD /* SearchBar.h */,
				4DDCC3E11C0E4B92003CA4AD /* SearchBar.m */,
			);
			name = "Custom Search Bar";
			sourceTree = "<group>";
		};
		4DF2B41C1C0A66750033FA58 /* Tomahawk API */ = {
			isa = PBXGroup;
			children = (
				4DF2B45B1C0A69210033FA58 /* TEngine.h */,
				4DF2B41D1C0A66980033FA58 /* TEngine.m */,
			);
			name = "Tomahawk API";
			sourceTree = "<group>";
		};
		4DF2B41F1C0A677D0033FA58 /* Vendor */ = {
			isa = PBXGroup;
			children = (
				4D3277851C0B433C00F296B8 /* JSON */,
				4DF2B4201C0A67820033FA58 /* AFNetworking */,
			);
			name = Vendor;
			sourceTree = "<group>";
		};
		4DF2B4201C0A67820033FA58 /* AFNetworking */ = {
			isa = PBXGroup;
			children = (
			);
			name = AFNetworking;
			sourceTree = "<group>";
		};
		4DF4A1391C2EE9930094B917 /* Radio View Controllers */ = {
			isa = PBXGroup;
			children = (
				4D32B8E41BCA7CE700C42A85 /* RadioViewController.h */,
				4D32B8E51BCA7CE700C42A85 /* RadioViewController.m */,
				4D5973041C2D931F002EEE3A /* ForYouViewController.h */,
				4D5973051C2D931F002EEE3A /* ForYouViewController.m */,
				4D5973151C2DB321002EEE3A /* ForYouViewController.xib */,
				4D5973071C2D933B002EEE3A /* GenresCollectionViewController.h */,
				4D5973081C2D933B002EEE3A /* GenresCollectionViewController.m */,
				4DF4A13A1C2F073E0094B917 /* GenresCollectionViewController.xib */,
				4D59730D1C2D935E002EEE3A /* MoodsViewController.h */,
				4D59730E1C2D935E002EEE3A /* MoodsViewController.m */,
				4D59730A1C2D934B002EEE3A /* StationsViewController.h */,
				4D59730B1C2D934B002EEE3A /* StationsViewController.m */,
				4DF4A13C1C2F5BF40094B917 /* StationsViewController.xib */,
			);
			name = "Radio View Controllers";
			sourceTree = "<group>";
		};
/* End PBXGroup section */

/* Begin PBXNativeTarget section */
		4DBDE0161BADC2BA00CD02CC /* Tomahawk */ = {
			isa = PBXNativeTarget;
			buildConfigurationList = 4DBDE0471BADC2BA00CD02CC /* Build configuration list for PBXNativeTarget "Tomahawk" */;
			buildPhases = (
				4DBDE0131BADC2BA00CD02CC /* Sources */,
				4DBDE0141BADC2BA00CD02CC /* Frameworks */,
				4DBDE0151BADC2BA00CD02CC /* Resources */,
			);
			buildRules = (
			);
			dependencies = (
			);
			name = Tomahawk;
			productName = Tomahawk;
			productReference = 4DBDE0171BADC2BA00CD02CC /* Tomahawk.app */;
			productType = "com.apple.product-type.application";
		};
		4DBDE0321BADC2BA00CD02CC /* TomahawkTests */ = {
			isa = PBXNativeTarget;
			buildConfigurationList = 4DBDE04A1BADC2BA00CD02CC /* Build configuration list for PBXNativeTarget "TomahawkTests" */;
			buildPhases = (
				4DBDE02F1BADC2BA00CD02CC /* Sources */,
				4DBDE0301BADC2BA00CD02CC /* Frameworks */,
				4DBDE0311BADC2BA00CD02CC /* Resources */,
			);
			buildRules = (
			);
			dependencies = (
				4DBDE0351BADC2BA00CD02CC /* PBXTargetDependency */,
			);
			name = TomahawkTests;
			productName = TomahawkTests;
			productReference = 4DBDE0331BADC2BA00CD02CC /* TomahawkTests.xctest */;
			productType = "com.apple.product-type.bundle.unit-test";
		};
		4DBDE03D1BADC2BA00CD02CC /* TomahawkUITests */ = {
			isa = PBXNativeTarget;
			buildConfigurationList = 4DBDE04D1BADC2BA00CD02CC /* Build configuration list for PBXNativeTarget "TomahawkUITests" */;
			buildPhases = (
				4DBDE03A1BADC2BA00CD02CC /* Sources */,
				4DBDE03B1BADC2BA00CD02CC /* Frameworks */,
				4DBDE03C1BADC2BA00CD02CC /* Resources */,
			);
			buildRules = (
			);
			dependencies = (
				4DBDE0401BADC2BA00CD02CC /* PBXTargetDependency */,
			);
			name = TomahawkUITests;
			productName = TomahawkUITests;
			productReference = 4DBDE03E1BADC2BA00CD02CC /* TomahawkUITests.xctest */;
			productType = "com.apple.product-type.bundle.ui-testing";
		};
/* End PBXNativeTarget section */

/* Begin PBXProject section */
		4DBDE00F1BADC2B900CD02CC /* Project object */ = {
			isa = PBXProject;
			attributes = {
				LastSwiftUpdateCheck = 0710;
				LastUpgradeCheck = 0700;
				ORGANIZATIONNAME = "Mark Bourke";
				TargetAttributes = {
					4DBDE0161BADC2BA00CD02CC = {
						CreatedOnToolsVersion = 7.0;
						DevelopmentTeam = 9UC9V3Y3K3;
					};
					4DBDE0321BADC2BA00CD02CC = {
						CreatedOnToolsVersion = 7.0;
						DevelopmentTeam = 9UC9V3Y3K3;
						TestTargetID = 4DBDE0161BADC2BA00CD02CC;
					};
					4DBDE03D1BADC2BA00CD02CC = {
						CreatedOnToolsVersion = 7.0;
						DevelopmentTeam = 9UC9V3Y3K3;
						TestTargetID = 4DBDE0161BADC2BA00CD02CC;
					};
				};
			};
			buildConfigurationList = 4DBDE0121BADC2B900CD02CC /* Build configuration list for PBXProject "Tomahawk" */;
			compatibilityVersion = "Xcode 3.2";
			developmentRegion = English;
			hasScannedForEncodings = 0;
			knownRegions = (
				en,
				Base,
			);
			mainGroup = 4DBDE00E1BADC2B900CD02CC;
			productRefGroup = 4DBDE0181BADC2BA00CD02CC /* Products */;
			projectDirPath = "";
			projectRoot = "";
			targets = (
				4DBDE0161BADC2BA00CD02CC /* Tomahawk */,
				4DBDE0321BADC2BA00CD02CC /* TomahawkTests */,
				4DBDE03D1BADC2BA00CD02CC /* TomahawkUITests */,
			);
		};
/* End PBXProject section */

/* Begin PBXResourcesBuildPhase section */
		4DBDE0151BADC2BA00CD02CC /* Resources */ = {
			isa = PBXResourcesBuildPhase;
			buildActionMask = 2147483647;
			files = (
				4DBDE02D1BADC2BA00CD02CC /* LaunchScreen.storyboard in Resources */,
				4DAE47C81BE3920400D6816F /* blurExample6.png in Resources */,
				4DEF818D1BE8D77F00911581 /* More Than-40.png in Resources */,
				4D5973181C2DBAAB002EEE3A /* CollectionView.xib in Resources */,
				4DBDE02A1BADC2BA00CD02CC /* Assets.xcassets in Resources */,
				4DAE47C21BE2D56D00D6816F /* blurExample4.png in Resources */,
				4D5973161C2DB321002EEE3A /* ForYouViewController.xib in Resources */,
				4DF4A13D1C2F5BF40094B917 /* StationsViewController.xib in Resources */,
				4DAE47C01BE2D1F800D6816F /* blurExample2.png in Resources */,
				4DEF818F1BE8D7A300911581 /* More Than-25.png in Resources */,
				4DE1050D1BE0041400C51EDD /* blurExample1.png in Resources */,
				4DF4A13B1C2F073E0094B917 /* GenresCollectionViewController.xib in Resources */,
				4D8133FA1BF50C7200FF1E95 /* 12.png in Resources */,
				4D5707BD1BFA24810009C14F /* 13.png in Resources */,
				4DAE47BE1BE2D06300D6816F /* blurImage.jpg in Resources */,
				4D8FF9E11BE80487001490B6 /* headphone4.png in Resources */,
				4DAE47CA1BE3920A00D6816F /* blurExample7.png in Resources */,
				4DAE47C41BE2D57B00D6816F /* blurExample3.png in Resources */,
				4DBDE0281BADC2BA00CD02CC /* Main.storyboard in Resources */,
				4DEF818B1BE8D59100911581 /* More Than-15.png in Resources */,
				4DB094911BE4F39300ACEC72 /* blurExample8.png in Resources */,
				4D7B0CEE1BD49853008D2515 /* blurExample.png in Resources */,
				4DAE47C61BE38A6600D6816F /* blurExample5.png in Resources */,
			);
			runOnlyForDeploymentPostprocessing = 0;
		};
		4DBDE0311BADC2BA00CD02CC /* Resources */ = {
			isa = PBXResourcesBuildPhase;
			buildActionMask = 2147483647;
			files = (
			);
			runOnlyForDeploymentPostprocessing = 0;
		};
		4DBDE03C1BADC2BA00CD02CC /* Resources */ = {
			isa = PBXResourcesBuildPhase;
			buildActionMask = 2147483647;
			files = (
			);
			runOnlyForDeploymentPostprocessing = 0;
		};
/* End PBXResourcesBuildPhase section */

/* Begin PBXSourcesBuildPhase section */
		4DBDE0131BADC2BA00CD02CC /* Sources */ = {
			isa = PBXSourcesBuildPhase;
			buildActionMask = 2147483647;
			files = (
				4DD9334E1C11DD6500F2778A /* DGActivityIndicatorCookieTerminatorAnimation.m in Sources */,
				4DD9335D1C11DD6500F2778A /* DGActivityIndicatorTwoDotsAnimation.m in Sources */,
				4DAE47BC1BE2B93F00D6816F /* CCLocalMaximum.m in Sources */,
				4DD933561C11DD6500F2778A /* DGActivityIndicatorRotatingSandglassAnimation.m in Sources */,
				4D5973091C2D933B002EEE3A /* GenresCollectionViewController.m in Sources */,
				4DF2B41E1C0A66980033FA58 /* TEngine.m in Sources */,
				4DD933541C11DD6500F2778A /* DGActivityIndicatorLineScalePulseOutRapidAnimation.m in Sources */,
				4DF2B4141C09E7CC0033FA58 /* BugReportViewController.m in Sources */,
				4D33B7BF1BDEEF950085D408 /* NowPlayingViewController.m in Sources */,
				4DD932FB1C11DD4100F2778A /* DGActivityIndicatorView.m in Sources */,
				4DD933531C11DD6500F2778A /* DGActivityIndicatorLineScalePulseOutAnimation.m in Sources */,
				4DD9334D1C11DD6500F2778A /* DGActivityIndicatorBallZigZagDeflectAnimation.m in Sources */,
				4DD9335C1C11DD6500F2778A /* DGActivityIndicatorTripleRingsAnimation.m in Sources */,
				4D2112BA1BD0EEF1001D415D /* DiscoverViewController.m in Sources */,
				4DD933581C11DD6500F2778A /* DGActivityIndicatorRotatingTrigonAnimation.m in Sources */,
				4D1E3DF71BD2BAE200717185 /* MyMusicDetailViewController.m in Sources */,
				4DD933461C11DD6500F2778A /* DGActivityIndicatorBallRotateAnimation.m in Sources */,
				4DD933471C11DD6500F2778A /* DGActivityIndicatorBallScaleAnimation.m in Sources */,
				4D32B8DF1BCA7A1D00C42A85 /* HMSegmentedControl.m in Sources */,
				4DD9334A1C11DD6500F2778A /* DGActivityIndicatorBallScaleRippleMultipleAnimation.m in Sources */,
				4D5973121C2DA601002EEE3A /* CAPSPageMenu.m in Sources */,
				4DD9333E1C11DD6500F2778A /* DGActivityIndicatorBallBeatAnimation.m in Sources */,
				4DD9334B1C11DD6500F2778A /* DGActivityIndicatorBallTrianglePathAnimation.m in Sources */,
				4D32E1531BD1AFCE008F9373 /* MyMusicViewController.m in Sources */,
				4DD933491C11DD6500F2778A /* DGActivityIndicatorBallScaleRippleAnimation.m in Sources */,
				4D1B5B651C26CDA100A5CDF6 /* MyAdditions.m in Sources */,
				4DD933591C11DD6500F2778A /* DGActivityIndicatorThreeDotsAnimation.m in Sources */,
				4DD933441C11DD6500F2778A /* DGActivityIndicatorBallPulseAnimation.m in Sources */,
				4D8FF9DF1BE7FD1C001490B6 /* CollectionViewCell.m in Sources */,
				4DD9335A1C11DD6500F2778A /* DGActivityIndicatorTriangleSkewSpinAnimation.m in Sources */,
				4DBDE01F1BADC2BA00CD02CC /* AppDelegate.m in Sources */,
				4DD933411C11DD6500F2778A /* DGActivityIndicatorBallClipRotatePulseAnimation.m in Sources */,
				4DD9334F1C11DD6500F2778A /* DGActivityIndicatorDoubleBounceAnimation.m in Sources */,
				4DD9333F1C11DD6500F2778A /* DGActivityIndicatorBallClipRotateAnimation.m in Sources */,
				4DDCC3E21C0E4B92003CA4AD /* SearchBar.m in Sources */,
				4DD933551C11DD6500F2778A /* DGActivityIndicatorNineDotsAnimation.m in Sources */,
				4DAE47BB1BE2B93F00D6816F /* CCColorCube.m in Sources */,
				4DD933401C11DD6500F2778A /* DGActivityIndicatorBallClipRotateMultipleAnimation.m in Sources */,
				4DF2B41B1C09F8A30033FA58 /* KMPlaceholderTextView.swift in Sources */,
				4DD933481C11DD6500F2778A /* DGActivityIndicatorBallScaleMultipleAnimation.m in Sources */,
				4DD933521C11DD6500F2778A /* DGActivityIndicatorLineScalePartyAnimation.m in Sources */,
				4DD9335B1C11DD6500F2778A /* DGActivityIndicatorTriplePulseAnimation.m in Sources */,
				4D6023E81BC6E8810053F998 /* SettingsViewController.m in Sources */,
				4DD933421C11DD6500F2778A /* DGActivityIndicatorBallGridBeatAnimation.m in Sources */,
				4D1EBACD1BC8290000B15A89 /* SettingsDetailViewController.m in Sources */,
				4DBDE0221BADC2BA00CD02CC /* FeedViewController.m in Sources */,
				4DD933571C11DD6500F2778A /* DGActivityIndicatorRotatingSquaresAnimation.m in Sources */,
				4DAE47B61BE2533D00D6816F /* MBProgressHUD.m in Sources */,
				4DD9334C1C11DD6500F2778A /* DGActivityIndicatorBallZigZagAnimation.m in Sources */,
				4DD933431C11DD6500F2778A /* DGActivityIndicatorBallGridPulseAnimation.m in Sources */,
				4DC5A5A91C0393C900ED018F /* SettingsDetailDetailViewController.m in Sources */,
				4D32B8E61BCA7CE700C42A85 /* RadioViewController.m in Sources */,
				4DC5A5AC1C03A43A00ED018F /* ConnectCell.m in Sources */,
				4DFDD04E1C261239000060A5 /* ConnectAlertController.m in Sources */,
				4D5973061C2D931F002EEE3A /* ForYouViewController.m in Sources */,
				4D59730C1C2D934B002EEE3A /* StationsViewController.m in Sources */,
				4D59730F1C2D935E002EEE3A /* MoodsViewController.m in Sources */,
				4DD933451C11DD6500F2778A /* DGActivityIndicatorBallPulseSyncAnimation.m in Sources */,
				4DD933511C11DD6500F2778A /* DGActivityIndicatorLineScaleAnimation.m in Sources */,
				4DD933501C11DD6500F2778A /* DGActivityIndicatorFiveDotsAnimation.m in Sources */,
				4DBDE01C1BADC2BA00CD02CC /* main.m in Sources */,
				4D1EBAD01BC9358A00B15A89 /* Settings.m in Sources */,
				4D116C5C1C066AB50094F584 /* NavigationController.m in Sources */,
			);
			runOnlyForDeploymentPostprocessing = 0;
		};
		4DBDE02F1BADC2BA00CD02CC /* Sources */ = {
			isa = PBXSourcesBuildPhase;
			buildActionMask = 2147483647;
			files = (
			);
			runOnlyForDeploymentPostprocessing = 0;
		};
		4DBDE03A1BADC2BA00CD02CC /* Sources */ = {
			isa = PBXSourcesBuildPhase;
			buildActionMask = 2147483647;
			files = (
			);
			runOnlyForDeploymentPostprocessing = 0;
		};
/* End PBXSourcesBuildPhase section */

/* Begin PBXTargetDependency section */
		4DBDE0351BADC2BA00CD02CC /* PBXTargetDependency */ = {
			isa = PBXTargetDependency;
			target = 4DBDE0161BADC2BA00CD02CC /* Tomahawk */;
			targetProxy = 4DBDE0341BADC2BA00CD02CC /* PBXContainerItemProxy */;
		};
		4DBDE0401BADC2BA00CD02CC /* PBXTargetDependency */ = {
			isa = PBXTargetDependency;
			target = 4DBDE0161BADC2BA00CD02CC /* Tomahawk */;
			targetProxy = 4DBDE03F1BADC2BA00CD02CC /* PBXContainerItemProxy */;
		};
/* End PBXTargetDependency section */

/* Begin PBXVariantGroup section */
		4DBDE0261BADC2BA00CD02CC /* Main.storyboard */ = {
			isa = PBXVariantGroup;
			children = (
				4DBDE0271BADC2BA00CD02CC /* Base */,
			);
			name = Main.storyboard;
			path = Tomahawk;
			sourceTree = "<group>";
		};
		4DBDE02B1BADC2BA00CD02CC /* LaunchScreen.storyboard */ = {
			isa = PBXVariantGroup;
			children = (
				4DBDE02C1BADC2BA00CD02CC /* Base */,
			);
			name = LaunchScreen.storyboard;
			path = Tomahawk;
			sourceTree = "<group>";
		};
/* End PBXVariantGroup section */

/* Begin XCBuildConfiguration section */
		4DBDE0461BADC2BA00CD02CC /* Release */ = {
			isa = XCBuildConfiguration;
			buildSettings = {
				ALWAYS_SEARCH_USER_PATHS = NO;
				CLANG_CXX_LANGUAGE_STANDARD = "gnu++0x";
				CLANG_CXX_LIBRARY = "libc++";
				CLANG_ENABLE_MODULES = YES;
				CLANG_ENABLE_OBJC_ARC = YES;
				CLANG_WARN_BOOL_CONVERSION = YES;
				CLANG_WARN_CONSTANT_CONVERSION = YES;
				CLANG_WARN_DIRECT_OBJC_ISA_USAGE = YES_ERROR;
				CLANG_WARN_EMPTY_BODY = YES;
				CLANG_WARN_ENUM_CONVERSION = YES;
				CLANG_WARN_INT_CONVERSION = YES;
				CLANG_WARN_OBJC_ROOT_CLASS = YES_ERROR;
				CLANG_WARN_UNREACHABLE_CODE = YES;
				CLANG_WARN__DUPLICATE_METHOD_MATCH = YES;
				CODE_SIGN_IDENTITY = "iPhone Developer: mark.bourke@wriggle.ie (9DAK9VK687)";
				"CODE_SIGN_IDENTITY[sdk=iphoneos*]" = "iPhone Developer: mark.bourke@wriggle.ie (9DAK9VK687)";
				COPY_PHASE_STRIP = NO;
				DEBUG_INFORMATION_FORMAT = "dwarf-with-dsym";
				ENABLE_NS_ASSERTIONS = NO;
				ENABLE_STRICT_OBJC_MSGSEND = YES;
				GCC_C_LANGUAGE_STANDARD = gnu99;
				GCC_NO_COMMON_BLOCKS = YES;
				GCC_WARN_64_TO_32_BIT_CONVERSION = YES;
				GCC_WARN_ABOUT_RETURN_TYPE = YES_ERROR;
				GCC_WARN_UNDECLARED_SELECTOR = YES;
				GCC_WARN_UNINITIALIZED_AUTOS = YES_AGGRESSIVE;
				GCC_WARN_UNUSED_FUNCTION = YES;
				GCC_WARN_UNUSED_VARIABLE = YES;
				IPHONEOS_DEPLOYMENT_TARGET = 9.0;
				MTL_ENABLE_DEBUG_INFO = NO;
				SDKROOT = iphoneos;
				VALIDATE_PRODUCT = YES;
			};
			name = Release;
		};
		4DBDE0491BADC2BA00CD02CC /* Release */ = {
			isa = XCBuildConfiguration;
			buildSettings = {
				ASSETCATALOG_COMPILER_APPICON_NAME = AppIcon;
				CLANG_ENABLE_MODULES = YES;
				CODE_SIGN_IDENTITY = "iPhone Developer";
				"CODE_SIGN_IDENTITY[sdk=iphoneos*]" = "iPhone Developer";
				INFOPLIST_FILE = Tomahawk/Info.plist;
				LD_RUNPATH_SEARCH_PATHS = "$(inherited) @executable_path/Frameworks";
				PRODUCT_BUNDLE_IDENTIFIER = com.mourke.Tomahawk;
				PRODUCT_NAME = "$(TARGET_NAME)";
				PROVISIONING_PROFILE = "";
				SWIFT_OBJC_BRIDGING_HEADER = "Tomahawk-Bridging-Header.h";
			};
			name = Release;
		};
		4DBDE04C1BADC2BA00CD02CC /* Release */ = {
			isa = XCBuildConfiguration;
			buildSettings = {
				BUNDLE_LOADER = "$(TEST_HOST)";
				INFOPLIST_FILE = TomahawkTests/Info.plist;
				LD_RUNPATH_SEARCH_PATHS = "$(inherited) @executable_path/Frameworks @loader_path/Frameworks";
				PRODUCT_BUNDLE_IDENTIFIER = com.mourke.TomahawkTests;
				PRODUCT_NAME = "$(TARGET_NAME)";
				TEST_HOST = "$(BUILT_PRODUCTS_DIR)/Tomahawk.app/Tomahawk";
			};
			name = Release;
		};
		4DBDE04F1BADC2BA00CD02CC /* Release */ = {
			isa = XCBuildConfiguration;
			buildSettings = {
				INFOPLIST_FILE = TomahawkUITests/Info.plist;
				LD_RUNPATH_SEARCH_PATHS = "$(inherited) @executable_path/Frameworks @loader_path/Frameworks";
				PRODUCT_BUNDLE_IDENTIFIER = com.mourke.TomahawkUITests;
				PRODUCT_NAME = "$(TARGET_NAME)";
				TEST_TARGET_NAME = Tomahawk;
				USES_XCTRUNNER = YES;
			};
			name = Release;
		};
/* End XCBuildConfiguration section */

/* Begin XCConfigurationList section */
		4DBDE0121BADC2B900CD02CC /* Build configuration list for PBXProject "Tomahawk" */ = {
			isa = XCConfigurationList;
			buildConfigurations = (
				4DBDE0461BADC2BA00CD02CC /* Release */,
			);
			defaultConfigurationIsVisible = 0;
			defaultConfigurationName = Release;
		};
		4DBDE0471BADC2BA00CD02CC /* Build configuration list for PBXNativeTarget "Tomahawk" */ = {
			isa = XCConfigurationList;
			buildConfigurations = (
				4DBDE0491BADC2BA00CD02CC /* Release */,
			);
			defaultConfigurationIsVisible = 0;
			defaultConfigurationName = Release;
		};
		4DBDE04A1BADC2BA00CD02CC /* Build configuration list for PBXNativeTarget "TomahawkTests" */ = {
			isa = XCConfigurationList;
			buildConfigurations = (
				4DBDE04C1BADC2BA00CD02CC /* Release */,
			);
			defaultConfigurationIsVisible = 0;
			defaultConfigurationName = Release;
		};
		4DBDE04D1BADC2BA00CD02CC /* Build configuration list for PBXNativeTarget "TomahawkUITests" */ = {
			isa = XCConfigurationList;
			buildConfigurations = (
				4DBDE04F1BADC2BA00CD02CC /* Release */,
			);
			defaultConfigurationIsVisible = 0;
			defaultConfigurationName = Release;
		};
/* End XCConfigurationList section */
	};
	rootObject = 4DBDE00F1BADC2B900CD02CC /* Project object */;
}
