// !$*UTF8*$!
{
	archiveVersion = 1;
	classes = {
	};
	objectVersion = 46;
	objects = {

/* Begin PBXBuildFile section */
		4DA5D1D91C2F80F40031FBE5 /* Images.xcassets in Resources */ = {isa = PBXBuildFile; fileRef = 4DA5D1D81C2F80F40031FBE5 /* Images.xcassets */; };
		4DA5D1DD1C2F815D0031FBE5 /* HMSegmentedControl.m in Sources */ = {isa = PBXBuildFile; fileRef = 4DA5D1DB1C2F815D0031FBE5 /* HMSegmentedControl.m */; };
		4DA5D1EA1C2F817B0031FBE5 /* FeedViewController.m in Sources */ = {isa = PBXBuildFile; fileRef = 4DA5D1E01C2F817B0031FBE5 /* FeedViewController.m */; };
		4DA5D1EC1C2F817B0031FBE5 /* MyMusicDetailViewController.m in Sources */ = {isa = PBXBuildFile; fileRef = 4DA5D1E21C2F817B0031FBE5 /* MyMusicDetailViewController.m */; };
		4DA5D1EE1C2F817B0031FBE5 /* NowPlayingViewController.m in Sources */ = {isa = PBXBuildFile; fileRef = 4DA5D1E41C2F817B0031FBE5 /* NowPlayingViewController.m */; };
		4DA5D1F11C2F817B0031FBE5 /* MyMusicViewController.m in Sources */ = {isa = PBXBuildFile; fileRef = 4DA5D1E71C2F817B0031FBE5 /* MyMusicViewController.m */; };
		4DA5D1FD1C2F81A00031FBE5 /* StationsViewController.m in Sources */ = {isa = PBXBuildFile; fileRef = 4DA5D1F31C2F81A00031FBE5 /* StationsViewController.m */; };
		4DA5D1FE1C2F81A00031FBE5 /* RadioViewController.m in Sources */ = {isa = PBXBuildFile; fileRef = 4DA5D1F41C2F81A00031FBE5 /* RadioViewController.m */; };
		4DA5D2001C2F81A00031FBE5 /* GenresCollectionViewController.m in Sources */ = {isa = PBXBuildFile; fileRef = 4DA5D1F61C2F81A00031FBE5 /* GenresCollectionViewController.m */; };
		4DA5D2011C2F81A00031FBE5 /* ForYouViewController.m in Sources */ = {isa = PBXBuildFile; fileRef = 4DA5D1F71C2F81A00031FBE5 /* ForYouViewController.m */; };
		4DA5D2061C2F81A00031FBE5 /* MoodsViewController.m in Sources */ = {isa = PBXBuildFile; fileRef = 4DA5D1FC1C2F81A00031FBE5 /* MoodsViewController.m */; };
		4DA5D2091C2F81B80031FBE5 /* AppDelegate.m in Sources */ = {isa = PBXBuildFile; fileRef = 4DA5D2071C2F81B80031FBE5 /* AppDelegate.m */; };
		4DA5D2131C2F81D30031FBE5 /* InfoTableViewController.m in Sources */ = {isa = PBXBuildFile; fileRef = 4DA5D20B1C2F81D30031FBE5 /* InfoTableViewController.m */; };
		4DA5D2151C2F81D30031FBE5 /* ConnectCollectionViewController.m in Sources */ = {isa = PBXBuildFile; fileRef = 4DA5D20D1C2F81D30031FBE5 /* ConnectCollectionViewController.m */; };
		4DA5D2181C2F81D30031FBE5 /* SettingsViewController.m in Sources */ = {isa = PBXBuildFile; fileRef = 4DA5D2101C2F81D30031FBE5 /* SettingsViewController.m */; };
		4DA5D21A1C2F81D30031FBE5 /* BugReportViewController.m in Sources */ = {isa = PBXBuildFile; fileRef = 4DA5D2121C2F81D30031FBE5 /* BugReportViewController.m */; };
		4DA5D21C1C2F81F50031FBE5 /* main.m in Sources */ = {isa = PBXBuildFile; fileRef = 4DA5D21B1C2F81F50031FBE5 /* main.m */; };
		4DA5D21F1C2F82060031FBE5 /* NavigationController.m in Sources */ = {isa = PBXBuildFile; fileRef = 4DA5D21D1C2F82060031FBE5 /* NavigationController.m */; };
		4DA5D2251C2F82190031FBE5 /* CollectionViewCell.m in Sources */ = {isa = PBXBuildFile; fileRef = 4DA5D2211C2F82190031FBE5 /* CollectionViewCell.m */; };
		4DA5D2281C2F82190031FBE5 /* ConnectCell.m in Sources */ = {isa = PBXBuildFile; fileRef = 4DA5D2241C2F82190031FBE5 /* ConnectCell.m */; };
		4DA5D2301C2F82340031FBE5 /* MyAdditions.m in Sources */ = {isa = PBXBuildFile; fileRef = 4DA5D22A1C2F82340031FBE5 /* MyAdditions.m */; };
		4DA5D2391C2F82440031FBE5 /* CCColorCube.m in Sources */ = {isa = PBXBuildFile; fileRef = 4DA5D2351C2F82440031FBE5 /* CCColorCube.m */; };
		4DA5D23C1C2F82440031FBE5 /* CCLocalMaximum.m in Sources */ = {isa = PBXBuildFile; fileRef = 4DA5D2381C2F82440031FBE5 /* CCLocalMaximum.m */; };
		4DA5D2421C2F825F0031FBE5 /* DGActivityIndicatorView.m in Sources */ = {isa = PBXBuildFile; fileRef = 4DA5D23F1C2F825F0031FBE5 /* DGActivityIndicatorView.m */; };
		4DA5D2841C2F82780031FBE5 /* DGActivityIndicatorBallBeatAnimation.m in Sources */ = {isa = PBXBuildFile; fileRef = 4DA5D2441C2F82780031FBE5 /* DGActivityIndicatorBallBeatAnimation.m */; };
		4DA5D2861C2F82780031FBE5 /* DGActivityIndicatorBallClipRotateAnimation.m in Sources */ = {isa = PBXBuildFile; fileRef = 4DA5D2461C2F82780031FBE5 /* DGActivityIndicatorBallClipRotateAnimation.m */; };
		4DA5D2881C2F82780031FBE5 /* DGActivityIndicatorBallClipRotateMultipleAnimation.m in Sources */ = {isa = PBXBuildFile; fileRef = 4DA5D2481C2F82780031FBE5 /* DGActivityIndicatorBallClipRotateMultipleAnimation.m */; };
		4DA5D28A1C2F82780031FBE5 /* DGActivityIndicatorBallClipRotatePulseAnimation.m in Sources */ = {isa = PBXBuildFile; fileRef = 4DA5D24A1C2F82780031FBE5 /* DGActivityIndicatorBallClipRotatePulseAnimation.m */; };
		4DA5D28C1C2F82780031FBE5 /* DGActivityIndicatorBallGridBeatAnimation.m in Sources */ = {isa = PBXBuildFile; fileRef = 4DA5D24C1C2F82780031FBE5 /* DGActivityIndicatorBallGridBeatAnimation.m */; };
		4DA5D28E1C2F82780031FBE5 /* DGActivityIndicatorBallGridPulseAnimation.m in Sources */ = {isa = PBXBuildFile; fileRef = 4DA5D24E1C2F82780031FBE5 /* DGActivityIndicatorBallGridPulseAnimation.m */; };
		4DA5D2901C2F82780031FBE5 /* DGActivityIndicatorBallPulseAnimation.m in Sources */ = {isa = PBXBuildFile; fileRef = 4DA5D2501C2F82780031FBE5 /* DGActivityIndicatorBallPulseAnimation.m */; };
		4DA5D2921C2F82780031FBE5 /* DGActivityIndicatorBallPulseSyncAnimation.m in Sources */ = {isa = PBXBuildFile; fileRef = 4DA5D2521C2F82780031FBE5 /* DGActivityIndicatorBallPulseSyncAnimation.m */; };
		4DA5D2941C2F82780031FBE5 /* DGActivityIndicatorBallRotateAnimation.m in Sources */ = {isa = PBXBuildFile; fileRef = 4DA5D2541C2F82780031FBE5 /* DGActivityIndicatorBallRotateAnimation.m */; };
		4DA5D2961C2F82780031FBE5 /* DGActivityIndicatorBallScaleAnimation.m in Sources */ = {isa = PBXBuildFile; fileRef = 4DA5D2561C2F82780031FBE5 /* DGActivityIndicatorBallScaleAnimation.m */; };
		4DA5D2981C2F82780031FBE5 /* DGActivityIndicatorBallScaleMultipleAnimation.m in Sources */ = {isa = PBXBuildFile; fileRef = 4DA5D2581C2F82780031FBE5 /* DGActivityIndicatorBallScaleMultipleAnimation.m */; };
		4DA5D29A1C2F82780031FBE5 /* DGActivityIndicatorBallScaleRippleAnimation.m in Sources */ = {isa = PBXBuildFile; fileRef = 4DA5D25A1C2F82780031FBE5 /* DGActivityIndicatorBallScaleRippleAnimation.m */; };
		4DA5D29C1C2F82780031FBE5 /* DGActivityIndicatorBallScaleRippleMultipleAnimation.m in Sources */ = {isa = PBXBuildFile; fileRef = 4DA5D25C1C2F82780031FBE5 /* DGActivityIndicatorBallScaleRippleMultipleAnimation.m */; };
		4DA5D29E1C2F82790031FBE5 /* DGActivityIndicatorBallTrianglePathAnimation.m in Sources */ = {isa = PBXBuildFile; fileRef = 4DA5D25E1C2F82780031FBE5 /* DGActivityIndicatorBallTrianglePathAnimation.m */; };
		4DA5D2A01C2F82790031FBE5 /* DGActivityIndicatorBallZigZagAnimation.m in Sources */ = {isa = PBXBuildFile; fileRef = 4DA5D2601C2F82780031FBE5 /* DGActivityIndicatorBallZigZagAnimation.m */; };
		4DA5D2A21C2F82790031FBE5 /* DGActivityIndicatorBallZigZagDeflectAnimation.m in Sources */ = {isa = PBXBuildFile; fileRef = 4DA5D2621C2F82780031FBE5 /* DGActivityIndicatorBallZigZagDeflectAnimation.m */; };
		4DA5D2A41C2F82790031FBE5 /* DGActivityIndicatorCookieTerminatorAnimation.m in Sources */ = {isa = PBXBuildFile; fileRef = 4DA5D2641C2F82780031FBE5 /* DGActivityIndicatorCookieTerminatorAnimation.m */; };
		4DA5D2A61C2F82790031FBE5 /* DGActivityIndicatorDoubleBounceAnimation.m in Sources */ = {isa = PBXBuildFile; fileRef = 4DA5D2661C2F82780031FBE5 /* DGActivityIndicatorDoubleBounceAnimation.m */; };
		4DA5D2A81C2F82790031FBE5 /* DGActivityIndicatorFiveDotsAnimation.m in Sources */ = {isa = PBXBuildFile; fileRef = 4DA5D2681C2F82780031FBE5 /* DGActivityIndicatorFiveDotsAnimation.m */; };
		4DA5D2AA1C2F82790031FBE5 /* DGActivityIndicatorLineScaleAnimation.m in Sources */ = {isa = PBXBuildFile; fileRef = 4DA5D26A1C2F82780031FBE5 /* DGActivityIndicatorLineScaleAnimation.m */; };
		4DA5D2AC1C2F82790031FBE5 /* DGActivityIndicatorLineScalePartyAnimation.m in Sources */ = {isa = PBXBuildFile; fileRef = 4DA5D26C1C2F82780031FBE5 /* DGActivityIndicatorLineScalePartyAnimation.m */; };
		4DA5D2AE1C2F82790031FBE5 /* DGActivityIndicatorLineScalePulseOutAnimation.m in Sources */ = {isa = PBXBuildFile; fileRef = 4DA5D26E1C2F82780031FBE5 /* DGActivityIndicatorLineScalePulseOutAnimation.m */; };
		4DA5D2B01C2F82790031FBE5 /* DGActivityIndicatorLineScalePulseOutRapidAnimation.m in Sources */ = {isa = PBXBuildFile; fileRef = 4DA5D2701C2F82780031FBE5 /* DGActivityIndicatorLineScalePulseOutRapidAnimation.m */; };
		4DA5D2B21C2F82790031FBE5 /* DGActivityIndicatorNineDotsAnimation.m in Sources */ = {isa = PBXBuildFile; fileRef = 4DA5D2721C2F82780031FBE5 /* DGActivityIndicatorNineDotsAnimation.m */; };
		4DA5D2B41C2F82790031FBE5 /* DGActivityIndicatorRotatingSandglassAnimation.m in Sources */ = {isa = PBXBuildFile; fileRef = 4DA5D2741C2F82780031FBE5 /* DGActivityIndicatorRotatingSandglassAnimation.m */; };
		4DA5D2B61C2F82790031FBE5 /* DGActivityIndicatorRotatingSquaresAnimation.m in Sources */ = {isa = PBXBuildFile; fileRef = 4DA5D2761C2F82780031FBE5 /* DGActivityIndicatorRotatingSquaresAnimation.m */; };
		4DA5D2B81C2F82790031FBE5 /* DGActivityIndicatorRotatingTrigonAnimation.m in Sources */ = {isa = PBXBuildFile; fileRef = 4DA5D2781C2F82780031FBE5 /* DGActivityIndicatorRotatingTrigonAnimation.m */; };
		4DA5D2BA1C2F82790031FBE5 /* DGActivityIndicatorThreeDotsAnimation.m in Sources */ = {isa = PBXBuildFile; fileRef = 4DA5D27A1C2F82780031FBE5 /* DGActivityIndicatorThreeDotsAnimation.m */; };
		4DA5D2BC1C2F82790031FBE5 /* DGActivityIndicatorTriangleSkewSpinAnimation.m in Sources */ = {isa = PBXBuildFile; fileRef = 4DA5D27C1C2F82780031FBE5 /* DGActivityIndicatorTriangleSkewSpinAnimation.m */; };
		4DA5D2BE1C2F82790031FBE5 /* DGActivityIndicatorTriplePulseAnimation.m in Sources */ = {isa = PBXBuildFile; fileRef = 4DA5D27E1C2F82780031FBE5 /* DGActivityIndicatorTriplePulseAnimation.m */; };
		4DA5D2C01C2F82790031FBE5 /* DGActivityIndicatorTripleRingsAnimation.m in Sources */ = {isa = PBXBuildFile; fileRef = 4DA5D2801C2F82780031FBE5 /* DGActivityIndicatorTripleRingsAnimation.m */; };
		4DA5D2C21C2F82790031FBE5 /* DGActivityIndicatorTwoDotsAnimation.m in Sources */ = {isa = PBXBuildFile; fileRef = 4DA5D2821C2F82780031FBE5 /* DGActivityIndicatorTwoDotsAnimation.m */; };
		4DA5D2C51C2F82910031FBE5 /* SearchBar.m in Sources */ = {isa = PBXBuildFile; fileRef = 4DA5D2C31C2F82910031FBE5 /* SearchBar.m */; };
		4DA5D2C91C2F82A20031FBE5 /* MBProgressHUD.m in Sources */ = {isa = PBXBuildFile; fileRef = 4DA5D2C71C2F82A20031FBE5 /* MBProgressHUD.m */; };
		4DA5D2CD1C2F82B00031FBE5 /* TEngine.m in Sources */ = {isa = PBXBuildFile; fileRef = 4DA5D2CB1C2F82B00031FBE5 /* TEngine.m */; };
		4DA5D2D11C2F82D80031FBE5 /* ConnectAlertController.m in Sources */ = {isa = PBXBuildFile; fileRef = 4DA5D2CF1C2F82D80031FBE5 /* ConnectAlertController.m */; };
		4DA5D2D61C2F82E80031FBE5 /* CAPSPageMenu.m in Sources */ = {isa = PBXBuildFile; fileRef = 4DA5D2D41C2F82E80031FBE5 /* CAPSPageMenu.m */; };
		4DA5D2E41C2F830B0031FBE5 /* 13.png in Resources */ = {isa = PBXBuildFile; fileRef = 4DA5D2D71C2F830B0031FBE5 /* 13.png */; };
		4DA5D2E51C2F830B0031FBE5 /* 12.png in Resources */ = {isa = PBXBuildFile; fileRef = 4DA5D2D81C2F830B0031FBE5 /* 12.png */; };
		4DA5D2E61C2F830B0031FBE5 /* headphone4.png in Resources */ = {isa = PBXBuildFile; fileRef = 4DA5D2D91C2F830B0031FBE5 /* headphone4.png */; };
		4DA5D2E71C2F830B0031FBE5 /* blurExample8.png in Resources */ = {isa = PBXBuildFile; fileRef = 4DA5D2DA1C2F830B0031FBE5 /* blurExample8.png */; };
		4DA5D2E81C2F830B0031FBE5 /* blurExample6.png in Resources */ = {isa = PBXBuildFile; fileRef = 4DA5D2DB1C2F830B0031FBE5 /* blurExample6.png */; };
		4DA5D2E91C2F830B0031FBE5 /* blurExample7.png in Resources */ = {isa = PBXBuildFile; fileRef = 4DA5D2DC1C2F830B0031FBE5 /* blurExample7.png */; };
		4DA5D2EA1C2F830B0031FBE5 /* blurExample5.png in Resources */ = {isa = PBXBuildFile; fileRef = 4DA5D2DD1C2F830B0031FBE5 /* blurExample5.png */; };
		4DA5D2EB1C2F830B0031FBE5 /* blurExample3.png in Resources */ = {isa = PBXBuildFile; fileRef = 4DA5D2DE1C2F830B0031FBE5 /* blurExample3.png */; };
		4DA5D2EC1C2F830B0031FBE5 /* blurExample4.png in Resources */ = {isa = PBXBuildFile; fileRef = 4DA5D2DF1C2F830B0031FBE5 /* blurExample4.png */; };
		4DA5D2ED1C2F830B0031FBE5 /* blurExample2.png in Resources */ = {isa = PBXBuildFile; fileRef = 4DA5D2E01C2F830B0031FBE5 /* blurExample2.png */; };
		4DA5D2EE1C2F830B0031FBE5 /* blurImage.jpg in Resources */ = {isa = PBXBuildFile; fileRef = 4DA5D2E11C2F830B0031FBE5 /* blurImage.jpg */; };
		4DA5D2EF1C2F830B0031FBE5 /* blurExample1.png in Resources */ = {isa = PBXBuildFile; fileRef = 4DA5D2E21C2F830B0031FBE5 /* blurExample1.png */; };
		4DA5D2F01C2F830B0031FBE5 /* blurExample.png in Resources */ = {isa = PBXBuildFile; fileRef = 4DA5D2E31C2F830B0031FBE5 /* blurExample.png */; };
		4DA5D2F21C2F831D0031FBE5 /* LaunchScreen.storyboard in Resources */ = {isa = PBXBuildFile; fileRef = 4DA5D2F11C2F831D0031FBE5 /* LaunchScreen.storyboard */; };
		4DA5D2F41C2F83310031FBE5 /* Main.storyboard in Resources */ = {isa = PBXBuildFile; fileRef = 4DA5D2F31C2F83300031FBE5 /* Main.storyboard */; };
		4DA5D2FB1C2F85750031FBE5 /* KMPlaceholderTextView.swift in Sources */ = {isa = PBXBuildFile; fileRef = 4DA5D2FA1C2F85750031FBE5 /* KMPlaceholderTextView.swift */; };
		4DA5D3091C2F88810031FBE5 /* DiscoverViewController.m in Sources */ = {isa = PBXBuildFile; fileRef = 4DA5D3071C2F88810031FBE5 /* DiscoverViewController.m */; };
		4DA5D3191C2F8A8E0031FBE5 /* ForYouViewController.xib in Resources */ = {isa = PBXBuildFile; fileRef = 4DA5D30B1C2F889C0031FBE5 /* ForYouViewController.xib */; };
		4DA5D31A1C2F8A8E0031FBE5 /* GenresCollectionViewController.xib in Resources */ = {isa = PBXBuildFile; fileRef = 4DA5D30C1C2F889C0031FBE5 /* GenresCollectionViewController.xib */; };
		4DA5D31B1C2F8A8E0031FBE5 /* StationsViewController.xib in Resources */ = {isa = PBXBuildFile; fileRef = 4DA5D30A1C2F889C0031FBE5 /* StationsViewController.xib */; };
		4DA5D31D1C2F8AA60031FBE5 /* CollectionView.xib in Resources */ = {isa = PBXBuildFile; fileRef = 4DA5D31C1C2F8AA60031FBE5 /* CollectionView.xib */; };
/* End PBXBuildFile section */

/* Begin PBXContainerItemProxy section */
		4DBDE0341BADC2BA00CD02CC /* PBXContainerItemProxy */ = {
			isa = PBXContainerItemProxy;
			containerPortal = 4DBDE00F1BADC2B900CD02CC /* Project object */;
			proxyType = 1;
			remoteGlobalIDString = 4DBDE0161BADC2BA00CD02CC;
			remoteInfo = Tomahawk;
		};
		4DBDE03F1BADC2BA00CD02CC /* PBXContainerItemProxy */ = {
			isa = PBXContainerItemProxy;
			containerPortal = 4DBDE00F1BADC2B900CD02CC /* Project object */;
			proxyType = 1;
			remoteGlobalIDString = 4DBDE0161BADC2BA00CD02CC;
			remoteInfo = Tomahawk;
		};
/* End PBXContainerItemProxy section */

/* Begin PBXFileReference section */
		4DA5D1D81C2F80F40031FBE5 /* Images.xcassets */ = {isa = PBXFileReference; lastKnownFileType = folder.assetcatalog; name = Images.xcassets; path = Tomahawk/Images.xcassets; sourceTree = "<group>"; };
		4DA5D1DB1C2F815D0031FBE5 /* HMSegmentedControl.m */ = {isa = PBXFileReference; lastKnownFileType = sourcecode.c.objc; name = HMSegmentedControl.m; path = Tomahawk/UI/HMSegmentedControl.m; sourceTree = "<group>"; };
		4DA5D1DC1C2F815D0031FBE5 /* HMSegmentedControl.h */ = {isa = PBXFileReference; lastKnownFileType = sourcecode.c.h; name = HMSegmentedControl.h; path = Tomahawk/UI/HMSegmentedControl.h; sourceTree = "<group>"; };
		4DA5D1DF1C2F817B0031FBE5 /* FeedViewController.h */ = {isa = PBXFileReference; lastKnownFileType = sourcecode.c.h; name = FeedViewController.h; path = "Tomahawk/UI/View Controllers/FeedViewController.h"; sourceTree = "<group>"; };
		4DA5D1E01C2F817B0031FBE5 /* FeedViewController.m */ = {isa = PBXFileReference; lastKnownFileType = sourcecode.c.objc; name = FeedViewController.m; path = "Tomahawk/UI/View Controllers/FeedViewController.m"; sourceTree = "<group>"; };
		4DA5D1E21C2F817B0031FBE5 /* MyMusicDetailViewController.m */ = {isa = PBXFileReference; lastKnownFileType = sourcecode.c.objc; name = MyMusicDetailViewController.m; path = "Tomahawk/UI/View Controllers/MyMusicDetailViewController.m"; sourceTree = "<group>"; };
		4DA5D1E31C2F817B0031FBE5 /* NowPlayingViewController.h */ = {isa = PBXFileReference; lastKnownFileType = sourcecode.c.h; name = NowPlayingViewController.h; path = "Tomahawk/UI/View Controllers/NowPlayingViewController.h"; sourceTree = "<group>"; };
		4DA5D1E41C2F817B0031FBE5 /* NowPlayingViewController.m */ = {isa = PBXFileReference; lastKnownFileType = sourcecode.c.objc; name = NowPlayingViewController.m; path = "Tomahawk/UI/View Controllers/NowPlayingViewController.m"; sourceTree = "<group>"; };
		4DA5D1E61C2F817B0031FBE5 /* MyMusicViewController.h */ = {isa = PBXFileReference; lastKnownFileType = sourcecode.c.h; name = MyMusicViewController.h; path = "Tomahawk/UI/View Controllers/MyMusicViewController.h"; sourceTree = "<group>"; };
		4DA5D1E71C2F817B0031FBE5 /* MyMusicViewController.m */ = {isa = PBXFileReference; lastKnownFileType = sourcecode.c.objc; name = MyMusicViewController.m; path = "Tomahawk/UI/View Controllers/MyMusicViewController.m"; sourceTree = "<group>"; };
		4DA5D1E81C2F817B0031FBE5 /* MyMusicDetailViewController.h */ = {isa = PBXFileReference; lastKnownFileType = sourcecode.c.h; name = MyMusicDetailViewController.h; path = "Tomahawk/UI/View Controllers/MyMusicDetailViewController.h"; sourceTree = "<group>"; };
		4DA5D1F31C2F81A00031FBE5 /* StationsViewController.m */ = {isa = PBXFileReference; lastKnownFileType = sourcecode.c.objc; name = StationsViewController.m; path = "Tomahawk/UI/View Controllers/Radio View Controllers/StationsViewController.m"; sourceTree = "<group>"; };
		4DA5D1F41C2F81A00031FBE5 /* RadioViewController.m */ = {isa = PBXFileReference; lastKnownFileType = sourcecode.c.objc; name = RadioViewController.m; path = "Tomahawk/UI/View Controllers/Radio View Controllers/RadioViewController.m"; sourceTree = "<group>"; };
		4DA5D1F51C2F81A00031FBE5 /* StationsViewController.h */ = {isa = PBXFileReference; lastKnownFileType = sourcecode.c.h; name = StationsViewController.h; path = "Tomahawk/UI/View Controllers/Radio View Controllers/StationsViewController.h"; sourceTree = "<group>"; };
		4DA5D1F61C2F81A00031FBE5 /* GenresCollectionViewController.m */ = {isa = PBXFileReference; lastKnownFileType = sourcecode.c.objc; name = GenresCollectionViewController.m; path = "Tomahawk/UI/View Controllers/Radio View Controllers/GenresCollectionViewController.m"; sourceTree = "<group>"; };
		4DA5D1F71C2F81A00031FBE5 /* ForYouViewController.m */ = {isa = PBXFileReference; lastKnownFileType = sourcecode.c.objc; name = ForYouViewController.m; path = "Tomahawk/UI/View Controllers/Radio View Controllers/ForYouViewController.m"; sourceTree = "<group>"; };
		4DA5D1F81C2F81A00031FBE5 /* ForYouViewController.h */ = {isa = PBXFileReference; lastKnownFileType = sourcecode.c.h; name = ForYouViewController.h; path = "Tomahawk/UI/View Controllers/Radio View Controllers/ForYouViewController.h"; sourceTree = "<group>"; };
		4DA5D1F91C2F81A00031FBE5 /* RadioViewController.h */ = {isa = PBXFileReference; lastKnownFileType = sourcecode.c.h; name = RadioViewController.h; path = "Tomahawk/UI/View Controllers/Radio View Controllers/RadioViewController.h"; sourceTree = "<group>"; };
		4DA5D1FA1C2F81A00031FBE5 /* GenresCollectionViewController.h */ = {isa = PBXFileReference; lastKnownFileType = sourcecode.c.h; name = GenresCollectionViewController.h; path = "Tomahawk/UI/View Controllers/Radio View Controllers/GenresCollectionViewController.h"; sourceTree = "<group>"; };
		4DA5D1FB1C2F81A00031FBE5 /* MoodsViewController.h */ = {isa = PBXFileReference; lastKnownFileType = sourcecode.c.h; name = MoodsViewController.h; path = "Tomahawk/UI/View Controllers/Radio View Controllers/MoodsViewController.h"; sourceTree = "<group>"; };
		4DA5D1FC1C2F81A00031FBE5 /* MoodsViewController.m */ = {isa = PBXFileReference; lastKnownFileType = sourcecode.c.objc; name = MoodsViewController.m; path = "Tomahawk/UI/View Controllers/Radio View Controllers/MoodsViewController.m"; sourceTree = "<group>"; };
		4DA5D2071C2F81B80031FBE5 /* AppDelegate.m */ = {isa = PBXFileReference; lastKnownFileType = sourcecode.c.objc; name = AppDelegate.m; path = Tomahawk/Startup/AppDelegate.m; sourceTree = "<group>"; };
		4DA5D2081C2F81B80031FBE5 /* AppDelegate.h */ = {isa = PBXFileReference; lastKnownFileType = sourcecode.c.h; name = AppDelegate.h; path = Tomahawk/Startup/AppDelegate.h; sourceTree = "<group>"; };
		4DA5D20B1C2F81D30031FBE5 /* InfoTableViewController.m */ = {isa = PBXFileReference; lastKnownFileType = sourcecode.c.objc; name = InfoTableViewController.m; path = "Tomahawk/UI/View Controllers/Settings View Controllers/InfoTableViewController.m"; sourceTree = "<group>"; };
		4DA5D20C1C2F81D30031FBE5 /* InfoTableViewController.h */ = {isa = PBXFileReference; lastKnownFileType = sourcecode.c.h; name = InfoTableViewController.h; path = "Tomahawk/UI/View Controllers/Settings View Controllers/InfoTableViewController.h"; sourceTree = "<group>"; };
		4DA5D20D1C2F81D30031FBE5 /* ConnectCollectionViewController.m */ = {isa = PBXFileReference; lastKnownFileType = sourcecode.c.objc; name = ConnectCollectionViewController.m; path = "Tomahawk/UI/View Controllers/Settings View Controllers/ConnectCollectionViewController.m"; sourceTree = "<group>"; };
		4DA5D20E1C2F81D30031FBE5 /* ConnectCollectionViewController.h */ = {isa = PBXFileReference; lastKnownFileType = sourcecode.c.h; name = ConnectCollectionViewController.h; path = "Tomahawk/UI/View Controllers/Settings View Controllers/ConnectCollectionViewController.h"; sourceTree = "<group>"; };
		4DA5D20F1C2F81D30031FBE5 /* SettingsViewController.h */ = {isa = PBXFileReference; lastKnownFileType = sourcecode.c.h; name = SettingsViewController.h; path = "Tomahawk/UI/View Controllers/Settings View Controllers/SettingsViewController.h"; sourceTree = "<group>"; };
		4DA5D2101C2F81D30031FBE5 /* SettingsViewController.m */ = {isa = PBXFileReference; lastKnownFileType = sourcecode.c.objc; name = SettingsViewController.m; path = "Tomahawk/UI/View Controllers/Settings View Controllers/SettingsViewController.m"; sourceTree = "<group>"; };
		4DA5D2111C2F81D30031FBE5 /* BugReportViewController.h */ = {isa = PBXFileReference; lastKnownFileType = sourcecode.c.h; name = BugReportViewController.h; path = "Tomahawk/UI/View Controllers/Settings View Controllers/BugReportViewController.h"; sourceTree = "<group>"; };
		4DA5D2121C2F81D30031FBE5 /* BugReportViewController.m */ = {isa = PBXFileReference; lastKnownFileType = sourcecode.c.objc; name = BugReportViewController.m; path = "Tomahawk/UI/View Controllers/Settings View Controllers/BugReportViewController.m"; sourceTree = "<group>"; };
		4DA5D21B1C2F81F50031FBE5 /* main.m */ = {isa = PBXFileReference; lastKnownFileType = sourcecode.c.objc; name = main.m; path = "Tomahawk/Supporting Files/main.m"; sourceTree = "<group>"; };
		4DA5D21D1C2F82060031FBE5 /* NavigationController.m */ = {isa = PBXFileReference; lastKnownFileType = sourcecode.c.objc; name = NavigationController.m; path = "Tomahawk/UI/Custom Navigation Controller/NavigationController.m"; sourceTree = "<group>"; };
		4DA5D21E1C2F82060031FBE5 /* NavigationController.h */ = {isa = PBXFileReference; lastKnownFileType = sourcecode.c.h; name = NavigationController.h; path = "Tomahawk/UI/Custom Navigation Controller/NavigationController.h"; sourceTree = "<group>"; };
		4DA5D2211C2F82190031FBE5 /* CollectionViewCell.m */ = {isa = PBXFileReference; lastKnownFileType = sourcecode.c.objc; name = CollectionViewCell.m; path = "Tomahawk/UI/Custom Collection View Cells/CollectionViewCell.m"; sourceTree = "<group>"; };
		4DA5D2221C2F82190031FBE5 /* CollectionViewCell.h */ = {isa = PBXFileReference; lastKnownFileType = sourcecode.c.h; name = CollectionViewCell.h; path = "Tomahawk/UI/Custom Collection View Cells/CollectionViewCell.h"; sourceTree = "<group>"; };
		4DA5D2231C2F82190031FBE5 /* ConnectCell.h */ = {isa = PBXFileReference; lastKnownFileType = sourcecode.c.h; name = ConnectCell.h; path = "Tomahawk/UI/Custom Collection View Cells/ConnectCell.h"; sourceTree = "<group>"; };
		4DA5D2241C2F82190031FBE5 /* ConnectCell.m */ = {isa = PBXFileReference; lastKnownFileType = sourcecode.c.objc; name = ConnectCell.m; path = "Tomahawk/UI/Custom Collection View Cells/ConnectCell.m"; sourceTree = "<group>"; };
		4DA5D2291C2F82340031FBE5 /* MyAdditions.h */ = {isa = PBXFileReference; lastKnownFileType = sourcecode.c.h; name = MyAdditions.h; path = Tomahawk/Resources/MyAdditions.h; sourceTree = "<group>"; };
		4DA5D22A1C2F82340031FBE5 /* MyAdditions.m */ = {isa = PBXFileReference; lastKnownFileType = sourcecode.c.objc; name = MyAdditions.m; path = Tomahawk/Resources/MyAdditions.m; sourceTree = "<group>"; };
		4DA5D22B1C2F82340031FBE5 /* dispatch_cancelable_block.h */ = {isa = PBXFileReference; lastKnownFileType = sourcecode.c.h; name = dispatch_cancelable_block.h; path = Tomahawk/Resources/dispatch_cancelable_block.h; sourceTree = "<group>"; };
		4DA5D2351C2F82440031FBE5 /* CCColorCube.m */ = {isa = PBXFileReference; lastKnownFileType = sourcecode.c.objc; name = CCColorCube.m; path = "Tomahawk/Resources/Color Extractor/CCColorCube.m"; sourceTree = "<group>"; };
		4DA5D2361C2F82440031FBE5 /* CCColorCube.h */ = {isa = PBXFileReference; lastKnownFileType = sourcecode.c.h; name = CCColorCube.h; path = "Tomahawk/Resources/Color Extractor/CCColorCube.h"; sourceTree = "<group>"; };
		4DA5D2371C2F82440031FBE5 /* CCLocalMaximum.h */ = {isa = PBXFileReference; lastKnownFileType = sourcecode.c.h; name = CCLocalMaximum.h; path = "Tomahawk/Resources/Color Extractor/CCLocalMaximum.h"; sourceTree = "<group>"; };
		4DA5D2381C2F82440031FBE5 /* CCLocalMaximum.m */ = {isa = PBXFileReference; lastKnownFileType = sourcecode.c.objc; name = CCLocalMaximum.m; path = "Tomahawk/Resources/Color Extractor/CCLocalMaximum.m"; sourceTree = "<group>"; };
		4DA5D23D1C2F825F0031FBE5 /* DGActivityIndicatorAnimationProtocol.h */ = {isa = PBXFileReference; lastKnownFileType = sourcecode.c.h; name = DGActivityIndicatorAnimationProtocol.h; path = "Tomahawk/Resources/Loading Indicator/DGActivityIndicatorAnimationProtocol.h"; sourceTree = "<group>"; };
		4DA5D23E1C2F825F0031FBE5 /* DGActivityIndicatorView.h */ = {isa = PBXFileReference; lastKnownFileType = sourcecode.c.h; name = DGActivityIndicatorView.h; path = "Tomahawk/Resources/Loading Indicator/DGActivityIndicatorView.h"; sourceTree = "<group>"; };
		4DA5D23F1C2F825F0031FBE5 /* DGActivityIndicatorView.m */ = {isa = PBXFileReference; lastKnownFileType = sourcecode.c.objc; name = DGActivityIndicatorView.m; path = "Tomahawk/Resources/Loading Indicator/DGActivityIndicatorView.m"; sourceTree = "<group>"; };
		4DA5D2431C2F82780031FBE5 /* DGActivityIndicatorBallBeatAnimation.h */ = {isa = PBXFileReference; lastKnownFileType = sourcecode.c.h; name = DGActivityIndicatorBallBeatAnimation.h; path = "Tomahawk/Resources/Loading Indicator/Animations/DGActivityIndicatorBallBeatAnimation.h"; sourceTree = "<group>"; };
		4DA5D2441C2F82780031FBE5 /* DGActivityIndicatorBallBeatAnimation.m */ = {isa = PBXFileReference; lastKnownFileType = sourcecode.c.objc; name = DGActivityIndicatorBallBeatAnimation.m; path = "Tomahawk/Resources/Loading Indicator/Animations/DGActivityIndicatorBallBeatAnimation.m"; sourceTree = "<group>"; };
		4DA5D2451C2F82780031FBE5 /* DGActivityIndicatorBallClipRotateAnimation.h */ = {isa = PBXFileReference; lastKnownFileType = sourcecode.c.h; name = DGActivityIndicatorBallClipRotateAnimation.h; path = "Tomahawk/Resources/Loading Indicator/Animations/DGActivityIndicatorBallClipRotateAnimation.h"; sourceTree = "<group>"; };
		4DA5D2461C2F82780031FBE5 /* DGActivityIndicatorBallClipRotateAnimation.m */ = {isa = PBXFileReference; lastKnownFileType = sourcecode.c.objc; name = DGActivityIndicatorBallClipRotateAnimation.m; path = "Tomahawk/Resources/Loading Indicator/Animations/DGActivityIndicatorBallClipRotateAnimation.m"; sourceTree = "<group>"; };
		4DA5D2471C2F82780031FBE5 /* DGActivityIndicatorBallClipRotateMultipleAnimation.h */ = {isa = PBXFileReference; lastKnownFileType = sourcecode.c.h; name = DGActivityIndicatorBallClipRotateMultipleAnimation.h; path = "Tomahawk/Resources/Loading Indicator/Animations/DGActivityIndicatorBallClipRotateMultipleAnimation.h"; sourceTree = "<group>"; };
		4DA5D2481C2F82780031FBE5 /* DGActivityIndicatorBallClipRotateMultipleAnimation.m */ = {isa = PBXFileReference; lastKnownFileType = sourcecode.c.objc; name = DGActivityIndicatorBallClipRotateMultipleAnimation.m; path = "Tomahawk/Resources/Loading Indicator/Animations/DGActivityIndicatorBallClipRotateMultipleAnimation.m"; sourceTree = "<group>"; };
		4DA5D2491C2F82780031FBE5 /* DGActivityIndicatorBallClipRotatePulseAnimation.h */ = {isa = PBXFileReference; lastKnownFileType = sourcecode.c.h; name = DGActivityIndicatorBallClipRotatePulseAnimation.h; path = "Tomahawk/Resources/Loading Indicator/Animations/DGActivityIndicatorBallClipRotatePulseAnimation.h"; sourceTree = "<group>"; };
		4DA5D24A1C2F82780031FBE5 /* DGActivityIndicatorBallClipRotatePulseAnimation.m */ = {isa = PBXFileReference; lastKnownFileType = sourcecode.c.objc; name = DGActivityIndicatorBallClipRotatePulseAnimation.m; path = "Tomahawk/Resources/Loading Indicator/Animations/DGActivityIndicatorBallClipRotatePulseAnimation.m"; sourceTree = "<group>"; };
		4DA5D24B1C2F82780031FBE5 /* DGActivityIndicatorBallGridBeatAnimation.h */ = {isa = PBXFileReference; lastKnownFileType = sourcecode.c.h; name = DGActivityIndicatorBallGridBeatAnimation.h; path = "Tomahawk/Resources/Loading Indicator/Animations/DGActivityIndicatorBallGridBeatAnimation.h"; sourceTree = "<group>"; };
		4DA5D24C1C2F82780031FBE5 /* DGActivityIndicatorBallGridBeatAnimation.m */ = {isa = PBXFileReference; lastKnownFileType = sourcecode.c.objc; name = DGActivityIndicatorBallGridBeatAnimation.m; path = "Tomahawk/Resources/Loading Indicator/Animations/DGActivityIndicatorBallGridBeatAnimation.m"; sourceTree = "<group>"; };
		4DA5D24D1C2F82780031FBE5 /* DGActivityIndicatorBallGridPulseAnimation.h */ = {isa = PBXFileReference; lastKnownFileType = sourcecode.c.h; name = DGActivityIndicatorBallGridPulseAnimation.h; path = "Tomahawk/Resources/Loading Indicator/Animations/DGActivityIndicatorBallGridPulseAnimation.h"; sourceTree = "<group>"; };
		4DA5D24E1C2F82780031FBE5 /* DGActivityIndicatorBallGridPulseAnimation.m */ = {isa = PBXFileReference; lastKnownFileType = sourcecode.c.objc; name = DGActivityIndicatorBallGridPulseAnimation.m; path = "Tomahawk/Resources/Loading Indicator/Animations/DGActivityIndicatorBallGridPulseAnimation.m"; sourceTree = "<group>"; };
		4DA5D24F1C2F82780031FBE5 /* DGActivityIndicatorBallPulseAnimation.h */ = {isa = PBXFileReference; lastKnownFileType = sourcecode.c.h; name = DGActivityIndicatorBallPulseAnimation.h; path = "Tomahawk/Resources/Loading Indicator/Animations/DGActivityIndicatorBallPulseAnimation.h"; sourceTree = "<group>"; };
		4DA5D2501C2F82780031FBE5 /* DGActivityIndicatorBallPulseAnimation.m */ = {isa = PBXFileReference; lastKnownFileType = sourcecode.c.objc; name = DGActivityIndicatorBallPulseAnimation.m; path = "Tomahawk/Resources/Loading Indicator/Animations/DGActivityIndicatorBallPulseAnimation.m"; sourceTree = "<group>"; };
		4DA5D2511C2F82780031FBE5 /* DGActivityIndicatorBallPulseSyncAnimation.h */ = {isa = PBXFileReference; lastKnownFileType = sourcecode.c.h; name = DGActivityIndicatorBallPulseSyncAnimation.h; path = "Tomahawk/Resources/Loading Indicator/Animations/DGActivityIndicatorBallPulseSyncAnimation.h"; sourceTree = "<group>"; };
		4DA5D2521C2F82780031FBE5 /* DGActivityIndicatorBallPulseSyncAnimation.m */ = {isa = PBXFileReference; lastKnownFileType = sourcecode.c.objc; name = DGActivityIndicatorBallPulseSyncAnimation.m; path = "Tomahawk/Resources/Loading Indicator/Animations/DGActivityIndicatorBallPulseSyncAnimation.m"; sourceTree = "<group>"; };
		4DA5D2531C2F82780031FBE5 /* DGActivityIndicatorBallRotateAnimation.h */ = {isa = PBXFileReference; lastKnownFileType = sourcecode.c.h; name = DGActivityIndicatorBallRotateAnimation.h; path = "Tomahawk/Resources/Loading Indicator/Animations/DGActivityIndicatorBallRotateAnimation.h"; sourceTree = "<group>"; };
		4DA5D2541C2F82780031FBE5 /* DGActivityIndicatorBallRotateAnimation.m */ = {isa = PBXFileReference; lastKnownFileType = sourcecode.c.objc; name = DGActivityIndicatorBallRotateAnimation.m; path = "Tomahawk/Resources/Loading Indicator/Animations/DGActivityIndicatorBallRotateAnimation.m"; sourceTree = "<group>"; };
		4DA5D2551C2F82780031FBE5 /* DGActivityIndicatorBallScaleAnimation.h */ = {isa = PBXFileReference; lastKnownFileType = sourcecode.c.h; name = DGActivityIndicatorBallScaleAnimation.h; path = "Tomahawk/Resources/Loading Indicator/Animations/DGActivityIndicatorBallScaleAnimation.h"; sourceTree = "<group>"; };
		4DA5D2561C2F82780031FBE5 /* DGActivityIndicatorBallScaleAnimation.m */ = {isa = PBXFileReference; lastKnownFileType = sourcecode.c.objc; name = DGActivityIndicatorBallScaleAnimation.m; path = "Tomahawk/Resources/Loading Indicator/Animations/DGActivityIndicatorBallScaleAnimation.m"; sourceTree = "<group>"; };
		4DA5D2571C2F82780031FBE5 /* DGActivityIndicatorBallScaleMultipleAnimation.h */ = {isa = PBXFileReference; lastKnownFileType = sourcecode.c.h; name = DGActivityIndicatorBallScaleMultipleAnimation.h; path = "Tomahawk/Resources/Loading Indicator/Animations/DGActivityIndicatorBallScaleMultipleAnimation.h"; sourceTree = "<group>"; };
		4DA5D2581C2F82780031FBE5 /* DGActivityIndicatorBallScaleMultipleAnimation.m */ = {isa = PBXFileReference; lastKnownFileType = sourcecode.c.objc; name = DGActivityIndicatorBallScaleMultipleAnimation.m; path = "Tomahawk/Resources/Loading Indicator/Animations/DGActivityIndicatorBallScaleMultipleAnimation.m"; sourceTree = "<group>"; };
		4DA5D2591C2F82780031FBE5 /* DGActivityIndicatorBallScaleRippleAnimation.h */ = {isa = PBXFileReference; lastKnownFileType = sourcecode.c.h; name = DGActivityIndicatorBallScaleRippleAnimation.h; path = "Tomahawk/Resources/Loading Indicator/Animations/DGActivityIndicatorBallScaleRippleAnimation.h"; sourceTree = "<group>"; };
		4DA5D25A1C2F82780031FBE5 /* DGActivityIndicatorBallScaleRippleAnimation.m */ = {isa = PBXFileReference; lastKnownFileType = sourcecode.c.objc; name = DGActivityIndicatorBallScaleRippleAnimation.m; path = "Tomahawk/Resources/Loading Indicator/Animations/DGActivityIndicatorBallScaleRippleAnimation.m"; sourceTree = "<group>"; };
		4DA5D25B1C2F82780031FBE5 /* DGActivityIndicatorBallScaleRippleMultipleAnimation.h */ = {isa = PBXFileReference; lastKnownFileType = sourcecode.c.h; name = DGActivityIndicatorBallScaleRippleMultipleAnimation.h; path = "Tomahawk/Resources/Loading Indicator/Animations/DGActivityIndicatorBallScaleRippleMultipleAnimation.h"; sourceTree = "<group>"; };
		4DA5D25C1C2F82780031FBE5 /* DGActivityIndicatorBallScaleRippleMultipleAnimation.m */ = {isa = PBXFileReference; lastKnownFileType = sourcecode.c.objc; name = DGActivityIndicatorBallScaleRippleMultipleAnimation.m; path = "Tomahawk/Resources/Loading Indicator/Animations/DGActivityIndicatorBallScaleRippleMultipleAnimation.m"; sourceTree = "<group>"; };
		4DA5D25D1C2F82780031FBE5 /* DGActivityIndicatorBallTrianglePathAnimation.h */ = {isa = PBXFileReference; lastKnownFileType = sourcecode.c.h; name = DGActivityIndicatorBallTrianglePathAnimation.h; path = "Tomahawk/Resources/Loading Indicator/Animations/DGActivityIndicatorBallTrianglePathAnimation.h"; sourceTree = "<group>"; };
		4DA5D25E1C2F82780031FBE5 /* DGActivityIndicatorBallTrianglePathAnimation.m */ = {isa = PBXFileReference; lastKnownFileType = sourcecode.c.objc; name = DGActivityIndicatorBallTrianglePathAnimation.m; path = "Tomahawk/Resources/Loading Indicator/Animations/DGActivityIndicatorBallTrianglePathAnimation.m"; sourceTree = "<group>"; };
		4DA5D25F1C2F82780031FBE5 /* DGActivityIndicatorBallZigZagAnimation.h */ = {isa = PBXFileReference; lastKnownFileType = sourcecode.c.h; name = DGActivityIndicatorBallZigZagAnimation.h; path = "Tomahawk/Resources/Loading Indicator/Animations/DGActivityIndicatorBallZigZagAnimation.h"; sourceTree = "<group>"; };
		4DA5D2601C2F82780031FBE5 /* DGActivityIndicatorBallZigZagAnimation.m */ = {isa = PBXFileReference; lastKnownFileType = sourcecode.c.objc; name = DGActivityIndicatorBallZigZagAnimation.m; path = "Tomahawk/Resources/Loading Indicator/Animations/DGActivityIndicatorBallZigZagAnimation.m"; sourceTree = "<group>"; };
		4DA5D2611C2F82780031FBE5 /* DGActivityIndicatorBallZigZagDeflectAnimation.h */ = {isa = PBXFileReference; lastKnownFileType = sourcecode.c.h; name = DGActivityIndicatorBallZigZagDeflectAnimation.h; path = "Tomahawk/Resources/Loading Indicator/Animations/DGActivityIndicatorBallZigZagDeflectAnimation.h"; sourceTree = "<group>"; };
		4DA5D2621C2F82780031FBE5 /* DGActivityIndicatorBallZigZagDeflectAnimation.m */ = {isa = PBXFileReference; lastKnownFileType = sourcecode.c.objc; name = DGActivityIndicatorBallZigZagDeflectAnimation.m; path = "Tomahawk/Resources/Loading Indicator/Animations/DGActivityIndicatorBallZigZagDeflectAnimation.m"; sourceTree = "<group>"; };
		4DA5D2631C2F82780031FBE5 /* DGActivityIndicatorCookieTerminatorAnimation.h */ = {isa = PBXFileReference; lastKnownFileType = sourcecode.c.h; name = DGActivityIndicatorCookieTerminatorAnimation.h; path = "Tomahawk/Resources/Loading Indicator/Animations/DGActivityIndicatorCookieTerminatorAnimation.h"; sourceTree = "<group>"; };
		4DA5D2641C2F82780031FBE5 /* DGActivityIndicatorCookieTerminatorAnimation.m */ = {isa = PBXFileReference; lastKnownFileType = sourcecode.c.objc; name = DGActivityIndicatorCookieTerminatorAnimation.m; path = "Tomahawk/Resources/Loading Indicator/Animations/DGActivityIndicatorCookieTerminatorAnimation.m"; sourceTree = "<group>"; };
		4DA5D2651C2F82780031FBE5 /* DGActivityIndicatorDoubleBounceAnimation.h */ = {isa = PBXFileReference; lastKnownFileType = sourcecode.c.h; name = DGActivityIndicatorDoubleBounceAnimation.h; path = "Tomahawk/Resources/Loading Indicator/Animations/DGActivityIndicatorDoubleBounceAnimation.h"; sourceTree = "<group>"; };
		4DA5D2661C2F82780031FBE5 /* DGActivityIndicatorDoubleBounceAnimation.m */ = {isa = PBXFileReference; lastKnownFileType = sourcecode.c.objc; name = DGActivityIndicatorDoubleBounceAnimation.m; path = "Tomahawk/Resources/Loading Indicator/Animations/DGActivityIndicatorDoubleBounceAnimation.m"; sourceTree = "<group>"; };
		4DA5D2671C2F82780031FBE5 /* DGActivityIndicatorFiveDotsAnimation.h */ = {isa = PBXFileReference; lastKnownFileType = sourcecode.c.h; name = DGActivityIndicatorFiveDotsAnimation.h; path = "Tomahawk/Resources/Loading Indicator/Animations/DGActivityIndicatorFiveDotsAnimation.h"; sourceTree = "<group>"; };
		4DA5D2681C2F82780031FBE5 /* DGActivityIndicatorFiveDotsAnimation.m */ = {isa = PBXFileReference; lastKnownFileType = sourcecode.c.objc; name = DGActivityIndicatorFiveDotsAnimation.m; path = "Tomahawk/Resources/Loading Indicator/Animations/DGActivityIndicatorFiveDotsAnimation.m"; sourceTree = "<group>"; };
		4DA5D2691C2F82780031FBE5 /* DGActivityIndicatorLineScaleAnimation.h */ = {isa = PBXFileReference; lastKnownFileType = sourcecode.c.h; name = DGActivityIndicatorLineScaleAnimation.h; path = "Tomahawk/Resources/Loading Indicator/Animations/DGActivityIndicatorLineScaleAnimation.h"; sourceTree = "<group>"; };
		4DA5D26A1C2F82780031FBE5 /* DGActivityIndicatorLineScaleAnimation.m */ = {isa = PBXFileReference; lastKnownFileType = sourcecode.c.objc; name = DGActivityIndicatorLineScaleAnimation.m; path = "Tomahawk/Resources/Loading Indicator/Animations/DGActivityIndicatorLineScaleAnimation.m"; sourceTree = "<group>"; };
		4DA5D26B1C2F82780031FBE5 /* DGActivityIndicatorLineScalePartyAnimation.h */ = {isa = PBXFileReference; lastKnownFileType = sourcecode.c.h; name = DGActivityIndicatorLineScalePartyAnimation.h; path = "Tomahawk/Resources/Loading Indicator/Animations/DGActivityIndicatorLineScalePartyAnimation.h"; sourceTree = "<group>"; };
		4DA5D26C1C2F82780031FBE5 /* DGActivityIndicatorLineScalePartyAnimation.m */ = {isa = PBXFileReference; lastKnownFileType = sourcecode.c.objc; name = DGActivityIndicatorLineScalePartyAnimation.m; path = "Tomahawk/Resources/Loading Indicator/Animations/DGActivityIndicatorLineScalePartyAnimation.m"; sourceTree = "<group>"; };
		4DA5D26D1C2F82780031FBE5 /* DGActivityIndicatorLineScalePulseOutAnimation.h */ = {isa = PBXFileReference; lastKnownFileType = sourcecode.c.h; name = DGActivityIndicatorLineScalePulseOutAnimation.h; path = "Tomahawk/Resources/Loading Indicator/Animations/DGActivityIndicatorLineScalePulseOutAnimation.h"; sourceTree = "<group>"; };
		4DA5D26E1C2F82780031FBE5 /* DGActivityIndicatorLineScalePulseOutAnimation.m */ = {isa = PBXFileReference; lastKnownFileType = sourcecode.c.objc; name = DGActivityIndicatorLineScalePulseOutAnimation.m; path = "Tomahawk/Resources/Loading Indicator/Animations/DGActivityIndicatorLineScalePulseOutAnimation.m"; sourceTree = "<group>"; };
		4DA5D26F1C2F82780031FBE5 /* DGActivityIndicatorLineScalePulseOutRapidAnimation.h */ = {isa = PBXFileReference; lastKnownFileType = sourcecode.c.h; name = DGActivityIndicatorLineScalePulseOutRapidAnimation.h; path = "Tomahawk/Resources/Loading Indicator/Animations/DGActivityIndicatorLineScalePulseOutRapidAnimation.h"; sourceTree = "<group>"; };
		4DA5D2701C2F82780031FBE5 /* DGActivityIndicatorLineScalePulseOutRapidAnimation.m */ = {isa = PBXFileReference; lastKnownFileType = sourcecode.c.objc; name = DGActivityIndicatorLineScalePulseOutRapidAnimation.m; path = "Tomahawk/Resources/Loading Indicator/Animations/DGActivityIndicatorLineScalePulseOutRapidAnimation.m"; sourceTree = "<group>"; };
		4DA5D2711C2F82780031FBE5 /* DGActivityIndicatorNineDotsAnimation.h */ = {isa = PBXFileReference; lastKnownFileType = sourcecode.c.h; name = DGActivityIndicatorNineDotsAnimation.h; path = "Tomahawk/Resources/Loading Indicator/Animations/DGActivityIndicatorNineDotsAnimation.h"; sourceTree = "<group>"; };
		4DA5D2721C2F82780031FBE5 /* DGActivityIndicatorNineDotsAnimation.m */ = {isa = PBXFileReference; lastKnownFileType = sourcecode.c.objc; name = DGActivityIndicatorNineDotsAnimation.m; path = "Tomahawk/Resources/Loading Indicator/Animations/DGActivityIndicatorNineDotsAnimation.m"; sourceTree = "<group>"; };
		4DA5D2731C2F82780031FBE5 /* DGActivityIndicatorRotatingSandglassAnimation.h */ = {isa = PBXFileReference; lastKnownFileType = sourcecode.c.h; name = DGActivityIndicatorRotatingSandglassAnimation.h; path = "Tomahawk/Resources/Loading Indicator/Animations/DGActivityIndicatorRotatingSandglassAnimation.h"; sourceTree = "<group>"; };
		4DA5D2741C2F82780031FBE5 /* DGActivityIndicatorRotatingSandglassAnimation.m */ = {isa = PBXFileReference; lastKnownFileType = sourcecode.c.objc; name = DGActivityIndicatorRotatingSandglassAnimation.m; path = "Tomahawk/Resources/Loading Indicator/Animations/DGActivityIndicatorRotatingSandglassAnimation.m"; sourceTree = "<group>"; };
		4DA5D2751C2F82780031FBE5 /* DGActivityIndicatorRotatingSquaresAnimation.h */ = {isa = PBXFileReference; lastKnownFileType = sourcecode.c.h; name = DGActivityIndicatorRotatingSquaresAnimation.h; path = "Tomahawk/Resources/Loading Indicator/Animations/DGActivityIndicatorRotatingSquaresAnimation.h"; sourceTree = "<group>"; };
		4DA5D2761C2F82780031FBE5 /* DGActivityIndicatorRotatingSquaresAnimation.m */ = {isa = PBXFileReference; lastKnownFileType = sourcecode.c.objc; name = DGActivityIndicatorRotatingSquaresAnimation.m; path = "Tomahawk/Resources/Loading Indicator/Animations/DGActivityIndicatorRotatingSquaresAnimation.m"; sourceTree = "<group>"; };
		4DA5D2771C2F82780031FBE5 /* DGActivityIndicatorRotatingTrigonAnimation.h */ = {isa = PBXFileReference; lastKnownFileType = sourcecode.c.h; name = DGActivityIndicatorRotatingTrigonAnimation.h; path = "Tomahawk/Resources/Loading Indicator/Animations/DGActivityIndicatorRotatingTrigonAnimation.h"; sourceTree = "<group>"; };
		4DA5D2781C2F82780031FBE5 /* DGActivityIndicatorRotatingTrigonAnimation.m */ = {isa = PBXFileReference; lastKnownFileType = sourcecode.c.objc; name = DGActivityIndicatorRotatingTrigonAnimation.m; path = "Tomahawk/Resources/Loading Indicator/Animations/DGActivityIndicatorRotatingTrigonAnimation.m"; sourceTree = "<group>"; };
		4DA5D2791C2F82780031FBE5 /* DGActivityIndicatorThreeDotsAnimation.h */ = {isa = PBXFileReference; lastKnownFileType = sourcecode.c.h; name = DGActivityIndicatorThreeDotsAnimation.h; path = "Tomahawk/Resources/Loading Indicator/Animations/DGActivityIndicatorThreeDotsAnimation.h"; sourceTree = "<group>"; };
		4DA5D27A1C2F82780031FBE5 /* DGActivityIndicatorThreeDotsAnimation.m */ = {isa = PBXFileReference; lastKnownFileType = sourcecode.c.objc; name = DGActivityIndicatorThreeDotsAnimation.m; path = "Tomahawk/Resources/Loading Indicator/Animations/DGActivityIndicatorThreeDotsAnimation.m"; sourceTree = "<group>"; };
		4DA5D27B1C2F82780031FBE5 /* DGActivityIndicatorTriangleSkewSpinAnimation.h */ = {isa = PBXFileReference; lastKnownFileType = sourcecode.c.h; name = DGActivityIndicatorTriangleSkewSpinAnimation.h; path = "Tomahawk/Resources/Loading Indicator/Animations/DGActivityIndicatorTriangleSkewSpinAnimation.h"; sourceTree = "<group>"; };
		4DA5D27C1C2F82780031FBE5 /* DGActivityIndicatorTriangleSkewSpinAnimation.m */ = {isa = PBXFileReference; lastKnownFileType = sourcecode.c.objc; name = DGActivityIndicatorTriangleSkewSpinAnimation.m; path = "Tomahawk/Resources/Loading Indicator/Animations/DGActivityIndicatorTriangleSkewSpinAnimation.m"; sourceTree = "<group>"; };
		4DA5D27D1C2F82780031FBE5 /* DGActivityIndicatorTriplePulseAnimation.h */ = {isa = PBXFileReference; lastKnownFileType = sourcecode.c.h; name = DGActivityIndicatorTriplePulseAnimation.h; path = "Tomahawk/Resources/Loading Indicator/Animations/DGActivityIndicatorTriplePulseAnimation.h"; sourceTree = "<group>"; };
		4DA5D27E1C2F82780031FBE5 /* DGActivityIndicatorTriplePulseAnimation.m */ = {isa = PBXFileReference; lastKnownFileType = sourcecode.c.objc; name = DGActivityIndicatorTriplePulseAnimation.m; path = "Tomahawk/Resources/Loading Indicator/Animations/DGActivityIndicatorTriplePulseAnimation.m"; sourceTree = "<group>"; };
		4DA5D27F1C2F82780031FBE5 /* DGActivityIndicatorTripleRingsAnimation.h */ = {isa = PBXFileReference; lastKnownFileType = sourcecode.c.h; name = DGActivityIndicatorTripleRingsAnimation.h; path = "Tomahawk/Resources/Loading Indicator/Animations/DGActivityIndicatorTripleRingsAnimation.h"; sourceTree = "<group>"; };
		4DA5D2801C2F82780031FBE5 /* DGActivityIndicatorTripleRingsAnimation.m */ = {isa = PBXFileReference; lastKnownFileType = sourcecode.c.objc; name = DGActivityIndicatorTripleRingsAnimation.m; path = "Tomahawk/Resources/Loading Indicator/Animations/DGActivityIndicatorTripleRingsAnimation.m"; sourceTree = "<group>"; };
		4DA5D2811C2F82780031FBE5 /* DGActivityIndicatorTwoDotsAnimation.h */ = {isa = PBXFileReference; lastKnownFileType = sourcecode.c.h; name = DGActivityIndicatorTwoDotsAnimation.h; path = "Tomahawk/Resources/Loading Indicator/Animations/DGActivityIndicatorTwoDotsAnimation.h"; sourceTree = "<group>"; };
		4DA5D2821C2F82780031FBE5 /* DGActivityIndicatorTwoDotsAnimation.m */ = {isa = PBXFileReference; lastKnownFileType = sourcecode.c.objc; name = DGActivityIndicatorTwoDotsAnimation.m; path = "Tomahawk/Resources/Loading Indicator/Animations/DGActivityIndicatorTwoDotsAnimation.m"; sourceTree = "<group>"; };
		4DA5D2C31C2F82910031FBE5 /* SearchBar.m */ = {isa = PBXFileReference; lastKnownFileType = sourcecode.c.objc; name = SearchBar.m; path = "Tomahawk/UI/Custom Search Bar/SearchBar.m"; sourceTree = "<group>"; };
		4DA5D2C41C2F82910031FBE5 /* SearchBar.h */ = {isa = PBXFileReference; lastKnownFileType = sourcecode.c.h; name = SearchBar.h; path = "Tomahawk/UI/Custom Search Bar/SearchBar.h"; sourceTree = "<group>"; };
		4DA5D2C71C2F82A20031FBE5 /* MBProgressHUD.m */ = {isa = PBXFileReference; lastKnownFileType = sourcecode.c.objc; name = MBProgressHUD.m; path = "Tomahawk/UI/Custom Activity Indicator/MBProgressHUD.m"; sourceTree = "<group>"; };
		4DA5D2C81C2F82A20031FBE5 /* MBProgressHUD.h */ = {isa = PBXFileReference; lastKnownFileType = sourcecode.c.h; name = MBProgressHUD.h; path = "Tomahawk/UI/Custom Activity Indicator/MBProgressHUD.h"; sourceTree = "<group>"; };
		4DA5D2CB1C2F82B00031FBE5 /* TEngine.m */ = {isa = PBXFileReference; lastKnownFileType = sourcecode.c.objc; name = TEngine.m; path = "Tomahawk/Tomahawk API/TEngine.m"; sourceTree = "<group>"; };
		4DA5D2CC1C2F82B00031FBE5 /* TEngine.h */ = {isa = PBXFileReference; lastKnownFileType = sourcecode.c.h; name = TEngine.h; path = "Tomahawk/Tomahawk API/TEngine.h"; sourceTree = "<group>"; };
		4DA5D2CF1C2F82D80031FBE5 /* ConnectAlertController.m */ = {isa = PBXFileReference; lastKnownFileType = sourcecode.c.objc; name = ConnectAlertController.m; path = "Tomahawk/UI/Custom Alert Controller/ConnectAlertController.m"; sourceTree = "<group>"; };
		4DA5D2D01C2F82D80031FBE5 /* ConnectAlertController.h */ = {isa = PBXFileReference; lastKnownFileType = sourcecode.c.h; name = ConnectAlertController.h; path = "Tomahawk/UI/Custom Alert Controller/ConnectAlertController.h"; sourceTree = "<group>"; };
		4DA5D2D31C2F82E80031FBE5 /* CAPSPageMenu.h */ = {isa = PBXFileReference; lastKnownFileType = sourcecode.c.h; name = CAPSPageMenu.h; path = "Tomahawk/UI/Custom Page View/CAPSPageMenu.h"; sourceTree = "<group>"; };
		4DA5D2D41C2F82E80031FBE5 /* CAPSPageMenu.m */ = {isa = PBXFileReference; lastKnownFileType = sourcecode.c.objc; name = CAPSPageMenu.m; path = "Tomahawk/UI/Custom Page View/CAPSPageMenu.m"; sourceTree = "<group>"; };
		4DA5D2D71C2F830B0031FBE5 /* 13.png */ = {isa = PBXFileReference; lastKnownFileType = image.png; name = 13.png; path = "Tomahawk/Supporting Files/13.png"; sourceTree = "<group>"; };
		4DA5D2D81C2F830B0031FBE5 /* 12.png */ = {isa = PBXFileReference; lastKnownFileType = image.png; name = 12.png; path = "Tomahawk/Supporting Files/12.png"; sourceTree = "<group>"; };
		4DA5D2D91C2F830B0031FBE5 /* headphone4.png */ = {isa = PBXFileReference; lastKnownFileType = image.png; name = headphone4.png; path = "Tomahawk/Supporting Files/headphone4.png"; sourceTree = "<group>"; };
		4DA5D2DA1C2F830B0031FBE5 /* blurExample8.png */ = {isa = PBXFileReference; lastKnownFileType = image.png; name = blurExample8.png; path = "Tomahawk/Supporting Files/blurExample8.png"; sourceTree = "<group>"; };
		4DA5D2DB1C2F830B0031FBE5 /* blurExample6.png */ = {isa = PBXFileReference; lastKnownFileType = image.png; name = blurExample6.png; path = "Tomahawk/Supporting Files/blurExample6.png"; sourceTree = "<group>"; };
		4DA5D2DC1C2F830B0031FBE5 /* blurExample7.png */ = {isa = PBXFileReference; lastKnownFileType = image.png; name = blurExample7.png; path = "Tomahawk/Supporting Files/blurExample7.png"; sourceTree = "<group>"; };
		4DA5D2DD1C2F830B0031FBE5 /* blurExample5.png */ = {isa = PBXFileReference; lastKnownFileType = image.png; name = blurExample5.png; path = "Tomahawk/Supporting Files/blurExample5.png"; sourceTree = "<group>"; };
		4DA5D2DE1C2F830B0031FBE5 /* blurExample3.png */ = {isa = PBXFileReference; lastKnownFileType = image.png; name = blurExample3.png; path = "Tomahawk/Supporting Files/blurExample3.png"; sourceTree = "<group>"; };
		4DA5D2DF1C2F830B0031FBE5 /* blurExample4.png */ = {isa = PBXFileReference; lastKnownFileType = image.png; name = blurExample4.png; path = "Tomahawk/Supporting Files/blurExample4.png"; sourceTree = "<group>"; };
		4DA5D2E01C2F830B0031FBE5 /* blurExample2.png */ = {isa = PBXFileReference; lastKnownFileType = image.png; name = blurExample2.png; path = "Tomahawk/Supporting Files/blurExample2.png"; sourceTree = "<group>"; };
		4DA5D2E11C2F830B0031FBE5 /* blurImage.jpg */ = {isa = PBXFileReference; lastKnownFileType = image.jpeg; name = blurImage.jpg; path = "Tomahawk/Supporting Files/blurImage.jpg"; sourceTree = "<group>"; };
		4DA5D2E21C2F830B0031FBE5 /* blurExample1.png */ = {isa = PBXFileReference; lastKnownFileType = image.png; name = blurExample1.png; path = "Tomahawk/Supporting Files/blurExample1.png"; sourceTree = "<group>"; };
		4DA5D2E31C2F830B0031FBE5 /* blurExample.png */ = {isa = PBXFileReference; lastKnownFileType = image.png; name = blurExample.png; path = "Tomahawk/Supporting Files/blurExample.png"; sourceTree = "<group>"; };
		4DA5D2F11C2F831D0031FBE5 /* LaunchScreen.storyboard */ = {isa = PBXFileReference; lastKnownFileType = file.storyboard; name = LaunchScreen.storyboard; path = Tomahawk/Startup/LaunchScreen.storyboard; sourceTree = "<group>"; };
		4DA5D2F31C2F83300031FBE5 /* Main.storyboard */ = {isa = PBXFileReference; lastKnownFileType = file.storyboard; name = Main.storyboard; path = Tomahawk/UI/Main.storyboard; sourceTree = "<group>"; };
		4DA5D2F51C2F84950031FBE5 /* Info.plist */ = {isa = PBXFileReference; fileEncoding = 4; lastKnownFileType = text.plist.xml; name = Info.plist; path = "Tomahawk/Supporting Files/Info.plist"; sourceTree = "<group>"; };
		4DA5D2F91C2F85750031FBE5 /* KMPlaceholderTextView.h */ = {isa = PBXFileReference; fileEncoding = 4; lastKnownFileType = sourcecode.c.h; name = KMPlaceholderTextView.h; path = Tomahawk/Resources/KMPlaceholderTextView.h; sourceTree = "<group>"; };
		4DA5D2FA1C2F85750031FBE5 /* KMPlaceholderTextView.swift */ = {isa = PBXFileReference; fileEncoding = 4; lastKnownFileType = sourcecode.swift; name = KMPlaceholderTextView.swift; path = Tomahawk/Resources/KMPlaceholderTextView.swift; sourceTree = "<group>"; };
		4DA5D2FC1C2F85A40031FBE5 /* Tomahawk-Bridging-Header.h */ = {isa = PBXFileReference; fileEncoding = 4; lastKnownFileType = sourcecode.c.h; name = "Tomahawk-Bridging-Header.h"; path = "Tomahawk/Resources/Tomahawk-Bridging-Header.h"; sourceTree = "<group>"; };
		4DA5D3071C2F88810031FBE5 /* DiscoverViewController.m */ = {isa = PBXFileReference; fileEncoding = 4; lastKnownFileType = sourcecode.c.objc; name = DiscoverViewController.m; path = "Tomahawk/UI/View Controllers/Discover View Controllers/DiscoverViewController.m"; sourceTree = "<group>"; };
		4DA5D3081C2F88810031FBE5 /* DiscoverViewController.h */ = {isa = PBXFileReference; fileEncoding = 4; lastKnownFileType = sourcecode.c.h; name = DiscoverViewController.h; path = "Tomahawk/UI/View Controllers/Discover View Controllers/DiscoverViewController.h"; sourceTree = "<group>"; };
		4DA5D30A1C2F889C0031FBE5 /* StationsViewController.xib */ = {isa = PBXFileReference; fileEncoding = 4; lastKnownFileType = file.xib; name = StationsViewController.xib; path = "Tomahawk/UI/View Controllers/Radio View Controllers/StationsViewController.xib"; sourceTree = "<group>"; };
		4DA5D30B1C2F889C0031FBE5 /* ForYouViewController.xib */ = {isa = PBXFileReference; fileEncoding = 4; lastKnownFileType = file.xib; name = ForYouViewController.xib; path = "Tomahawk/UI/View Controllers/Radio View Controllers/ForYouViewController.xib"; sourceTree = "<group>"; };
		4DA5D30C1C2F889C0031FBE5 /* GenresCollectionViewController.xib */ = {isa = PBXFileReference; fileEncoding = 4; lastKnownFileType = file.xib; name = GenresCollectionViewController.xib; path = "Tomahawk/UI/View Controllers/Radio View Controllers/GenresCollectionViewController.xib"; sourceTree = "<group>"; };
		4DA5D31C1C2F8AA60031FBE5 /* CollectionView.xib */ = {isa = PBXFileReference; fileEncoding = 4; lastKnownFileType = file.xib; name = CollectionView.xib; path = "Tomahawk/UI/Custom Collection View Cells/CollectionView.xib"; sourceTree = "<group>"; };
		4DBDE0171BADC2BA00CD02CC /* Tomahawk.app */ = {isa = PBXFileReference; explicitFileType = wrapper.application; includeInIndex = 0; path = Tomahawk.app; sourceTree = BUILT_PRODUCTS_DIR; };
		4DBDE0331BADC2BA00CD02CC /* TomahawkTests.xctest */ = {isa = PBXFileReference; explicitFileType = wrapper.cfbundle; includeInIndex = 0; path = TomahawkTests.xctest; sourceTree = BUILT_PRODUCTS_DIR; };
		4DBDE03E1BADC2BA00CD02CC /* TomahawkUITests.xctest */ = {isa = PBXFileReference; explicitFileType = wrapper.cfbundle; includeInIndex = 0; path = TomahawkUITests.xctest; sourceTree = BUILT_PRODUCTS_DIR; };
/* End PBXFileReference section */

/* Begin PBXFrameworksBuildPhase section */
		4DBDE0141BADC2BA00CD02CC /* Frameworks */ = {
			isa = PBXFrameworksBuildPhase;
			buildActionMask = 2147483647;
			files = (
			);
			runOnlyForDeploymentPostprocessing = 0;
		};
		4DBDE0301BADC2BA00CD02CC /* Frameworks */ = {
			isa = PBXFrameworksBuildPhase;
			buildActionMask = 2147483647;
			files = (
			);
			runOnlyForDeploymentPostprocessing = 0;
		};
		4DBDE03B1BADC2BA00CD02CC /* Frameworks */ = {
			isa = PBXFrameworksBuildPhase;
			buildActionMask = 2147483647;
			files = (
			);
			runOnlyForDeploymentPostprocessing = 0;
		};
/* End PBXFrameworksBuildPhase section */

/* Begin PBXGroup section */
		4DA5D2FD1C2F86BA0031FBE5 /* Resources */ = {
			isa = PBXGroup;
			children = (
				4DA5D3051C2F87970031FBE5 /* Color Extractor */,
				4DA5D22B1C2F82340031FBE5 /* dispatch_cancelable_block.h */,
				4DA5D2F91C2F85750031FBE5 /* KMPlaceholderTextView.h */,
				4DA5D2FA1C2F85750031FBE5 /* KMPlaceholderTextView.swift */,
				4DA5D3041C2F873F0031FBE5 /* Loading Indicator */,
				4DA5D2291C2F82340031FBE5 /* MyAdditions.h */,
				4DA5D22A1C2F82340031FBE5 /* MyAdditions.m */,
				4DA5D2FC1C2F85A40031FBE5 /* Tomahawk-Bridging-Header.h */,
			);
			name = Resources;
			sourceTree = "<group>";
		};
		4DA5D2FE1C2F86CC0031FBE5 /* Startup */ = {
			isa = PBXGroup;
			children = (
				4DA5D2071C2F81B80031FBE5 /* AppDelegate.m */,
				4DA5D2081C2F81B80031FBE5 /* AppDelegate.h */,
				4DA5D2F11C2F831D0031FBE5 /* LaunchScreen.storyboard */,
			);
			name = Startup;
			sourceTree = "<group>";
		};
		4DA5D2FF1C2F86D40031FBE5 /* Supporting FIles */ = {
			isa = PBXGroup;
			children = (
				4DA5D2F51C2F84950031FBE5 /* Info.plist */,
				4DA5D2D71C2F830B0031FBE5 /* 13.png */,
				4DA5D2D81C2F830B0031FBE5 /* 12.png */,
				4DA5D2D91C2F830B0031FBE5 /* headphone4.png */,
				4DA5D2DA1C2F830B0031FBE5 /* blurExample8.png */,
				4DA5D2DB1C2F830B0031FBE5 /* blurExample6.png */,
				4DA5D2DC1C2F830B0031FBE5 /* blurExample7.png */,
				4DA5D2DD1C2F830B0031FBE5 /* blurExample5.png */,
				4DA5D2DE1C2F830B0031FBE5 /* blurExample3.png */,
				4DA5D2DF1C2F830B0031FBE5 /* blurExample4.png */,
				4DA5D2E01C2F830B0031FBE5 /* blurExample2.png */,
				4DA5D2E11C2F830B0031FBE5 /* blurImage.jpg */,
				4DA5D2E21C2F830B0031FBE5 /* blurExample1.png */,
				4DA5D2E31C2F830B0031FBE5 /* blurExample.png */,
				4DA5D21B1C2F81F50031FBE5 /* main.m */,
			);
			name = "Supporting FIles";
			sourceTree = "<group>";
		};
		4DA5D3001C2F86E10031FBE5 /* Tomahawk API */ = {
			isa = PBXGroup;
			children = (
				4DA5D2CB1C2F82B00031FBE5 /* TEngine.m */,
				4DA5D2CC1C2F82B00031FBE5 /* TEngine.h */,
			);
			name = "Tomahawk API";
			sourceTree = "<group>";
		};
		4DA5D3011C2F86EB0031FBE5 /* UI */ = {
			isa = PBXGroup;
			children = (
				4DA5D2F31C2F83300031FBE5 /* Main.storyboard */,
				4DA5D3151C2F898F0031FBE5 /* Custom Page View */,
				4DA5D3161C2F89970031FBE5 /* Custom Alert Controller */,
				4DA5D3131C2F89740031FBE5 /* Custom Activity Indicator */,
				4DA5D3141C2F897D0031FBE5 /* Custom Search Bar */,
				4DA5D3171C2F89A00031FBE5 /* Custom Collection View Cells */,
				4DA5D3181C2F89AF0031FBE5 /* Custom Navigation Controller */,
				4DA5D1DB1C2F815D0031FBE5 /* HMSegmentedControl.m */,
				4DA5D1DC1C2F815D0031FBE5 /* HMSegmentedControl.h */,
				4DA5D3061C2F88470031FBE5 /* View Controllers */,
			);
			name = UI;
			sourceTree = "<group>";
		};
		4DA5D3021C2F86EF0031FBE5 /* Vendor */ = {
			isa = PBXGroup;
			children = (
			);
			name = Vendor;
			sourceTree = "<group>";
		};
		4DA5D3031C2F870E0031FBE5 /* Animations */ = {
			isa = PBXGroup;
			children = (
				4DA5D2431C2F82780031FBE5 /* DGActivityIndicatorBallBeatAnimation.h */,
				4DA5D2441C2F82780031FBE5 /* DGActivityIndicatorBallBeatAnimation.m */,
				4DA5D2451C2F82780031FBE5 /* DGActivityIndicatorBallClipRotateAnimation.h */,
				4DA5D2461C2F82780031FBE5 /* DGActivityIndicatorBallClipRotateAnimation.m */,
				4DA5D2471C2F82780031FBE5 /* DGActivityIndicatorBallClipRotateMultipleAnimation.h */,
				4DA5D2481C2F82780031FBE5 /* DGActivityIndicatorBallClipRotateMultipleAnimation.m */,
				4DA5D2491C2F82780031FBE5 /* DGActivityIndicatorBallClipRotatePulseAnimation.h */,
				4DA5D24A1C2F82780031FBE5 /* DGActivityIndicatorBallClipRotatePulseAnimation.m */,
				4DA5D24B1C2F82780031FBE5 /* DGActivityIndicatorBallGridBeatAnimation.h */,
				4DA5D24C1C2F82780031FBE5 /* DGActivityIndicatorBallGridBeatAnimation.m */,
				4DA5D24D1C2F82780031FBE5 /* DGActivityIndicatorBallGridPulseAnimation.h */,
				4DA5D24E1C2F82780031FBE5 /* DGActivityIndicatorBallGridPulseAnimation.m */,
				4DA5D24F1C2F82780031FBE5 /* DGActivityIndicatorBallPulseAnimation.h */,
				4DA5D2501C2F82780031FBE5 /* DGActivityIndicatorBallPulseAnimation.m */,
				4DA5D2511C2F82780031FBE5 /* DGActivityIndicatorBallPulseSyncAnimation.h */,
				4DA5D2521C2F82780031FBE5 /* DGActivityIndicatorBallPulseSyncAnimation.m */,
				4DA5D2531C2F82780031FBE5 /* DGActivityIndicatorBallRotateAnimation.h */,
				4DA5D2541C2F82780031FBE5 /* DGActivityIndicatorBallRotateAnimation.m */,
				4DA5D2551C2F82780031FBE5 /* DGActivityIndicatorBallScaleAnimation.h */,
				4DA5D2561C2F82780031FBE5 /* DGActivityIndicatorBallScaleAnimation.m */,
				4DA5D2571C2F82780031FBE5 /* DGActivityIndicatorBallScaleMultipleAnimation.h */,
				4DA5D2581C2F82780031FBE5 /* DGActivityIndicatorBallScaleMultipleAnimation.m */,
				4DA5D2591C2F82780031FBE5 /* DGActivityIndicatorBallScaleRippleAnimation.h */,
				4DA5D25A1C2F82780031FBE5 /* DGActivityIndicatorBallScaleRippleAnimation.m */,
				4DA5D25B1C2F82780031FBE5 /* DGActivityIndicatorBallScaleRippleMultipleAnimation.h */,
				4DA5D25C1C2F82780031FBE5 /* DGActivityIndicatorBallScaleRippleMultipleAnimation.m */,
				4DA5D25D1C2F82780031FBE5 /* DGActivityIndicatorBallTrianglePathAnimation.h */,
				4DA5D25E1C2F82780031FBE5 /* DGActivityIndicatorBallTrianglePathAnimation.m */,
				4DA5D25F1C2F82780031FBE5 /* DGActivityIndicatorBallZigZagAnimation.h */,
				4DA5D2601C2F82780031FBE5 /* DGActivityIndicatorBallZigZagAnimation.m */,
				4DA5D2611C2F82780031FBE5 /* DGActivityIndicatorBallZigZagDeflectAnimation.h */,
				4DA5D2621C2F82780031FBE5 /* DGActivityIndicatorBallZigZagDeflectAnimation.m */,
				4DA5D2631C2F82780031FBE5 /* DGActivityIndicatorCookieTerminatorAnimation.h */,
				4DA5D2641C2F82780031FBE5 /* DGActivityIndicatorCookieTerminatorAnimation.m */,
				4DA5D2651C2F82780031FBE5 /* DGActivityIndicatorDoubleBounceAnimation.h */,
				4DA5D2661C2F82780031FBE5 /* DGActivityIndicatorDoubleBounceAnimation.m */,
				4DA5D2671C2F82780031FBE5 /* DGActivityIndicatorFiveDotsAnimation.h */,
				4DA5D2681C2F82780031FBE5 /* DGActivityIndicatorFiveDotsAnimation.m */,
				4DA5D2691C2F82780031FBE5 /* DGActivityIndicatorLineScaleAnimation.h */,
				4DA5D26A1C2F82780031FBE5 /* DGActivityIndicatorLineScaleAnimation.m */,
				4DA5D26B1C2F82780031FBE5 /* DGActivityIndicatorLineScalePartyAnimation.h */,
				4DA5D26C1C2F82780031FBE5 /* DGActivityIndicatorLineScalePartyAnimation.m */,
				4DA5D26D1C2F82780031FBE5 /* DGActivityIndicatorLineScalePulseOutAnimation.h */,
				4DA5D26E1C2F82780031FBE5 /* DGActivityIndicatorLineScalePulseOutAnimation.m */,
				4DA5D26F1C2F82780031FBE5 /* DGActivityIndicatorLineScalePulseOutRapidAnimation.h */,
				4DA5D2701C2F82780031FBE5 /* DGActivityIndicatorLineScalePulseOutRapidAnimation.m */,
				4DA5D2711C2F82780031FBE5 /* DGActivityIndicatorNineDotsAnimation.h */,
				4DA5D2721C2F82780031FBE5 /* DGActivityIndicatorNineDotsAnimation.m */,
				4DA5D2731C2F82780031FBE5 /* DGActivityIndicatorRotatingSandglassAnimation.h */,
				4DA5D2741C2F82780031FBE5 /* DGActivityIndicatorRotatingSandglassAnimation.m */,
				4DA5D2751C2F82780031FBE5 /* DGActivityIndicatorRotatingSquaresAnimation.h */,
				4DA5D2761C2F82780031FBE5 /* DGActivityIndicatorRotatingSquaresAnimation.m */,
				4DA5D2771C2F82780031FBE5 /* DGActivityIndicatorRotatingTrigonAnimation.h */,
				4DA5D2781C2F82780031FBE5 /* DGActivityIndicatorRotatingTrigonAnimation.m */,
				4DA5D2791C2F82780031FBE5 /* DGActivityIndicatorThreeDotsAnimation.h */,
				4DA5D27A1C2F82780031FBE5 /* DGActivityIndicatorThreeDotsAnimation.m */,
				4DA5D27B1C2F82780031FBE5 /* DGActivityIndicatorTriangleSkewSpinAnimation.h */,
				4DA5D27C1C2F82780031FBE5 /* DGActivityIndicatorTriangleSkewSpinAnimation.m */,
				4DA5D27D1C2F82780031FBE5 /* DGActivityIndicatorTriplePulseAnimation.h */,
				4DA5D27E1C2F82780031FBE5 /* DGActivityIndicatorTriplePulseAnimation.m */,
				4DA5D27F1C2F82780031FBE5 /* DGActivityIndicatorTripleRingsAnimation.h */,
				4DA5D2801C2F82780031FBE5 /* DGActivityIndicatorTripleRingsAnimation.m */,
				4DA5D2811C2F82780031FBE5 /* DGActivityIndicatorTwoDotsAnimation.h */,
				4DA5D2821C2F82780031FBE5 /* DGActivityIndicatorTwoDotsAnimation.m */,
			);
			name = Animations;
			sourceTree = "<group>";
		};
		4DA5D3041C2F873F0031FBE5 /* Loading Indicator */ = {
			isa = PBXGroup;
			children = (
				4DA5D3031C2F870E0031FBE5 /* Animations */,
				4DA5D23D1C2F825F0031FBE5 /* DGActivityIndicatorAnimationProtocol.h */,
				4DA5D23E1C2F825F0031FBE5 /* DGActivityIndicatorView.h */,
				4DA5D23F1C2F825F0031FBE5 /* DGActivityIndicatorView.m */,
			);
			name = "Loading Indicator";
			sourceTree = "<group>";
		};
		4DA5D3051C2F87970031FBE5 /* Color Extractor */ = {
			isa = PBXGroup;
			children = (
				4DA5D2351C2F82440031FBE5 /* CCColorCube.m */,
				4DA5D2361C2F82440031FBE5 /* CCColorCube.h */,
				4DA5D2371C2F82440031FBE5 /* CCLocalMaximum.h */,
				4DA5D2381C2F82440031FBE5 /* CCLocalMaximum.m */,
			);
			name = "Color Extractor";
			sourceTree = "<group>";
		};
		4DA5D3061C2F88470031FBE5 /* View Controllers */ = {
			isa = PBXGroup;
			children = (
				4DA5D1DF1C2F817B0031FBE5 /* FeedViewController.h */,
				4DA5D1E01C2F817B0031FBE5 /* FeedViewController.m */,
				4DA5D1E61C2F817B0031FBE5 /* MyMusicViewController.h */,
				4DA5D1E71C2F817B0031FBE5 /* MyMusicViewController.m */,
				4DA5D1E81C2F817B0031FBE5 /* MyMusicDetailViewController.h */,
				4DA5D1E21C2F817B0031FBE5 /* MyMusicDetailViewController.m */,
				4DA5D3121C2F88DA0031FBE5 /* Radio View Controllers */,
				4DA5D3101C2F88AA0031FBE5 /* Discover View Controllers */,
				4DA5D3111C2F88C70031FBE5 /* Settings View Controllers */,
				4DA5D1E31C2F817B0031FBE5 /* NowPlayingViewController.h */,
				4DA5D1E41C2F817B0031FBE5 /* NowPlayingViewController.m */,
			);
			name = "View Controllers";
			sourceTree = "<group>";
		};
		4DA5D3101C2F88AA0031FBE5 /* Discover View Controllers */ = {
			isa = PBXGroup;
			children = (
				4DA5D3081C2F88810031FBE5 /* DiscoverViewController.h */,
				4DA5D3071C2F88810031FBE5 /* DiscoverViewController.m */,
			);
			name = "Discover View Controllers";
			sourceTree = "<group>";
		};
		4DA5D3111C2F88C70031FBE5 /* Settings View Controllers */ = {
			isa = PBXGroup;
			children = (
				4DA5D20B1C2F81D30031FBE5 /* InfoTableViewController.m */,
				4DA5D20C1C2F81D30031FBE5 /* InfoTableViewController.h */,
				4DA5D20D1C2F81D30031FBE5 /* ConnectCollectionViewController.m */,
				4DA5D20E1C2F81D30031FBE5 /* ConnectCollectionViewController.h */,
				4DA5D20F1C2F81D30031FBE5 /* SettingsViewController.h */,
				4DA5D2101C2F81D30031FBE5 /* SettingsViewController.m */,
				4DA5D2111C2F81D30031FBE5 /* BugReportViewController.h */,
				4DA5D2121C2F81D30031FBE5 /* BugReportViewController.m */,
			);
			name = "Settings View Controllers";
			sourceTree = "<group>";
		};
		4DA5D3121C2F88DA0031FBE5 /* Radio View Controllers */ = {
			isa = PBXGroup;
			children = (
				4DA5D1F91C2F81A00031FBE5 /* RadioViewController.h */,
				4DA5D1F41C2F81A00031FBE5 /* RadioViewController.m */,
				4DA5D1F81C2F81A00031FBE5 /* ForYouViewController.h */,
				4DA5D1F71C2F81A00031FBE5 /* ForYouViewController.m */,
				4DA5D30B1C2F889C0031FBE5 /* ForYouViewController.xib */,
				4DA5D1FA1C2F81A00031FBE5 /* GenresCollectionViewController.h */,
				4DA5D1F61C2F81A00031FBE5 /* GenresCollectionViewController.m */,
				4DA5D30C1C2F889C0031FBE5 /* GenresCollectionViewController.xib */,
				4DA5D1FB1C2F81A00031FBE5 /* MoodsViewController.h */,
				4DA5D1FC1C2F81A00031FBE5 /* MoodsViewController.m */,
				4DA5D1F51C2F81A00031FBE5 /* StationsViewController.h */,
				4DA5D1F31C2F81A00031FBE5 /* StationsViewController.m */,
				4DA5D30A1C2F889C0031FBE5 /* StationsViewController.xib */,
			);
			name = "Radio View Controllers";
			sourceTree = "<group>";
		};
		4DA5D3131C2F89740031FBE5 /* Custom Activity Indicator */ = {
			isa = PBXGroup;
			children = (
				4DA5D2C71C2F82A20031FBE5 /* MBProgressHUD.m */,
				4DA5D2C81C2F82A20031FBE5 /* MBProgressHUD.h */,
			);
			name = "Custom Activity Indicator";
			sourceTree = "<group>";
		};
		4DA5D3141C2F897D0031FBE5 /* Custom Search Bar */ = {
			isa = PBXGroup;
			children = (
				4DA5D2C31C2F82910031FBE5 /* SearchBar.m */,
				4DA5D2C41C2F82910031FBE5 /* SearchBar.h */,
			);
			name = "Custom Search Bar";
			sourceTree = "<group>";
		};
		4DA5D3151C2F898F0031FBE5 /* Custom Page View */ = {
			isa = PBXGroup;
			children = (
				4DA5D2D31C2F82E80031FBE5 /* CAPSPageMenu.h */,
				4DA5D2D41C2F82E80031FBE5 /* CAPSPageMenu.m */,
			);
			name = "Custom Page View";
			sourceTree = "<group>";
		};
		4DA5D3161C2F89970031FBE5 /* Custom Alert Controller */ = {
			isa = PBXGroup;
			children = (
				4DA5D2CF1C2F82D80031FBE5 /* ConnectAlertController.m */,
				4DA5D2D01C2F82D80031FBE5 /* ConnectAlertController.h */,
			);
			name = "Custom Alert Controller";
			sourceTree = "<group>";
		};
		4DA5D3171C2F89A00031FBE5 /* Custom Collection View Cells */ = {
			isa = PBXGroup;
			children = (
				4DA5D2211C2F82190031FBE5 /* CollectionViewCell.m */,
				4DA5D2221C2F82190031FBE5 /* CollectionViewCell.h */,
				4DA5D31C1C2F8AA60031FBE5 /* CollectionView.xib */,
				4DA5D2231C2F82190031FBE5 /* ConnectCell.h */,
				4DA5D2241C2F82190031FBE5 /* ConnectCell.m */,
			);
			name = "Custom Collection View Cells";
			sourceTree = "<group>";
		};
		4DA5D3181C2F89AF0031FBE5 /* Custom Navigation Controller */ = {
			isa = PBXGroup;
			children = (
				4DA5D21D1C2F82060031FBE5 /* NavigationController.m */,
				4DA5D21E1C2F82060031FBE5 /* NavigationController.h */,
			);
			name = "Custom Navigation Controller";
			sourceTree = "<group>";
		};
		4DBDE00E1BADC2B900CD02CC = {
			isa = PBXGroup;
			children = (
				4DA5D3021C2F86EF0031FBE5 /* Vendor */,
				4DA5D3001C2F86E10031FBE5 /* Tomahawk API */,
				4DA5D2FE1C2F86CC0031FBE5 /* Startup */,
				4DA5D3011C2F86EB0031FBE5 /* UI */,
				4DA5D2FF1C2F86D40031FBE5 /* Supporting FIles */,
				4DA5D2FD1C2F86BA0031FBE5 /* Resources */,
				4DBDE0181BADC2BA00CD02CC /* Products */,
				4DA5D1D81C2F80F40031FBE5 /* Images.xcassets */,
			);
			sourceTree = "<group>";
		};
		4DBDE0181BADC2BA00CD02CC /* Products */ = {
			isa = PBXGroup;
			children = (
				4DBDE0171BADC2BA00CD02CC /* Tomahawk.app */,
				4DBDE0331BADC2BA00CD02CC /* TomahawkTests.xctest */,
				4DBDE03E1BADC2BA00CD02CC /* TomahawkUITests.xctest */,
			);
			name = Products;
			sourceTree = "<group>";
		};
/* End PBXGroup section */

/* Begin PBXNativeTarget section */
		4DBDE0161BADC2BA00CD02CC /* Tomahawk */ = {
			isa = PBXNativeTarget;
			buildConfigurationList = 4DBDE0471BADC2BA00CD02CC /* Build configuration list for PBXNativeTarget "Tomahawk" */;
			buildPhases = (
				4DBDE0131BADC2BA00CD02CC /* Sources */,
				4DBDE0141BADC2BA00CD02CC /* Frameworks */,
				4DBDE0151BADC2BA00CD02CC /* Resources */,
			);
			buildRules = (
			);
			dependencies = (
			);
			name = Tomahawk;
			productName = Tomahawk;
			productReference = 4DBDE0171BADC2BA00CD02CC /* Tomahawk.app */;
			productType = "com.apple.product-type.application";
		};
		4DBDE0321BADC2BA00CD02CC /* TomahawkTests */ = {
			isa = PBXNativeTarget;
			buildConfigurationList = 4DBDE04A1BADC2BA00CD02CC /* Build configuration list for PBXNativeTarget "TomahawkTests" */;
			buildPhases = (
				4DBDE02F1BADC2BA00CD02CC /* Sources */,
				4DBDE0301BADC2BA00CD02CC /* Frameworks */,
				4DBDE0311BADC2BA00CD02CC /* Resources */,
			);
			buildRules = (
			);
			dependencies = (
				4DBDE0351BADC2BA00CD02CC /* PBXTargetDependency */,
			);
			name = TomahawkTests;
			productName = TomahawkTests;
			productReference = 4DBDE0331BADC2BA00CD02CC /* TomahawkTests.xctest */;
			productType = "com.apple.product-type.bundle.unit-test";
		};
		4DBDE03D1BADC2BA00CD02CC /* TomahawkUITests */ = {
			isa = PBXNativeTarget;
			buildConfigurationList = 4DBDE04D1BADC2BA00CD02CC /* Build configuration list for PBXNativeTarget "TomahawkUITests" */;
			buildPhases = (
				4DBDE03A1BADC2BA00CD02CC /* Sources */,
				4DBDE03B1BADC2BA00CD02CC /* Frameworks */,
				4DBDE03C1BADC2BA00CD02CC /* Resources */,
			);
			buildRules = (
			);
			dependencies = (
				4DBDE0401BADC2BA00CD02CC /* PBXTargetDependency */,
			);
			name = TomahawkUITests;
			productName = TomahawkUITests;
			productReference = 4DBDE03E1BADC2BA00CD02CC /* TomahawkUITests.xctest */;
			productType = "com.apple.product-type.bundle.ui-testing";
		};
/* End PBXNativeTarget section */

/* Begin PBXProject section */
		4DBDE00F1BADC2B900CD02CC /* Project object */ = {
			isa = PBXProject;
			attributes = {
				LastSwiftUpdateCheck = 0720;
				LastUpgradeCheck = 0700;
				ORGANIZATIONNAME = "Mark Bourke";
				TargetAttributes = {
					4DBDE0161BADC2BA00CD02CC = {
						CreatedOnToolsVersion = 7.0;
						DevelopmentTeam = 9UC9V3Y3K3;
					};
					4DBDE0321BADC2BA00CD02CC = {
						CreatedOnToolsVersion = 7.0;
						DevelopmentTeam = 9UC9V3Y3K3;
						TestTargetID = 4DBDE0161BADC2BA00CD02CC;
					};
					4DBDE03D1BADC2BA00CD02CC = {
						CreatedOnToolsVersion = 7.0;
						DevelopmentTeam = 9UC9V3Y3K3;
						TestTargetID = 4DBDE0161BADC2BA00CD02CC;
					};
				};
			};
			buildConfigurationList = 4DBDE0121BADC2B900CD02CC /* Build configuration list for PBXProject "Tomahawk" */;
			compatibilityVersion = "Xcode 3.2";
			developmentRegion = English;
			hasScannedForEncodings = 0;
			knownRegions = (
				en,
				Base,
			);
			mainGroup = 4DBDE00E1BADC2B900CD02CC;
			productRefGroup = 4DBDE0181BADC2BA00CD02CC /* Products */;
			projectDirPath = "";
			projectRoot = "";
			targets = (
				4DBDE0161BADC2BA00CD02CC /* Tomahawk */,
				4DBDE0321BADC2BA00CD02CC /* TomahawkTests */,
				4DBDE03D1BADC2BA00CD02CC /* TomahawkUITests */,
			);
		};
/* End PBXProject section */

/* Begin PBXResourcesBuildPhase section */
		4DBDE0151BADC2BA00CD02CC /* Resources */ = {
			isa = PBXResourcesBuildPhase;
			buildActionMask = 2147483647;
			files = (
				4DA5D3191C2F8A8E0031FBE5 /* ForYouViewController.xib in Resources */,
				4DA5D31A1C2F8A8E0031FBE5 /* GenresCollectionViewController.xib in Resources */,
				4DA5D31B1C2F8A8E0031FBE5 /* StationsViewController.xib in Resources */,
				4DA5D2F41C2F83310031FBE5 /* Main.storyboard in Resources */,
				4DA5D2F21C2F831D0031FBE5 /* LaunchScreen.storyboard in Resources */,
				4DA5D2E41C2F830B0031FBE5 /* 13.png in Resources */,
				4DA5D31D1C2F8AA60031FBE5 /* CollectionView.xib in Resources */,
				4DA5D2E51C2F830B0031FBE5 /* 12.png in Resources */,
				4DA5D2E61C2F830B0031FBE5 /* headphone4.png in Resources */,
				4DA5D2E71C2F830B0031FBE5 /* blurExample8.png in Resources */,
				4DA5D2E81C2F830B0031FBE5 /* blurExample6.png in Resources */,
				4DA5D2E91C2F830B0031FBE5 /* blurExample7.png in Resources */,
				4DA5D2EA1C2F830B0031FBE5 /* blurExample5.png in Resources */,
				4DA5D2EB1C2F830B0031FBE5 /* blurExample3.png in Resources */,
				4DA5D2EC1C2F830B0031FBE5 /* blurExample4.png in Resources */,
				4DA5D2ED1C2F830B0031FBE5 /* blurExample2.png in Resources */,
				4DA5D2EE1C2F830B0031FBE5 /* blurImage.jpg in Resources */,
				4DA5D2EF1C2F830B0031FBE5 /* blurExample1.png in Resources */,
				4DA5D2F01C2F830B0031FBE5 /* blurExample.png in Resources */,
				4DA5D1D91C2F80F40031FBE5 /* Images.xcassets in Resources */,
			);
			runOnlyForDeploymentPostprocessing = 0;
		};
		4DBDE0311BADC2BA00CD02CC /* Resources */ = {
			isa = PBXResourcesBuildPhase;
			buildActionMask = 2147483647;
			files = (
			);
			runOnlyForDeploymentPostprocessing = 0;
		};
		4DBDE03C1BADC2BA00CD02CC /* Resources */ = {
			isa = PBXResourcesBuildPhase;
			buildActionMask = 2147483647;
			files = (
			);
			runOnlyForDeploymentPostprocessing = 0;
		};
/* End PBXResourcesBuildPhase section */

/* Begin PBXSourcesBuildPhase section */
		4DBDE0131BADC2BA00CD02CC /* Sources */ = {
			isa = PBXSourcesBuildPhase;
			buildActionMask = 2147483647;
			files = (
				4DA5D2D61C2F82E80031FBE5 /* CAPSPageMenu.m in Sources */,
				4DA5D2D11C2F82D80031FBE5 /* ConnectAlertController.m in Sources */,
				4DA5D2CD1C2F82B00031FBE5 /* TEngine.m in Sources */,
				4DA5D2C91C2F82A20031FBE5 /* MBProgressHUD.m in Sources */,
				4DA5D2C51C2F82910031FBE5 /* SearchBar.m in Sources */,
				4DA5D2841C2F82780031FBE5 /* DGActivityIndicatorBallBeatAnimation.m in Sources */,
				4DA5D2861C2F82780031FBE5 /* DGActivityIndicatorBallClipRotateAnimation.m in Sources */,
				4DA5D2881C2F82780031FBE5 /* DGActivityIndicatorBallClipRotateMultipleAnimation.m in Sources */,
				4DA5D28A1C2F82780031FBE5 /* DGActivityIndicatorBallClipRotatePulseAnimation.m in Sources */,
				4DA5D28C1C2F82780031FBE5 /* DGActivityIndicatorBallGridBeatAnimation.m in Sources */,
				4DA5D28E1C2F82780031FBE5 /* DGActivityIndicatorBallGridPulseAnimation.m in Sources */,
				4DA5D2901C2F82780031FBE5 /* DGActivityIndicatorBallPulseAnimation.m in Sources */,
				4DA5D2921C2F82780031FBE5 /* DGActivityIndicatorBallPulseSyncAnimation.m in Sources */,
				4DA5D2FB1C2F85750031FBE5 /* KMPlaceholderTextView.swift in Sources */,
				4DA5D2941C2F82780031FBE5 /* DGActivityIndicatorBallRotateAnimation.m in Sources */,
				4DA5D2961C2F82780031FBE5 /* DGActivityIndicatorBallScaleAnimation.m in Sources */,
				4DA5D2981C2F82780031FBE5 /* DGActivityIndicatorBallScaleMultipleAnimation.m in Sources */,
				4DA5D29A1C2F82780031FBE5 /* DGActivityIndicatorBallScaleRippleAnimation.m in Sources */,
				4DA5D29C1C2F82780031FBE5 /* DGActivityIndicatorBallScaleRippleMultipleAnimation.m in Sources */,
				4DA5D3091C2F88810031FBE5 /* DiscoverViewController.m in Sources */,
				4DA5D29E1C2F82790031FBE5 /* DGActivityIndicatorBallTrianglePathAnimation.m in Sources */,
				4DA5D2A01C2F82790031FBE5 /* DGActivityIndicatorBallZigZagAnimation.m in Sources */,
				4DA5D2A21C2F82790031FBE5 /* DGActivityIndicatorBallZigZagDeflectAnimation.m in Sources */,
				4DA5D2A41C2F82790031FBE5 /* DGActivityIndicatorCookieTerminatorAnimation.m in Sources */,
				4DA5D2A61C2F82790031FBE5 /* DGActivityIndicatorDoubleBounceAnimation.m in Sources */,
				4DA5D2A81C2F82790031FBE5 /* DGActivityIndicatorFiveDotsAnimation.m in Sources */,
				4DA5D2AA1C2F82790031FBE5 /* DGActivityIndicatorLineScaleAnimation.m in Sources */,
				4DA5D2AC1C2F82790031FBE5 /* DGActivityIndicatorLineScalePartyAnimation.m in Sources */,
				4DA5D2AE1C2F82790031FBE5 /* DGActivityIndicatorLineScalePulseOutAnimation.m in Sources */,
				4DA5D2B01C2F82790031FBE5 /* DGActivityIndicatorLineScalePulseOutRapidAnimation.m in Sources */,
				4DA5D2B21C2F82790031FBE5 /* DGActivityIndicatorNineDotsAnimation.m in Sources */,
				4DA5D2B41C2F82790031FBE5 /* DGActivityIndicatorRotatingSandglassAnimation.m in Sources */,
				4DA5D2B61C2F82790031FBE5 /* DGActivityIndicatorRotatingSquaresAnimation.m in Sources */,
				4DA5D2B81C2F82790031FBE5 /* DGActivityIndicatorRotatingTrigonAnimation.m in Sources */,
				4DA5D2BA1C2F82790031FBE5 /* DGActivityIndicatorThreeDotsAnimation.m in Sources */,
				4DA5D2BC1C2F82790031FBE5 /* DGActivityIndicatorTriangleSkewSpinAnimation.m in Sources */,
				4DA5D2BE1C2F82790031FBE5 /* DGActivityIndicatorTriplePulseAnimation.m in Sources */,
				4DA5D2C01C2F82790031FBE5 /* DGActivityIndicatorTripleRingsAnimation.m in Sources */,
				4DA5D2C21C2F82790031FBE5 /* DGActivityIndicatorTwoDotsAnimation.m in Sources */,
				4DA5D2421C2F825F0031FBE5 /* DGActivityIndicatorView.m in Sources */,
				4DA5D2391C2F82440031FBE5 /* CCColorCube.m in Sources */,
				4DA5D23C1C2F82440031FBE5 /* CCLocalMaximum.m in Sources */,
				4DA5D2301C2F82340031FBE5 /* MyAdditions.m in Sources */,
				4DA5D2251C2F82190031FBE5 /* CollectionViewCell.m in Sources */,
				4DA5D2281C2F82190031FBE5 /* ConnectCell.m in Sources */,
				4DA5D21F1C2F82060031FBE5 /* NavigationController.m in Sources */,
				4DA5D21C1C2F81F50031FBE5 /* main.m in Sources */,
				4DA5D2131C2F81D30031FBE5 /* InfoTableViewController.m in Sources */,
				4DA5D2151C2F81D30031FBE5 /* ConnectCollectionViewController.m in Sources */,
				4DA5D2181C2F81D30031FBE5 /* SettingsViewController.m in Sources */,
				4DA5D21A1C2F81D30031FBE5 /* BugReportViewController.m in Sources */,
				4DA5D2091C2F81B80031FBE5 /* AppDelegate.m in Sources */,
				4DA5D1FD1C2F81A00031FBE5 /* StationsViewController.m in Sources */,
				4DA5D1FE1C2F81A00031FBE5 /* RadioViewController.m in Sources */,
				4DA5D2001C2F81A00031FBE5 /* GenresCollectionViewController.m in Sources */,
				4DA5D2011C2F81A00031FBE5 /* ForYouViewController.m in Sources */,
				4DA5D2061C2F81A00031FBE5 /* MoodsViewController.m in Sources */,
				4DA5D1EA1C2F817B0031FBE5 /* FeedViewController.m in Sources */,
				4DA5D1EC1C2F817B0031FBE5 /* MyMusicDetailViewController.m in Sources */,
				4DA5D1EE1C2F817B0031FBE5 /* NowPlayingViewController.m in Sources */,
				4DA5D1F11C2F817B0031FBE5 /* MyMusicViewController.m in Sources */,
				4DA5D1DD1C2F815D0031FBE5 /* HMSegmentedControl.m in Sources */,
			);
			runOnlyForDeploymentPostprocessing = 0;
		};
		4DBDE02F1BADC2BA00CD02CC /* Sources */ = {
			isa = PBXSourcesBuildPhase;
			buildActionMask = 2147483647;
			files = (
			);
			runOnlyForDeploymentPostprocessing = 0;
		};
		4DBDE03A1BADC2BA00CD02CC /* Sources */ = {
			isa = PBXSourcesBuildPhase;
			buildActionMask = 2147483647;
			files = (
			);
			runOnlyForDeploymentPostprocessing = 0;
		};
/* End PBXSourcesBuildPhase section */

/* Begin PBXTargetDependency section */
		4DBDE0351BADC2BA00CD02CC /* PBXTargetDependency */ = {
			isa = PBXTargetDependency;
			target = 4DBDE0161BADC2BA00CD02CC /* Tomahawk */;
			targetProxy = 4DBDE0341BADC2BA00CD02CC /* PBXContainerItemProxy */;
		};
		4DBDE0401BADC2BA00CD02CC /* PBXTargetDependency */ = {
			isa = PBXTargetDependency;
			target = 4DBDE0161BADC2BA00CD02CC /* Tomahawk */;
			targetProxy = 4DBDE03F1BADC2BA00CD02CC /* PBXContainerItemProxy */;
		};
/* End PBXTargetDependency section */

/* Begin XCBuildConfiguration section */
		4DBDE0461BADC2BA00CD02CC /* Release */ = {
			isa = XCBuildConfiguration;
			buildSettings = {
				ALWAYS_SEARCH_USER_PATHS = NO;
				CLANG_CXX_LANGUAGE_STANDARD = "gnu++0x";
				CLANG_CXX_LIBRARY = "libc++";
				CLANG_ENABLE_MODULES = YES;
				CLANG_ENABLE_OBJC_ARC = YES;
				CLANG_WARN_BOOL_CONVERSION = YES;
				CLANG_WARN_CONSTANT_CONVERSION = YES;
				CLANG_WARN_DIRECT_OBJC_ISA_USAGE = YES_ERROR;
				CLANG_WARN_EMPTY_BODY = YES;
				CLANG_WARN_ENUM_CONVERSION = YES;
				CLANG_WARN_INT_CONVERSION = YES;
				CLANG_WARN_OBJC_ROOT_CLASS = YES_ERROR;
				CLANG_WARN_UNREACHABLE_CODE = YES;
				CLANG_WARN__DUPLICATE_METHOD_MATCH = YES;
				CODE_SIGN_IDENTITY = "iPhone Developer: mark.bourke@wriggle.ie (9DAK9VK687)";
				"CODE_SIGN_IDENTITY[sdk=iphoneos*]" = "iPhone Developer: mark.bourke@wriggle.ie (9DAK9VK687)";
				COPY_PHASE_STRIP = NO;
				DEBUG_INFORMATION_FORMAT = "dwarf-with-dsym";
				ENABLE_NS_ASSERTIONS = NO;
				ENABLE_STRICT_OBJC_MSGSEND = YES;
				GCC_C_LANGUAGE_STANDARD = gnu99;
				GCC_NO_COMMON_BLOCKS = YES;
				GCC_WARN_64_TO_32_BIT_CONVERSION = YES;
				GCC_WARN_ABOUT_RETURN_TYPE = YES_ERROR;
				GCC_WARN_UNDECLARED_SELECTOR = YES;
				GCC_WARN_UNINITIALIZED_AUTOS = YES_AGGRESSIVE;
				GCC_WARN_UNUSED_FUNCTION = YES;
				GCC_WARN_UNUSED_VARIABLE = YES;
				"INFOPLIST_FILE[sdk=*]" = "";
				IPHONEOS_DEPLOYMENT_TARGET = 9.0;
				MTL_ENABLE_DEBUG_INFO = NO;
				SDKROOT = iphoneos;
				VALIDATE_PRODUCT = YES;
			};
			name = Release;
		};
		4DBDE0491BADC2BA00CD02CC /* Release */ = {
			isa = XCBuildConfiguration;
			buildSettings = {
				ASSETCATALOG_COMPILER_APPICON_NAME = AppIcon;
				CLANG_ENABLE_MODULES = YES;
				CODE_SIGN_IDENTITY = "iPhone Developer";
				"CODE_SIGN_IDENTITY[sdk=iphoneos*]" = "iPhone Developer";
				INFOPLIST_FILE = "$(SRCROOT)/Tomahawk/Supporting Files/Info.plist";
				LD_RUNPATH_SEARCH_PATHS = "$(inherited) @executable_path/Frameworks";
				PRODUCT_BUNDLE_IDENTIFIER = com.mourke.Tomahawk;
				PRODUCT_NAME = "$(TARGET_NAME)";
				PROVISIONING_PROFILE = "";
				SWIFT_OBJC_BRIDGING_HEADER = "/Users/Mark/Documents/Tomahawk/Tomahawk/Resources/Tomahawk-Bridging-Header.h";
			};
			name = Release;
		};
		4DBDE04C1BADC2BA00CD02CC /* Release */ = {
			isa = XCBuildConfiguration;
			buildSettings = {
				BUNDLE_LOADER = "$(TEST_HOST)";
				INFOPLIST_FILE = TomahawkTests/Info.plist;
				LD_RUNPATH_SEARCH_PATHS = "$(inherited) @executable_path/Frameworks @loader_path/Frameworks";
				PRODUCT_BUNDLE_IDENTIFIER = com.mourke.TomahawkTests;
				PRODUCT_NAME = "$(TARGET_NAME)";
				TEST_HOST = "$(BUILT_PRODUCTS_DIR)/Tomahawk.app/Tomahawk";
			};
			name = Release;
		};
		4DBDE04F1BADC2BA00CD02CC /* Release */ = {
			isa = XCBuildConfiguration;
			buildSettings = {
				INFOPLIST_FILE = TomahawkUITests/Info.plist;
				LD_RUNPATH_SEARCH_PATHS = "$(inherited) @executable_path/Frameworks @loader_path/Frameworks";
				PRODUCT_BUNDLE_IDENTIFIER = com.mourke.TomahawkUITests;
				PRODUCT_NAME = "$(TARGET_NAME)";
				TEST_TARGET_NAME = Tomahawk;
				USES_XCTRUNNER = YES;
			};
			name = Release;
		};
/* End XCBuildConfiguration section */

/* Begin XCConfigurationList section */
		4DBDE0121BADC2B900CD02CC /* Build configuration list for PBXProject "Tomahawk" */ = {
			isa = XCConfigurationList;
			buildConfigurations = (
				4DBDE0461BADC2BA00CD02CC /* Release */,
			);
			defaultConfigurationIsVisible = 0;
			defaultConfigurationName = Release;
		};
		4DBDE0471BADC2BA00CD02CC /* Build configuration list for PBXNativeTarget "Tomahawk" */ = {
			isa = XCConfigurationList;
			buildConfigurations = (
				4DBDE0491BADC2BA00CD02CC /* Release */,
			);
			defaultConfigurationIsVisible = 0;
			defaultConfigurationName = Release;
		};
		4DBDE04A1BADC2BA00CD02CC /* Build configuration list for PBXNativeTarget "TomahawkTests" */ = {
			isa = XCConfigurationList;
			buildConfigurations = (
				4DBDE04C1BADC2BA00CD02CC /* Release */,
			);
			defaultConfigurationIsVisible = 0;
			defaultConfigurationName = Release;
		};
		4DBDE04D1BADC2BA00CD02CC /* Build configuration list for PBXNativeTarget "TomahawkUITests" */ = {
			isa = XCConfigurationList;
			buildConfigurations = (
				4DBDE04F1BADC2BA00CD02CC /* Release */,
			);
			defaultConfigurationIsVisible = 0;
			defaultConfigurationName = Release;
		};
/* End XCConfigurationList section */
	};
	rootObject = 4DBDE00F1BADC2B900CD02CC /* Project object */;
}
