// !$*UTF8*$!
{
	archiveVersion = 1;
	classes = {
	};
	objectVersion = 46;
	objects = {

/* Begin PBXBuildFile section */
		4D1E3DF71BD2BAE200717185 /* InsidePlaylistsViewController.m in Sources */ = {isa = PBXBuildFile; fileRef = 4D1E3DF61BD2BAE200717185 /* InsidePlaylistsViewController.m */; };
		4D1EBACD1BC8290000B15A89 /* Inside Settings.m in Sources */ = {isa = PBXBuildFile; fileRef = 4D1EBACC1BC8290000B15A89 /* Inside Settings.m */; };
		4D1EBAD01BC9358A00B15A89 /* Settings.m in Sources */ = {isa = PBXBuildFile; fileRef = 4D1EBACF1BC9358A00B15A89 /* Settings.m */; };
		4D2112BA1BD0EEF1001D415D /* DiscoverViewController.m in Sources */ = {isa = PBXBuildFile; fileRef = 4D2112B91BD0EEF1001D415D /* DiscoverViewController.m */; };
		4D32B8DF1BCA7A1D00C42A85 /* HMSegmentedControl.m in Sources */ = {isa = PBXBuildFile; fileRef = 4D32B8DE1BCA7A1D00C42A85 /* HMSegmentedControl.m */; };
		4D32B8E61BCA7CE700C42A85 /* RadioViewController.m in Sources */ = {isa = PBXBuildFile; fileRef = 4D32B8E51BCA7CE700C42A85 /* RadioViewController.m */; };
		4D32E1531BD1AFCE008F9373 /* MyMusicViewController.m in Sources */ = {isa = PBXBuildFile; fileRef = 4D32E1521BD1AFCE008F9373 /* MyMusicViewController.m */; };
		4D33B7BF1BDEEF950085D408 /* NowPlayingViewController.m in Sources */ = {isa = PBXBuildFile; fileRef = 4D33B7BE1BDEEF950085D408 /* NowPlayingViewController.m */; };
		4D6023E81BC6E8810053F998 /* SettingsViewController.m in Sources */ = {isa = PBXBuildFile; fileRef = 4D6023E71BC6E8810053F998 /* SettingsViewController.m */; };
		4D7B0CEE1BD49853008D2515 /* blurExample.png in Resources */ = {isa = PBXBuildFile; fileRef = 4D7B0CED1BD49853008D2515 /* blurExample.png */; };
		4D8133FA1BF50C7200FF1E95 /* 12.png in Resources */ = {isa = PBXBuildFile; fileRef = 4D8133F91BF50C7200FF1E95 /* 12.png */; };
		4D8FF9DF1BE7FD1C001490B6 /* CollectionViewCell.m in Sources */ = {isa = PBXBuildFile; fileRef = 4D8FF9DE1BE7FD1C001490B6 /* CollectionViewCell.m */; };
		4D8FF9E11BE80487001490B6 /* headphone4.png in Resources */ = {isa = PBXBuildFile; fileRef = 4D8FF9E01BE80487001490B6 /* headphone4.png */; };
		4DAE47B61BE2533D00D6816F /* MBProgressHUD.m in Sources */ = {isa = PBXBuildFile; fileRef = 4DAE47B41BE2533D00D6816F /* MBProgressHUD.m */; };
		4DAE47BB1BE2B93F00D6816F /* CCColorCube.m in Sources */ = {isa = PBXBuildFile; fileRef = 4DAE47B81BE2B93F00D6816F /* CCColorCube.m */; };
		4DAE47BC1BE2B93F00D6816F /* CCLocalMaximum.m in Sources */ = {isa = PBXBuildFile; fileRef = 4DAE47BA1BE2B93F00D6816F /* CCLocalMaximum.m */; };
		4DAE47BE1BE2D06300D6816F /* blurImage.jpg in Resources */ = {isa = PBXBuildFile; fileRef = 4DAE47BD1BE2D06300D6816F /* blurImage.jpg */; };
		4DAE47C01BE2D1F800D6816F /* blurExample2.png in Resources */ = {isa = PBXBuildFile; fileRef = 4DAE47BF1BE2D1F800D6816F /* blurExample2.png */; };
		4DAE47C21BE2D56D00D6816F /* blurExample4.png in Resources */ = {isa = PBXBuildFile; fileRef = 4DAE47C11BE2D56D00D6816F /* blurExample4.png */; };
		4DAE47C41BE2D57B00D6816F /* blurExample3.png in Resources */ = {isa = PBXBuildFile; fileRef = 4DAE47C31BE2D57B00D6816F /* blurExample3.png */; };
		4DAE47C61BE38A6600D6816F /* blurExample5.png in Resources */ = {isa = PBXBuildFile; fileRef = 4DAE47C51BE38A6600D6816F /* blurExample5.png */; };
		4DAE47C81BE3920400D6816F /* blurExample6.png in Resources */ = {isa = PBXBuildFile; fileRef = 4DAE47C71BE3920400D6816F /* blurExample6.png */; };
		4DAE47CA1BE3920A00D6816F /* blurExample7.png in Resources */ = {isa = PBXBuildFile; fileRef = 4DAE47C91BE3920A00D6816F /* blurExample7.png */; };
		4DB094911BE4F39300ACEC72 /* blurExample8.png in Resources */ = {isa = PBXBuildFile; fileRef = 4DB094901BE4F39300ACEC72 /* blurExample8.png */; };
		4DBDE01C1BADC2BA00CD02CC /* main.m in Sources */ = {isa = PBXBuildFile; fileRef = 4DBDE01B1BADC2BA00CD02CC /* main.m */; };
		4DBDE01F1BADC2BA00CD02CC /* AppDelegate.m in Sources */ = {isa = PBXBuildFile; fileRef = 4DBDE01E1BADC2BA00CD02CC /* AppDelegate.m */; };
		4DBDE0221BADC2BA00CD02CC /* FeedViewController.m in Sources */ = {isa = PBXBuildFile; fileRef = 4DBDE0211BADC2BA00CD02CC /* FeedViewController.m */; };
		4DBDE0281BADC2BA00CD02CC /* Main.storyboard in Resources */ = {isa = PBXBuildFile; fileRef = 4DBDE0261BADC2BA00CD02CC /* Main.storyboard */; };
		4DBDE02A1BADC2BA00CD02CC /* Assets.xcassets in Resources */ = {isa = PBXBuildFile; fileRef = 4DBDE0291BADC2BA00CD02CC /* Assets.xcassets */; };
		4DBDE02D1BADC2BA00CD02CC /* LaunchScreen.storyboard in Resources */ = {isa = PBXBuildFile; fileRef = 4DBDE02B1BADC2BA00CD02CC /* LaunchScreen.storyboard */; };
		4DBDE0381BADC2BA00CD02CC /* TomahawkTests.m in Sources */ = {isa = PBXBuildFile; fileRef = 4DBDE0371BADC2BA00CD02CC /* TomahawkTests.m */; };
		4DBDE0431BADC2BA00CD02CC /* TomahawkUITests.m in Sources */ = {isa = PBXBuildFile; fileRef = 4DBDE0421BADC2BA00CD02CC /* TomahawkUITests.m */; };
		4DE1050D1BE0041400C51EDD /* blurExample1.png in Resources */ = {isa = PBXBuildFile; fileRef = 4DE1050C1BE0041400C51EDD /* blurExample1.png */; };
		4DEF818B1BE8D59100911581 /* More Than-15.png in Resources */ = {isa = PBXBuildFile; fileRef = 4DEF818A1BE8D59100911581 /* More Than-15.png */; };
		4DEF818D1BE8D77F00911581 /* More Than-40.png in Resources */ = {isa = PBXBuildFile; fileRef = 4DEF818C1BE8D77F00911581 /* More Than-40.png */; };
		4DEF818F1BE8D7A300911581 /* More Than-25.png in Resources */ = {isa = PBXBuildFile; fileRef = 4DEF818E1BE8D7A300911581 /* More Than-25.png */; };
/* End PBXBuildFile section */

/* Begin PBXContainerItemProxy section */
		4DBDE0341BADC2BA00CD02CC /* PBXContainerItemProxy */ = {
			isa = PBXContainerItemProxy;
			containerPortal = 4DBDE00F1BADC2B900CD02CC /* Project object */;
			proxyType = 1;
			remoteGlobalIDString = 4DBDE0161BADC2BA00CD02CC;
			remoteInfo = Tomahawk;
		};
		4DBDE03F1BADC2BA00CD02CC /* PBXContainerItemProxy */ = {
			isa = PBXContainerItemProxy;
			containerPortal = 4DBDE00F1BADC2B900CD02CC /* Project object */;
			proxyType = 1;
			remoteGlobalIDString = 4DBDE0161BADC2BA00CD02CC;
			remoteInfo = Tomahawk;
		};
/* End PBXContainerItemProxy section */

/* Begin PBXFileReference section */
		4D1E3DF51BD2BAE200717185 /* InsidePlaylistsViewController.h */ = {isa = PBXFileReference; fileEncoding = 4; lastKnownFileType = sourcecode.c.h; name = InsidePlaylistsViewController.h; path = Tomahawk/InsidePlaylistsViewController.h; sourceTree = "<group>"; };
		4D1E3DF61BD2BAE200717185 /* InsidePlaylistsViewController.m */ = {isa = PBXFileReference; fileEncoding = 4; lastKnownFileType = sourcecode.c.objc; name = InsidePlaylistsViewController.m; path = Tomahawk/InsidePlaylistsViewController.m; sourceTree = "<group>"; };
		4D1EBACB1BC8290000B15A89 /* Inside Settings.h */ = {isa = PBXFileReference; fileEncoding = 4; lastKnownFileType = sourcecode.c.h; path = "Inside Settings.h"; sourceTree = "<group>"; };
		4D1EBACC1BC8290000B15A89 /* Inside Settings.m */ = {isa = PBXFileReference; fileEncoding = 4; lastKnownFileType = sourcecode.c.objc; path = "Inside Settings.m"; sourceTree = "<group>"; };
		4D1EBACE1BC9358A00B15A89 /* Settings.h */ = {isa = PBXFileReference; fileEncoding = 4; lastKnownFileType = sourcecode.c.h; path = Settings.h; sourceTree = "<group>"; };
		4D1EBACF1BC9358A00B15A89 /* Settings.m */ = {isa = PBXFileReference; fileEncoding = 4; lastKnownFileType = sourcecode.c.objc; path = Settings.m; sourceTree = "<group>"; };
		4D2112B81BD0EEF1001D415D /* DiscoverViewController.h */ = {isa = PBXFileReference; fileEncoding = 4; lastKnownFileType = sourcecode.c.h; path = DiscoverViewController.h; sourceTree = "<group>"; };
		4D2112B91BD0EEF1001D415D /* DiscoverViewController.m */ = {isa = PBXFileReference; fileEncoding = 4; lastKnownFileType = sourcecode.c.objc; path = DiscoverViewController.m; sourceTree = "<group>"; };
		4D32B8DD1BCA7A1D00C42A85 /* HMSegmentedControl.h */ = {isa = PBXFileReference; fileEncoding = 4; lastKnownFileType = sourcecode.c.h; name = HMSegmentedControl.h; path = Tomahawk/HMSegmentedControl.h; sourceTree = "<group>"; };
		4D32B8DE1BCA7A1D00C42A85 /* HMSegmentedControl.m */ = {isa = PBXFileReference; fileEncoding = 4; lastKnownFileType = sourcecode.c.objc; name = HMSegmentedControl.m; path = Tomahawk/HMSegmentedControl.m; sourceTree = "<group>"; };
		4D32B8E41BCA7CE700C42A85 /* RadioViewController.h */ = {isa = PBXFileReference; fileEncoding = 4; lastKnownFileType = sourcecode.c.h; path = RadioViewController.h; sourceTree = "<group>"; };
		4D32B8E51BCA7CE700C42A85 /* RadioViewController.m */ = {isa = PBXFileReference; fileEncoding = 4; lastKnownFileType = sourcecode.c.objc; path = RadioViewController.m; sourceTree = "<group>"; };
		4D32E1511BD1AFCE008F9373 /* MyMusicViewController.h */ = {isa = PBXFileReference; fileEncoding = 4; lastKnownFileType = sourcecode.c.h; name = MyMusicViewController.h; path = Tomahawk/MyMusicViewController.h; sourceTree = "<group>"; };
		4D32E1521BD1AFCE008F9373 /* MyMusicViewController.m */ = {isa = PBXFileReference; fileEncoding = 4; lastKnownFileType = sourcecode.c.objc; name = MyMusicViewController.m; path = Tomahawk/MyMusicViewController.m; sourceTree = "<group>"; };
		4D33B7BD1BDEEF950085D408 /* NowPlayingViewController.h */ = {isa = PBXFileReference; fileEncoding = 4; lastKnownFileType = sourcecode.c.h; path = NowPlayingViewController.h; sourceTree = "<group>"; };
		4D33B7BE1BDEEF950085D408 /* NowPlayingViewController.m */ = {isa = PBXFileReference; fileEncoding = 4; lastKnownFileType = sourcecode.c.objc; path = NowPlayingViewController.m; sourceTree = "<group>"; };
		4D6023E61BC6E8810053F998 /* SettingsViewController.h */ = {isa = PBXFileReference; fileEncoding = 4; lastKnownFileType = sourcecode.c.h; path = SettingsViewController.h; sourceTree = "<group>"; };
		4D6023E71BC6E8810053F998 /* SettingsViewController.m */ = {isa = PBXFileReference; fileEncoding = 4; lastKnownFileType = sourcecode.c.objc; path = SettingsViewController.m; sourceTree = "<group>"; };
		4D7B0CED1BD49853008D2515 /* blurExample.png */ = {isa = PBXFileReference; lastKnownFileType = image.png; path = blurExample.png; sourceTree = "<group>"; };
		4D8133F91BF50C7200FF1E95 /* 12.png */ = {isa = PBXFileReference; lastKnownFileType = image.png; path = 12.png; sourceTree = "<group>"; };
		4D8FF9DD1BE7FD1C001490B6 /* CollectionViewCell.h */ = {isa = PBXFileReference; fileEncoding = 4; lastKnownFileType = sourcecode.c.h; path = CollectionViewCell.h; sourceTree = "<group>"; };
		4D8FF9DE1BE7FD1C001490B6 /* CollectionViewCell.m */ = {isa = PBXFileReference; fileEncoding = 4; lastKnownFileType = sourcecode.c.objc; path = CollectionViewCell.m; sourceTree = "<group>"; };
		4D8FF9E01BE80487001490B6 /* headphone4.png */ = {isa = PBXFileReference; lastKnownFileType = image.png; path = headphone4.png; sourceTree = "<group>"; };
		4DAE47B41BE2533D00D6816F /* MBProgressHUD.m */ = {isa = PBXFileReference; fileEncoding = 4; lastKnownFileType = sourcecode.c.objc; name = MBProgressHUD.m; path = Tomahawk/MBProgressHUD.m; sourceTree = "<group>"; };
		4DAE47B51BE2533D00D6816F /* MBProgressHUD.h */ = {isa = PBXFileReference; fileEncoding = 4; lastKnownFileType = sourcecode.c.h; name = MBProgressHUD.h; path = Tomahawk/MBProgressHUD.h; sourceTree = "<group>"; };
		4DAE47B71BE2B93F00D6816F /* CCColorCube.h */ = {isa = PBXFileReference; fileEncoding = 4; lastKnownFileType = sourcecode.c.h; name = CCColorCube.h; path = Tomahawk/CCColorCube.h; sourceTree = "<group>"; };
		4DAE47B81BE2B93F00D6816F /* CCColorCube.m */ = {isa = PBXFileReference; fileEncoding = 4; lastKnownFileType = sourcecode.c.objc; name = CCColorCube.m; path = Tomahawk/CCColorCube.m; sourceTree = "<group>"; };
		4DAE47B91BE2B93F00D6816F /* CCLocalMaximum.h */ = {isa = PBXFileReference; fileEncoding = 4; lastKnownFileType = sourcecode.c.h; name = CCLocalMaximum.h; path = Tomahawk/CCLocalMaximum.h; sourceTree = "<group>"; };
		4DAE47BA1BE2B93F00D6816F /* CCLocalMaximum.m */ = {isa = PBXFileReference; fileEncoding = 4; lastKnownFileType = sourcecode.c.objc; name = CCLocalMaximum.m; path = Tomahawk/CCLocalMaximum.m; sourceTree = "<group>"; };
		4DAE47BD1BE2D06300D6816F /* blurImage.jpg */ = {isa = PBXFileReference; lastKnownFileType = image.jpeg; path = blurImage.jpg; sourceTree = "<group>"; };
		4DAE47BF1BE2D1F800D6816F /* blurExample2.png */ = {isa = PBXFileReference; lastKnownFileType = image.png; path = blurExample2.png; sourceTree = "<group>"; };
		4DAE47C11BE2D56D00D6816F /* blurExample4.png */ = {isa = PBXFileReference; lastKnownFileType = image.png; path = blurExample4.png; sourceTree = "<group>"; };
		4DAE47C31BE2D57B00D6816F /* blurExample3.png */ = {isa = PBXFileReference; lastKnownFileType = image.png; path = blurExample3.png; sourceTree = "<group>"; };
		4DAE47C51BE38A6600D6816F /* blurExample5.png */ = {isa = PBXFileReference; lastKnownFileType = image.png; path = blurExample5.png; sourceTree = "<group>"; };
		4DAE47C71BE3920400D6816F /* blurExample6.png */ = {isa = PBXFileReference; lastKnownFileType = image.png; path = blurExample6.png; sourceTree = "<group>"; };
		4DAE47C91BE3920A00D6816F /* blurExample7.png */ = {isa = PBXFileReference; lastKnownFileType = image.png; path = blurExample7.png; sourceTree = "<group>"; };
		4DB094901BE4F39300ACEC72 /* blurExample8.png */ = {isa = PBXFileReference; lastKnownFileType = image.png; path = blurExample8.png; sourceTree = "<group>"; };
		4DBDE0171BADC2BA00CD02CC /* Tomahawk.app */ = {isa = PBXFileReference; explicitFileType = wrapper.application; includeInIndex = 0; path = Tomahawk.app; sourceTree = BUILT_PRODUCTS_DIR; };
		4DBDE01B1BADC2BA00CD02CC /* main.m */ = {isa = PBXFileReference; lastKnownFileType = sourcecode.c.objc; path = main.m; sourceTree = "<group>"; };
		4DBDE01D1BADC2BA00CD02CC /* AppDelegate.h */ = {isa = PBXFileReference; lastKnownFileType = sourcecode.c.h; path = AppDelegate.h; sourceTree = "<group>"; };
		4DBDE01E1BADC2BA00CD02CC /* AppDelegate.m */ = {isa = PBXFileReference; lastKnownFileType = sourcecode.c.objc; path = AppDelegate.m; sourceTree = "<group>"; };
		4DBDE0201BADC2BA00CD02CC /* FeedViewController.h */ = {isa = PBXFileReference; lastKnownFileType = sourcecode.c.h; path = FeedViewController.h; sourceTree = "<group>"; };
		4DBDE0211BADC2BA00CD02CC /* FeedViewController.m */ = {isa = PBXFileReference; lastKnownFileType = sourcecode.c.objc; path = FeedViewController.m; sourceTree = "<group>"; };
		4DBDE0271BADC2BA00CD02CC /* Base */ = {isa = PBXFileReference; lastKnownFileType = file.storyboard; name = Base; path = Base.lproj/Main.storyboard; sourceTree = "<group>"; };
		4DBDE0291BADC2BA00CD02CC /* Assets.xcassets */ = {isa = PBXFileReference; lastKnownFileType = folder.assetcatalog; path = Assets.xcassets; sourceTree = "<group>"; };
		4DBDE02C1BADC2BA00CD02CC /* Base */ = {isa = PBXFileReference; lastKnownFileType = file.storyboard; name = Base; path = Base.lproj/LaunchScreen.storyboard; sourceTree = "<group>"; };
		4DBDE02E1BADC2BA00CD02CC /* Info.plist */ = {isa = PBXFileReference; lastKnownFileType = text.plist.xml; path = Info.plist; sourceTree = "<group>"; };
		4DBDE0331BADC2BA00CD02CC /* TomahawkTests.xctest */ = {isa = PBXFileReference; explicitFileType = wrapper.cfbundle; includeInIndex = 0; path = TomahawkTests.xctest; sourceTree = BUILT_PRODUCTS_DIR; };
		4DBDE0371BADC2BA00CD02CC /* TomahawkTests.m */ = {isa = PBXFileReference; lastKnownFileType = sourcecode.c.objc; path = TomahawkTests.m; sourceTree = "<group>"; };
		4DBDE0391BADC2BA00CD02CC /* Info.plist */ = {isa = PBXFileReference; lastKnownFileType = text.plist.xml; path = Info.plist; sourceTree = "<group>"; };
		4DBDE03E1BADC2BA00CD02CC /* TomahawkUITests.xctest */ = {isa = PBXFileReference; explicitFileType = wrapper.cfbundle; includeInIndex = 0; path = TomahawkUITests.xctest; sourceTree = BUILT_PRODUCTS_DIR; };
		4DBDE0421BADC2BA00CD02CC /* TomahawkUITests.m */ = {isa = PBXFileReference; lastKnownFileType = sourcecode.c.objc; path = TomahawkUITests.m; sourceTree = "<group>"; };
		4DBDE0441BADC2BA00CD02CC /* Info.plist */ = {isa = PBXFileReference; lastKnownFileType = text.plist.xml; path = Info.plist; sourceTree = "<group>"; };
		4DE1050C1BE0041400C51EDD /* blurExample1.png */ = {isa = PBXFileReference; lastKnownFileType = image.png; path = blurExample1.png; sourceTree = "<group>"; };
		4DEF818A1BE8D59100911581 /* More Than-15.png */ = {isa = PBXFileReference; lastKnownFileType = image.png; path = "More Than-15.png"; sourceTree = "<group>"; };
		4DEF818C1BE8D77F00911581 /* More Than-40.png */ = {isa = PBXFileReference; lastKnownFileType = image.png; path = "More Than-40.png"; sourceTree = "<group>"; };
		4DEF818E1BE8D7A300911581 /* More Than-25.png */ = {isa = PBXFileReference; lastKnownFileType = image.png; path = "More Than-25.png"; sourceTree = "<group>"; };
/* End PBXFileReference section */

/* Begin PBXFrameworksBuildPhase section */
		4DBDE0141BADC2BA00CD02CC /* Frameworks */ = {
			isa = PBXFrameworksBuildPhase;
			buildActionMask = 2147483647;
			files = (
			);
			runOnlyForDeploymentPostprocessing = 0;
		};
		4DBDE0301BADC2BA00CD02CC /* Frameworks */ = {
			isa = PBXFrameworksBuildPhase;
			buildActionMask = 2147483647;
			files = (
			);
			runOnlyForDeploymentPostprocessing = 0;
		};
		4DBDE03B1BADC2BA00CD02CC /* Frameworks */ = {
			isa = PBXFrameworksBuildPhase;
			buildActionMask = 2147483647;
			files = (
			);
			runOnlyForDeploymentPostprocessing = 0;
		};
/* End PBXFrameworksBuildPhase section */

/* Begin PBXGroup section */
		4D1E3DF81BD2C8B100717185 /* Music */ = {
			isa = PBXGroup;
			children = (
				4D32E1511BD1AFCE008F9373 /* MyMusicViewController.h */,
				4D32E1521BD1AFCE008F9373 /* MyMusicViewController.m */,
				4D1E3DF51BD2BAE200717185 /* InsidePlaylistsViewController.h */,
				4D1E3DF61BD2BAE200717185 /* InsidePlaylistsViewController.m */,
			);
			name = Music;
			sourceTree = "<group>";
		};
		4D32B8E01BCA7A2A00C42A85 /* Custom Segmented Control */ = {
			isa = PBXGroup;
			children = (
				4D32B8DD1BCA7A1D00C42A85 /* HMSegmentedControl.h */,
				4D32B8DE1BCA7A1D00C42A85 /* HMSegmentedControl.m */,
			);
			name = "Custom Segmented Control";
			sourceTree = "<group>";
		};
		4D33B7C31BDFD8230085D408 /* Custom Activity Indicator */ = {
			isa = PBXGroup;
			children = (
				4DAE47B41BE2533D00D6816F /* MBProgressHUD.m */,
				4DAE47B51BE2533D00D6816F /* MBProgressHUD.h */,
			);
			name = "Custom Activity Indicator";
			sourceTree = "<group>";
		};
		4DBDE00E1BADC2B900CD02CC = {
			isa = PBXGroup;
			children = (
				4DAE47B71BE2B93F00D6816F /* CCColorCube.h */,
				4DAE47B81BE2B93F00D6816F /* CCColorCube.m */,
				4DAE47B91BE2B93F00D6816F /* CCLocalMaximum.h */,
				4DAE47BA1BE2B93F00D6816F /* CCLocalMaximum.m */,
				4D33B7C31BDFD8230085D408 /* Custom Activity Indicator */,
				4D1E3DF81BD2C8B100717185 /* Music */,
				4D32B8E01BCA7A2A00C42A85 /* Custom Segmented Control */,
				4DBDE0191BADC2BA00CD02CC /* Tomahawk */,
				4DBDE0361BADC2BA00CD02CC /* TomahawkTests */,
				4DBDE0411BADC2BA00CD02CC /* TomahawkUITests */,
				4DBDE0181BADC2BA00CD02CC /* Products */,
			);
			sourceTree = "<group>";
		};
		4DBDE0181BADC2BA00CD02CC /* Products */ = {
			isa = PBXGroup;
			children = (
				4DBDE0171BADC2BA00CD02CC /* Tomahawk.app */,
				4DBDE0331BADC2BA00CD02CC /* TomahawkTests.xctest */,
				4DBDE03E1BADC2BA00CD02CC /* TomahawkUITests.xctest */,
			);
			name = Products;
			sourceTree = "<group>";
		};
		4DBDE0191BADC2BA00CD02CC /* Tomahawk */ = {
			isa = PBXGroup;
			children = (
				4DBDE01D1BADC2BA00CD02CC /* AppDelegate.h */,
				4DBDE01E1BADC2BA00CD02CC /* AppDelegate.m */,
				4DBDE0201BADC2BA00CD02CC /* FeedViewController.h */,
				4DBDE0211BADC2BA00CD02CC /* FeedViewController.m */,
				4D32B8E41BCA7CE700C42A85 /* RadioViewController.h */,
				4D32B8E51BCA7CE700C42A85 /* RadioViewController.m */,
				4D2112B81BD0EEF1001D415D /* DiscoverViewController.h */,
				4D2112B91BD0EEF1001D415D /* DiscoverViewController.m */,
				4D6023E61BC6E8810053F998 /* SettingsViewController.h */,
				4D6023E71BC6E8810053F998 /* SettingsViewController.m */,
				4D1EBACE1BC9358A00B15A89 /* Settings.h */,
				4D1EBACF1BC9358A00B15A89 /* Settings.m */,
				4D1EBACB1BC8290000B15A89 /* Inside Settings.h */,
				4D1EBACC1BC8290000B15A89 /* Inside Settings.m */,
				4DBDE0261BADC2BA00CD02CC /* Main.storyboard */,
				4D8FF9DD1BE7FD1C001490B6 /* CollectionViewCell.h */,
				4D8FF9DE1BE7FD1C001490B6 /* CollectionViewCell.m */,
				4D33B7BD1BDEEF950085D408 /* NowPlayingViewController.h */,
				4D33B7BE1BDEEF950085D408 /* NowPlayingViewController.m */,
				4DBDE0291BADC2BA00CD02CC /* Assets.xcassets */,
				4D8133F91BF50C7200FF1E95 /* 12.png */,
				4DBDE02B1BADC2BA00CD02CC /* LaunchScreen.storyboard */,
				4DBDE02E1BADC2BA00CD02CC /* Info.plist */,
				4DEF818E1BE8D7A300911581 /* More Than-25.png */,
				4DEF818C1BE8D77F00911581 /* More Than-40.png */,
				4DEF818A1BE8D59100911581 /* More Than-15.png */,
				4D8FF9E01BE80487001490B6 /* headphone4.png */,
				4DB094901BE4F39300ACEC72 /* blurExample8.png */,
				4DAE47C91BE3920A00D6816F /* blurExample7.png */,
				4DAE47C71BE3920400D6816F /* blurExample6.png */,
				4DAE47C51BE38A6600D6816F /* blurExample5.png */,
				4DAE47C31BE2D57B00D6816F /* blurExample3.png */,
				4DAE47C11BE2D56D00D6816F /* blurExample4.png */,
				4DAE47BF1BE2D1F800D6816F /* blurExample2.png */,
				4DE1050C1BE0041400C51EDD /* blurExample1.png */,
				4DBDE01A1BADC2BA00CD02CC /* Supporting Files */,
			);
			path = Tomahawk;
			sourceTree = "<group>";
		};
		4DBDE01A1BADC2BA00CD02CC /* Supporting Files */ = {
			isa = PBXGroup;
			children = (
				4DAE47BD1BE2D06300D6816F /* blurImage.jpg */,
				4D7B0CED1BD49853008D2515 /* blurExample.png */,
				4DBDE01B1BADC2BA00CD02CC /* main.m */,
			);
			name = "Supporting Files";
			sourceTree = "<group>";
		};
		4DBDE0361BADC2BA00CD02CC /* TomahawkTests */ = {
			isa = PBXGroup;
			children = (
				4DBDE0371BADC2BA00CD02CC /* TomahawkTests.m */,
				4DBDE0391BADC2BA00CD02CC /* Info.plist */,
			);
			path = TomahawkTests;
			sourceTree = "<group>";
		};
		4DBDE0411BADC2BA00CD02CC /* TomahawkUITests */ = {
			isa = PBXGroup;
			children = (
				4DBDE0421BADC2BA00CD02CC /* TomahawkUITests.m */,
				4DBDE0441BADC2BA00CD02CC /* Info.plist */,
			);
			path = TomahawkUITests;
			sourceTree = "<group>";
		};
/* End PBXGroup section */

/* Begin PBXNativeTarget section */
		4DBDE0161BADC2BA00CD02CC /* Tomahawk */ = {
			isa = PBXNativeTarget;
			buildConfigurationList = 4DBDE0471BADC2BA00CD02CC /* Build configuration list for PBXNativeTarget "Tomahawk" */;
			buildPhases = (
				4DBDE0131BADC2BA00CD02CC /* Sources */,
				4DBDE0141BADC2BA00CD02CC /* Frameworks */,
				4DBDE0151BADC2BA00CD02CC /* Resources */,
			);
			buildRules = (
			);
			dependencies = (
			);
			name = Tomahawk;
			productName = Tomahawk;
			productReference = 4DBDE0171BADC2BA00CD02CC /* Tomahawk.app */;
			productType = "com.apple.product-type.application";
		};
		4DBDE0321BADC2BA00CD02CC /* TomahawkTests */ = {
			isa = PBXNativeTarget;
			buildConfigurationList = 4DBDE04A1BADC2BA00CD02CC /* Build configuration list for PBXNativeTarget "TomahawkTests" */;
			buildPhases = (
				4DBDE02F1BADC2BA00CD02CC /* Sources */,
				4DBDE0301BADC2BA00CD02CC /* Frameworks */,
				4DBDE0311BADC2BA00CD02CC /* Resources */,
			);
			buildRules = (
			);
			dependencies = (
				4DBDE0351BADC2BA00CD02CC /* PBXTargetDependency */,
			);
			name = TomahawkTests;
			productName = TomahawkTests;
			productReference = 4DBDE0331BADC2BA00CD02CC /* TomahawkTests.xctest */;
			productType = "com.apple.product-type.bundle.unit-test";
		};
		4DBDE03D1BADC2BA00CD02CC /* TomahawkUITests */ = {
			isa = PBXNativeTarget;
			buildConfigurationList = 4DBDE04D1BADC2BA00CD02CC /* Build configuration list for PBXNativeTarget "TomahawkUITests" */;
			buildPhases = (
				4DBDE03A1BADC2BA00CD02CC /* Sources */,
				4DBDE03B1BADC2BA00CD02CC /* Frameworks */,
				4DBDE03C1BADC2BA00CD02CC /* Resources */,
			);
			buildRules = (
			);
			dependencies = (
				4DBDE0401BADC2BA00CD02CC /* PBXTargetDependency */,
			);
			name = TomahawkUITests;
			productName = TomahawkUITests;
			productReference = 4DBDE03E1BADC2BA00CD02CC /* TomahawkUITests.xctest */;
			productType = "com.apple.product-type.bundle.ui-testing";
		};
/* End PBXNativeTarget section */

/* Begin PBXProject section */
		4DBDE00F1BADC2B900CD02CC /* Project object */ = {
			isa = PBXProject;
			attributes = {
				LastUpgradeCheck = 0700;
				ORGANIZATIONNAME = "Mark Bourke";
				TargetAttributes = {
					4DBDE0161BADC2BA00CD02CC = {
						CreatedOnToolsVersion = 7.0;
						DevelopmentTeam = 9UC9V3Y3K3;
					};
					4DBDE0321BADC2BA00CD02CC = {
						CreatedOnToolsVersion = 7.0;
						DevelopmentTeam = 9UC9V3Y3K3;
						TestTargetID = 4DBDE0161BADC2BA00CD02CC;
					};
					4DBDE03D1BADC2BA00CD02CC = {
						CreatedOnToolsVersion = 7.0;
						DevelopmentTeam = 9UC9V3Y3K3;
						TestTargetID = 4DBDE0161BADC2BA00CD02CC;
					};
				};
			};
			buildConfigurationList = 4DBDE0121BADC2B900CD02CC /* Build configuration list for PBXProject "Tomahawk" */;
			compatibilityVersion = "Xcode 3.2";
			developmentRegion = English;
			hasScannedForEncodings = 0;
			knownRegions = (
				en,
				Base,
			);
			mainGroup = 4DBDE00E1BADC2B900CD02CC;
			productRefGroup = 4DBDE0181BADC2BA00CD02CC /* Products */;
			projectDirPath = "";
			projectRoot = "";
			targets = (
				4DBDE0161BADC2BA00CD02CC /* Tomahawk */,
				4DBDE0321BADC2BA00CD02CC /* TomahawkTests */,
				4DBDE03D1BADC2BA00CD02CC /* TomahawkUITests */,
			);
		};
/* End PBXProject section */

/* Begin PBXResourcesBuildPhase section */
		4DBDE0151BADC2BA00CD02CC /* Resources */ = {
			isa = PBXResourcesBuildPhase;
			buildActionMask = 2147483647;
			files = (
				4DBDE02D1BADC2BA00CD02CC /* LaunchScreen.storyboard in Resources */,
				4DAE47C81BE3920400D6816F /* blurExample6.png in Resources */,
				4DEF818D1BE8D77F00911581 /* More Than-40.png in Resources */,
				4DBDE02A1BADC2BA00CD02CC /* Assets.xcassets in Resources */,
				4DAE47C21BE2D56D00D6816F /* blurExample4.png in Resources */,
				4DAE47C01BE2D1F800D6816F /* blurExample2.png in Resources */,
				4DEF818F1BE8D7A300911581 /* More Than-25.png in Resources */,
				4DE1050D1BE0041400C51EDD /* blurExample1.png in Resources */,
				4D8133FA1BF50C7200FF1E95 /* 12.png in Resources */,
				4DAE47BE1BE2D06300D6816F /* blurImage.jpg in Resources */,
				4D8FF9E11BE80487001490B6 /* headphone4.png in Resources */,
				4DAE47CA1BE3920A00D6816F /* blurExample7.png in Resources */,
				4DAE47C41BE2D57B00D6816F /* blurExample3.png in Resources */,
				4DBDE0281BADC2BA00CD02CC /* Main.storyboard in Resources */,
				4DEF818B1BE8D59100911581 /* More Than-15.png in Resources */,
				4DB094911BE4F39300ACEC72 /* blurExample8.png in Resources */,
				4D7B0CEE1BD49853008D2515 /* blurExample.png in Resources */,
				4DAE47C61BE38A6600D6816F /* blurExample5.png in Resources */,
			);
			runOnlyForDeploymentPostprocessing = 0;
		};
		4DBDE0311BADC2BA00CD02CC /* Resources */ = {
			isa = PBXResourcesBuildPhase;
			buildActionMask = 2147483647;
			files = (
			);
			runOnlyForDeploymentPostprocessing = 0;
		};
		4DBDE03C1BADC2BA00CD02CC /* Resources */ = {
			isa = PBXResourcesBuildPhase;
			buildActionMask = 2147483647;
			files = (
			);
			runOnlyForDeploymentPostprocessing = 0;
		};
/* End PBXResourcesBuildPhase section */

/* Begin PBXSourcesBuildPhase section */
		4DBDE0131BADC2BA00CD02CC /* Sources */ = {
			isa = PBXSourcesBuildPhase;
			buildActionMask = 2147483647;
			files = (
				4DAE47BC1BE2B93F00D6816F /* CCLocalMaximum.m in Sources */,
				4D33B7BF1BDEEF950085D408 /* NowPlayingViewController.m in Sources */,
				4D2112BA1BD0EEF1001D415D /* DiscoverViewController.m in Sources */,
				4D1E3DF71BD2BAE200717185 /* InsidePlaylistsViewController.m in Sources */,
				4D32B8DF1BCA7A1D00C42A85 /* HMSegmentedControl.m in Sources */,
				4D32E1531BD1AFCE008F9373 /* MyMusicViewController.m in Sources */,
				4D8FF9DF1BE7FD1C001490B6 /* CollectionViewCell.m in Sources */,
				4DBDE01F1BADC2BA00CD02CC /* AppDelegate.m in Sources */,
				4DAE47BB1BE2B93F00D6816F /* CCColorCube.m in Sources */,
				4D6023E81BC6E8810053F998 /* SettingsViewController.m in Sources */,
				4D1EBACD1BC8290000B15A89 /* Inside Settings.m in Sources */,
				4DBDE0221BADC2BA00CD02CC /* FeedViewController.m in Sources */,
				4DAE47B61BE2533D00D6816F /* MBProgressHUD.m in Sources */,
				4D32B8E61BCA7CE700C42A85 /* RadioViewController.m in Sources */,
				4DBDE01C1BADC2BA00CD02CC /* main.m in Sources */,
				4D1EBAD01BC9358A00B15A89 /* Settings.m in Sources */,
			);
			runOnlyForDeploymentPostprocessing = 0;
		};
		4DBDE02F1BADC2BA00CD02CC /* Sources */ = {
			isa = PBXSourcesBuildPhase;
			buildActionMask = 2147483647;
			files = (
				4DBDE0381BADC2BA00CD02CC /* TomahawkTests.m in Sources */,
			);
			runOnlyForDeploymentPostprocessing = 0;
		};
		4DBDE03A1BADC2BA00CD02CC /* Sources */ = {
			isa = PBXSourcesBuildPhase;
			buildActionMask = 2147483647;
			files = (
				4DBDE0431BADC2BA00CD02CC /* TomahawkUITests.m in Sources */,
			);
			runOnlyForDeploymentPostprocessing = 0;
		};
/* End PBXSourcesBuildPhase section */

/* Begin PBXTargetDependency section */
		4DBDE0351BADC2BA00CD02CC /* PBXTargetDependency */ = {
			isa = PBXTargetDependency;
			target = 4DBDE0161BADC2BA00CD02CC /* Tomahawk */;
			targetProxy = 4DBDE0341BADC2BA00CD02CC /* PBXContainerItemProxy */;
		};
		4DBDE0401BADC2BA00CD02CC /* PBXTargetDependency */ = {
			isa = PBXTargetDependency;
			target = 4DBDE0161BADC2BA00CD02CC /* Tomahawk */;
			targetProxy = 4DBDE03F1BADC2BA00CD02CC /* PBXContainerItemProxy */;
		};
/* End PBXTargetDependency section */

/* Begin PBXVariantGroup section */
		4DBDE0261BADC2BA00CD02CC /* Main.storyboard */ = {
			isa = PBXVariantGroup;
			children = (
				4DBDE0271BADC2BA00CD02CC /* Base */,
			);
			name = Main.storyboard;
			sourceTree = "<group>";
		};
		4DBDE02B1BADC2BA00CD02CC /* LaunchScreen.storyboard */ = {
			isa = PBXVariantGroup;
			children = (
				4DBDE02C1BADC2BA00CD02CC /* Base */,
			);
			name = LaunchScreen.storyboard;
			sourceTree = "<group>";
		};
/* End PBXVariantGroup section */

/* Begin XCBuildConfiguration section */
		4DBDE0451BADC2BA00CD02CC /* Debug */ = {
			isa = XCBuildConfiguration;
			buildSettings = {
				ALWAYS_SEARCH_USER_PATHS = NO;
				CLANG_CXX_LANGUAGE_STANDARD = "gnu++0x";
				CLANG_CXX_LIBRARY = "libc++";
				CLANG_ENABLE_MODULES = YES;
				CLANG_ENABLE_OBJC_ARC = YES;
				CLANG_WARN_BOOL_CONVERSION = YES;
				CLANG_WARN_CONSTANT_CONVERSION = YES;
				CLANG_WARN_DIRECT_OBJC_ISA_USAGE = YES_ERROR;
				CLANG_WARN_EMPTY_BODY = YES;
				CLANG_WARN_ENUM_CONVERSION = YES;
				CLANG_WARN_INT_CONVERSION = YES;
				CLANG_WARN_OBJC_ROOT_CLASS = YES_ERROR;
				CLANG_WARN_UNREACHABLE_CODE = YES;
				CLANG_WARN__DUPLICATE_METHOD_MATCH = YES;
				CODE_SIGN_IDENTITY = "iPhone Developer: mark.bourke@wriggle.ie (9DAK9VK687)";
				"CODE_SIGN_IDENTITY[sdk=iphoneos*]" = "iPhone Developer: mark.bourke@wriggle.ie (9DAK9VK687)";
				COPY_PHASE_STRIP = NO;
				DEBUG_INFORMATION_FORMAT = dwarf;
				ENABLE_STRICT_OBJC_MSGSEND = YES;
				ENABLE_TESTABILITY = YES;
				GCC_C_LANGUAGE_STANDARD = gnu99;
				GCC_DYNAMIC_NO_PIC = NO;
				GCC_NO_COMMON_BLOCKS = YES;
				GCC_OPTIMIZATION_LEVEL = 0;
				GCC_PREPROCESSOR_DEFINITIONS = (
					"DEBUG=1",
					"$(inherited)",
				);
				GCC_WARN_64_TO_32_BIT_CONVERSION = YES;
				GCC_WARN_ABOUT_RETURN_TYPE = YES_ERROR;
				GCC_WARN_UNDECLARED_SELECTOR = YES;
				GCC_WARN_UNINITIALIZED_AUTOS = YES_AGGRESSIVE;
				GCC_WARN_UNUSED_FUNCTION = YES;
				GCC_WARN_UNUSED_VARIABLE = YES;
				IPHONEOS_DEPLOYMENT_TARGET = 9.0;
				MTL_ENABLE_DEBUG_INFO = YES;
				ONLY_ACTIVE_ARCH = YES;
				SDKROOT = iphoneos;
			};
			name = Debug;
		};
		4DBDE0461BADC2BA00CD02CC /* Release */ = {
			isa = XCBuildConfiguration;
			buildSettings = {
				ALWAYS_SEARCH_USER_PATHS = NO;
				CLANG_CXX_LANGUAGE_STANDARD = "gnu++0x";
				CLANG_CXX_LIBRARY = "libc++";
				CLANG_ENABLE_MODULES = YES;
				CLANG_ENABLE_OBJC_ARC = YES;
				CLANG_WARN_BOOL_CONVERSION = YES;
				CLANG_WARN_CONSTANT_CONVERSION = YES;
				CLANG_WARN_DIRECT_OBJC_ISA_USAGE = YES_ERROR;
				CLANG_WARN_EMPTY_BODY = YES;
				CLANG_WARN_ENUM_CONVERSION = YES;
				CLANG_WARN_INT_CONVERSION = YES;
				CLANG_WARN_OBJC_ROOT_CLASS = YES_ERROR;
				CLANG_WARN_UNREACHABLE_CODE = YES;
				CLANG_WARN__DUPLICATE_METHOD_MATCH = YES;
				CODE_SIGN_IDENTITY = "iPhone Developer: mark.bourke@wriggle.ie (9DAK9VK687)";
				"CODE_SIGN_IDENTITY[sdk=iphoneos*]" = "iPhone Developer: mark.bourke@wriggle.ie (9DAK9VK687)";
				COPY_PHASE_STRIP = NO;
				DEBUG_INFORMATION_FORMAT = "dwarf-with-dsym";
				ENABLE_NS_ASSERTIONS = NO;
				ENABLE_STRICT_OBJC_MSGSEND = YES;
				GCC_C_LANGUAGE_STANDARD = gnu99;
				GCC_NO_COMMON_BLOCKS = YES;
				GCC_WARN_64_TO_32_BIT_CONVERSION = YES;
				GCC_WARN_ABOUT_RETURN_TYPE = YES_ERROR;
				GCC_WARN_UNDECLARED_SELECTOR = YES;
				GCC_WARN_UNINITIALIZED_AUTOS = YES_AGGRESSIVE;
				GCC_WARN_UNUSED_FUNCTION = YES;
				GCC_WARN_UNUSED_VARIABLE = YES;
				IPHONEOS_DEPLOYMENT_TARGET = 9.0;
				MTL_ENABLE_DEBUG_INFO = NO;
				SDKROOT = iphoneos;
				VALIDATE_PRODUCT = YES;
			};
			name = Release;
		};
		4DBDE0481BADC2BA00CD02CC /* Debug */ = {
			isa = XCBuildConfiguration;
			buildSettings = {
				ASSETCATALOG_COMPILER_APPICON_NAME = AppIcon;
				CODE_SIGN_IDENTITY = "iPhone Developer";
				"CODE_SIGN_IDENTITY[sdk=iphoneos*]" = "iPhone Developer";
				INFOPLIST_FILE = Tomahawk/Info.plist;
				LD_RUNPATH_SEARCH_PATHS = "$(inherited) @executable_path/Frameworks";
				PRODUCT_BUNDLE_IDENTIFIER = com.mourke.Tomahawk;
				PRODUCT_NAME = "$(TARGET_NAME)";
				PROVISIONING_PROFILE = "";
			};
			name = Debug;
		};
		4DBDE0491BADC2BA00CD02CC /* Release */ = {
			isa = XCBuildConfiguration;
			buildSettings = {
				ASSETCATALOG_COMPILER_APPICON_NAME = AppIcon;
				CODE_SIGN_IDENTITY = "iPhone Developer";
				"CODE_SIGN_IDENTITY[sdk=iphoneos*]" = "iPhone Developer";
				INFOPLIST_FILE = Tomahawk/Info.plist;
				LD_RUNPATH_SEARCH_PATHS = "$(inherited) @executable_path/Frameworks";
				PRODUCT_BUNDLE_IDENTIFIER = com.mourke.Tomahawk;
				PRODUCT_NAME = "$(TARGET_NAME)";
				PROVISIONING_PROFILE = "";
			};
			name = Release;
		};
		4DBDE04B1BADC2BA00CD02CC /* Debug */ = {
			isa = XCBuildConfiguration;
			buildSettings = {
				BUNDLE_LOADER = "$(TEST_HOST)";
				INFOPLIST_FILE = TomahawkTests/Info.plist;
				LD_RUNPATH_SEARCH_PATHS = "$(inherited) @executable_path/Frameworks @loader_path/Frameworks";
				PRODUCT_BUNDLE_IDENTIFIER = com.mourke.TomahawkTests;
				PRODUCT_NAME = "$(TARGET_NAME)";
				TEST_HOST = "$(BUILT_PRODUCTS_DIR)/Tomahawk.app/Tomahawk";
			};
			name = Debug;
		};
		4DBDE04C1BADC2BA00CD02CC /* Release */ = {
			isa = XCBuildConfiguration;
			buildSettings = {
				BUNDLE_LOADER = "$(TEST_HOST)";
				INFOPLIST_FILE = TomahawkTests/Info.plist;
				LD_RUNPATH_SEARCH_PATHS = "$(inherited) @executable_path/Frameworks @loader_path/Frameworks";
				PRODUCT_BUNDLE_IDENTIFIER = com.mourke.TomahawkTests;
				PRODUCT_NAME = "$(TARGET_NAME)";
				TEST_HOST = "$(BUILT_PRODUCTS_DIR)/Tomahawk.app/Tomahawk";
			};
			name = Release;
		};
		4DBDE04E1BADC2BA00CD02CC /* Debug */ = {
			isa = XCBuildConfiguration;
			buildSettings = {
				INFOPLIST_FILE = TomahawkUITests/Info.plist;
				LD_RUNPATH_SEARCH_PATHS = "$(inherited) @executable_path/Frameworks @loader_path/Frameworks";
				PRODUCT_BUNDLE_IDENTIFIER = com.mourke.TomahawkUITests;
				PRODUCT_NAME = "$(TARGET_NAME)";
				TEST_TARGET_NAME = Tomahawk;
				USES_XCTRUNNER = YES;
			};
			name = Debug;
		};
		4DBDE04F1BADC2BA00CD02CC /* Release */ = {
			isa = XCBuildConfiguration;
			buildSettings = {
				INFOPLIST_FILE = TomahawkUITests/Info.plist;
				LD_RUNPATH_SEARCH_PATHS = "$(inherited) @executable_path/Frameworks @loader_path/Frameworks";
				PRODUCT_BUNDLE_IDENTIFIER = com.mourke.TomahawkUITests;
				PRODUCT_NAME = "$(TARGET_NAME)";
				TEST_TARGET_NAME = Tomahawk;
				USES_XCTRUNNER = YES;
			};
			name = Release;
		};
/* End XCBuildConfiguration section */

/* Begin XCConfigurationList section */
		4DBDE0121BADC2B900CD02CC /* Build configuration list for PBXProject "Tomahawk" */ = {
			isa = XCConfigurationList;
			buildConfigurations = (
				4DBDE0451BADC2BA00CD02CC /* Debug */,
				4DBDE0461BADC2BA00CD02CC /* Release */,
			);
			defaultConfigurationIsVisible = 0;
			defaultConfigurationName = Release;
		};
		4DBDE0471BADC2BA00CD02CC /* Build configuration list for PBXNativeTarget "Tomahawk" */ = {
			isa = XCConfigurationList;
			buildConfigurations = (
				4DBDE0481BADC2BA00CD02CC /* Debug */,
				4DBDE0491BADC2BA00CD02CC /* Release */,
			);
			defaultConfigurationIsVisible = 0;
			defaultConfigurationName = Release;
		};
		4DBDE04A1BADC2BA00CD02CC /* Build configuration list for PBXNativeTarget "TomahawkTests" */ = {
			isa = XCConfigurationList;
			buildConfigurations = (
				4DBDE04B1BADC2BA00CD02CC /* Debug */,
				4DBDE04C1BADC2BA00CD02CC /* Release */,
			);
			defaultConfigurationIsVisible = 0;
			defaultConfigurationName = Release;
		};
		4DBDE04D1BADC2BA00CD02CC /* Build configuration list for PBXNativeTarget "TomahawkUITests" */ = {
			isa = XCConfigurationList;
			buildConfigurations = (
				4DBDE04E1BADC2BA00CD02CC /* Debug */,
				4DBDE04F1BADC2BA00CD02CC /* Release */,
			);
			defaultConfigurationIsVisible = 0;
			defaultConfigurationName = Release;
		};
/* End XCConfigurationList section */
	};
	rootObject = 4DBDE00F1BADC2B900CD02CC /* Project object */;
}
